
Microsoft Visual Studio Solution File, Format Version 12.00
# Visual Studio 15
VisualStudioVersion = 15.0.28010.2019
MinimumVisualStudioVersion = 10.0.40219.1
Project("{9092AA53-FB77-4645-B42D-1CCCA6BD08BD}") = "treeTest", "treeTest.njsproj", "{1B3989A2-4334-4B78-A666-4D65F1F64141}"
EndProject
Global
	GlobalSection(SolutionConfigurationPlatforms) = preSolution
		Debug|Any CPU = Debug|Any CPU
		Release|Any CPU = Release|Any CPU
	EndGlobalSection
	GlobalSection(ProjectConfigurationPlatforms) = postSolution
		{1B3989A2-4334-4B78-A666-4D65F1F64141}.Debug|Any CPU.ActiveCfg = Debug|Any CPU
		{1B3989A2-4334-4B78-A666-4D65F1F64141}.Debug|Any CPU.Build.0 = Debug|Any CPU
		{1B3989A2-4334-4B78-A666-4D65F1F64141}.Release|Any CPU.ActiveCfg = Release|Any CPU
		{1B3989A2-4334-4B78-A666-4D65F1F64141}.Release|Any CPU.Build.0 = Release|Any CPU
	EndGlobalSection
	GlobalSection(SolutionProperties) = preSolution
		HideSolutionNode = FALSE
	EndGlobalSection
	GlobalSection(ExtensibilityGlobals) = postSolution
		SolutionGuid = {78D8450B-34CA-4E02-BF96-556A21EAB5F6}
	EndGlobalSection
EndGlobal
