
Microsoft Visual Studio Solution File, Format Version 12.00
# Visual Studio Version 17
VisualStudioVersion = 17.8.34408.163
MinimumVisualStudioVersion = 10.0.40219.1
Project("{778DAE3C-4631-46EA-AA77-85C1314464D9}") = "DataMining", "src\DataScience\DataMining\DataMining.vbproj", "{5A2FEF71-A869-4A4D-BADF-488B734BC0B5}"
EndProject
Project("{2150E333-8FDC-42A3-9474-1A3956D46DE8}") = "framework", "framework", "{0D476952-DD07-47C0-BFCC-87D3730E5541}"
EndProject
Project("{778DAE3C-4631-46EA-AA77-85C1314464D9}") = "Core", "..\sciBASIC#\Microsoft.VisualBasic.Core\src\Core.vbproj", "{F21F3DEC-FC21-4C5E-BC89-7AD066DBE1D9}"
EndProject
Project("{778DAE3C-4631-46EA-AA77-85C1314464D9}") = "Math.NET5", "..\sciBASIC#\Data_science\Mathematica\Math\Math\Math.NET5.vbproj", "{4965E233-29D8-415B-B9F5-77B5846FD99A}"
EndProject
Project("{778DAE3C-4631-46EA-AA77-85C1314464D9}") = "DataMining.NET5", "..\sciBASIC#\Data_science\DataMining\DataMining\DataMining.NET5.vbproj", "{2AA10A4F-D8F6-4310-85E9-711148DC7264}"
EndProject
Project("{2150E333-8FDC-42A3-9474-1A3956D46DE8}") = "computing", "computing", "{B2528E70-F856-47CB-AD38-DC49DE2A504F}"
EndProject
Project("{778DAE3C-4631-46EA-AA77-85C1314464D9}") = "parallel-netcore5", "src\computing\Parallel\parallel-netcore5.vbproj", "{C86F033D-C1B5-486F-8571-6241134E4B38}"
EndProject
Project("{778DAE3C-4631-46EA-AA77-85C1314464D9}") = "batch", "src\computing\batch\batch.vbproj", "{D8CAFA0D-A01B-4EDF-8F8C-B732D4C97B0E}"
EndProject
Project("{2150E333-8FDC-42A3-9474-1A3956D46DE8}") = "data", "data", "{56290C43-4CEE-463A-96E8-DD326E090F98}"
EndProject
Project("{778DAE3C-4631-46EA-AA77-85C1314464D9}") = "binarydata-netcore5", "..\sciBASIC#\Data\BinaryData\BinaryData\binarydata-netcore5.vbproj", "{BB401F2E-31A9-4988-B4D6-7466C1A090F0}"
EndProject
Project("{778DAE3C-4631-46EA-AA77-85C1314464D9}") = "msgpack-netcore5", "..\sciBASIC#\Data\BinaryData\msgpack\msgpack-netcore5.vbproj", "{195C442E-E063-41F1-A6BA-7D3EC9EE1164}"
EndProject
Project("{778DAE3C-4631-46EA-AA77-85C1314464D9}") = "JSON-netcore5", "..\sciBASIC#\mime\application%json\JSON-netcore5.vbproj", "{9EA0FBB5-C3ED-4C41-9ABE-0585F67B14D3}"
EndProject
Project("{2150E333-8FDC-42A3-9474-1A3956D46DE8}") = "data_science", "data_science", "{32C64855-D9D5-42EC-9638-EF08CF94FFCA}"
EndProject
Project("{778DAE3C-4631-46EA-AA77-85C1314464D9}") = "network-netcore5", "..\sciBASIC#\www\Microsoft.VisualBasic.NETProtocol\network-netcore5.vbproj", "{0A87DA34-AF4B-4EC3-BB6D-DA36B01B02AF}"
EndProject
Project("{778DAE3C-4631-46EA-AA77-85C1314464D9}") = "Darwinism", "src\Darwinism\Darwinism.vbproj", "{FC9C708D-7212-4723-BF48-460157E5E7EA}"
EndProject
Project("{2150E333-8FDC-42A3-9474-1A3956D46DE8}") = "renv", "renv", "{18E8B119-A38E-4597-95F7-C0DAD9A29DFD}"
EndProject
Project("{778DAE3C-4631-46EA-AA77-85C1314464D9}") = "Rsharp-netcore5", "..\..\R-sharp\R#\Rsharp-netcore5.vbproj", "{AAE3BFD2-0276-4140-8765-1D167C0D057B}"
EndProject
Project("{778DAE3C-4631-46EA-AA77-85C1314464D9}") = "R-cmd.NET5", "..\..\R-sharp\studio\R-terminal\R-cmd.NET5.vbproj", "{BA1F56CA-8F53-4717-81B1-FE1980B11E0A}"
EndProject
Project("{2150E333-8FDC-42A3-9474-1A3956D46DE8}") = "libraries", "libraries", "{3610AC87-EB26-4D33-96C7-38BDA6E6170E}"
EndProject
Project("{D954291E-2A0B-460D-934E-DC6B0785DB48}") = "dataframeHelper", "..\..\R-sharp\Library\shares\dataframeHelper\dataframeHelper.shproj", "{843B6786-8992-48BF-99BE-6579B9645961}"
EndProject
Project("{778DAE3C-4631-46EA-AA77-85C1314464D9}") = "dataframework-netcore5", "..\sciBASIC#\Data\DataFrame\dataframework-netcore5.vbproj", "{D3122300-826E-4507-A33D-D3DE3A0D920A}"
EndProject
Project("{778DAE3C-4631-46EA-AA77-85C1314464D9}") = "Centos.NET5", "src\CloudKit\Centos\Centos.NET5.vbproj", "{2CC35727-34FE-45AA-975A-7B210F30AE67}"
EndProject
Global
	GlobalSection(SolutionConfigurationPlatforms) = preSolution
		CFD_win32|Any CPU = CFD_win32|Any CPU
		CFD_win32|x64 = CFD_win32|x64
		CFD_win32|x86 = CFD_win32|x86
		Debug|Any CPU = Debug|Any CPU
		Debug|x64 = Debug|x64
		Debug|x86 = Debug|x86
		Docker|Any CPU = Docker|Any CPU
		Docker|x64 = Docker|x64
		Docker|x86 = Docker|x86
		gcmodeller_desktop|Any CPU = gcmodeller_desktop|Any CPU
		gcmodeller_desktop|x64 = gcmodeller_desktop|x64
		gcmodeller_desktop|x86 = gcmodeller_desktop|x86
		LipidSearch|Any CPU = LipidSearch|Any CPU
		LipidSearch|x64 = LipidSearch|x64
		LipidSearch|x86 = LipidSearch|x86
		mzkit_win32|Any CPU = mzkit_win32|Any CPU
		mzkit_win32|x64 = mzkit_win32|x64
		mzkit_win32|x86 = mzkit_win32|x86
		mzkit|Any CPU = mzkit|Any CPU
		mzkit|x64 = mzkit|x64
		mzkit|x86 = mzkit|x86
		NPSearch|Any CPU = NPSearch|Any CPU
		NPSearch|x64 = NPSearch|x64
		NPSearch|x86 = NPSearch|x86
		nuget_release|Any CPU = nuget_release|Any CPU
		nuget_release|x64 = nuget_release|x64
		nuget_release|x86 = nuget_release|x86
		PlantMAT|Any CPU = PlantMAT|Any CPU
		PlantMAT|x64 = PlantMAT|x64
		PlantMAT|x86 = PlantMAT|x86
		Release|Any CPU = Release|Any CPU
		Release|x64 = Release|x64
		Release|x86 = Release|x86
		Rsharp_app_release|Any CPU = Rsharp_app_release|Any CPU
		Rsharp_app_release|x64 = Rsharp_app_release|x64
		Rsharp_app_release|x86 = Rsharp_app_release|x86
	EndGlobalSection
	GlobalSection(ProjectConfigurationPlatforms) = postSolution
		{5A2FEF71-A869-4A4D-BADF-488B734BC0B5}.CFD_win32|Any CPU.ActiveCfg = Debug|Any CPU
		{5A2FEF71-A869-4A4D-BADF-488B734BC0B5}.CFD_win32|Any CPU.Build.0 = Debug|Any CPU
		{5A2FEF71-A869-4A4D-BADF-488B734BC0B5}.CFD_win32|x64.ActiveCfg = Debug|Any CPU
		{5A2FEF71-A869-4A4D-BADF-488B734BC0B5}.CFD_win32|x64.Build.0 = Debug|Any CPU
		{5A2FEF71-A869-4A4D-BADF-488B734BC0B5}.CFD_win32|x86.ActiveCfg = Debug|Any CPU
		{5A2FEF71-A869-4A4D-BADF-488B734BC0B5}.CFD_win32|x86.Build.0 = Debug|Any CPU
		{5A2FEF71-A869-4A4D-BADF-488B734BC0B5}.Debug|Any CPU.ActiveCfg = Debug|Any CPU
		{5A2FEF71-A869-4A4D-BADF-488B734BC0B5}.Debug|Any CPU.Build.0 = Debug|Any CPU
		{5A2FEF71-A869-4A4D-BADF-488B734BC0B5}.Debug|x64.ActiveCfg = Debug|x64
		{5A2FEF71-A869-4A4D-BADF-488B734BC0B5}.Debug|x64.Build.0 = Debug|x64
		{5A2FEF71-A869-4A4D-BADF-488B734BC0B5}.Debug|x86.ActiveCfg = Debug|Any CPU
		{5A2FEF71-A869-4A4D-BADF-488B734BC0B5}.Debug|x86.Build.0 = Debug|Any CPU
		{5A2FEF71-A869-4A4D-BADF-488B734BC0B5}.Docker|Any CPU.ActiveCfg = Debug|Any CPU
		{5A2FEF71-A869-4A4D-BADF-488B734BC0B5}.Docker|Any CPU.Build.0 = Debug|Any CPU
		{5A2FEF71-A869-4A4D-BADF-488B734BC0B5}.Docker|x64.ActiveCfg = Debug|Any CPU
		{5A2FEF71-A869-4A4D-BADF-488B734BC0B5}.Docker|x64.Build.0 = Debug|Any CPU
		{5A2FEF71-A869-4A4D-BADF-488B734BC0B5}.Docker|x86.ActiveCfg = Debug|Any CPU
		{5A2FEF71-A869-4A4D-BADF-488B734BC0B5}.Docker|x86.Build.0 = Debug|Any CPU
		{5A2FEF71-A869-4A4D-BADF-488B734BC0B5}.gcmodeller_desktop|Any CPU.ActiveCfg = Debug|Any CPU
		{5A2FEF71-A869-4A4D-BADF-488B734BC0B5}.gcmodeller_desktop|Any CPU.Build.0 = Debug|Any CPU
		{5A2FEF71-A869-4A4D-BADF-488B734BC0B5}.gcmodeller_desktop|x64.ActiveCfg = Debug|Any CPU
		{5A2FEF71-A869-4A4D-BADF-488B734BC0B5}.gcmodeller_desktop|x64.Build.0 = Debug|Any CPU
		{5A2FEF71-A869-4A4D-BADF-488B734BC0B5}.gcmodeller_desktop|x86.ActiveCfg = Debug|Any CPU
		{5A2FEF71-A869-4A4D-BADF-488B734BC0B5}.gcmodeller_desktop|x86.Build.0 = Debug|Any CPU
		{5A2FEF71-A869-4A4D-BADF-488B734BC0B5}.LipidSearch|Any CPU.ActiveCfg = Debug|Any CPU
		{5A2FEF71-A869-4A4D-BADF-488B734BC0B5}.LipidSearch|Any CPU.Build.0 = Debug|Any CPU
		{5A2FEF71-A869-4A4D-BADF-488B734BC0B5}.LipidSearch|x64.ActiveCfg = Debug|Any CPU
		{5A2FEF71-A869-4A4D-BADF-488B734BC0B5}.LipidSearch|x64.Build.0 = Debug|Any CPU
		{5A2FEF71-A869-4A4D-BADF-488B734BC0B5}.LipidSearch|x86.ActiveCfg = Debug|Any CPU
		{5A2FEF71-A869-4A4D-BADF-488B734BC0B5}.LipidSearch|x86.Build.0 = Debug|Any CPU
		{5A2FEF71-A869-4A4D-BADF-488B734BC0B5}.mzkit_win32|Any CPU.ActiveCfg = Debug|Any CPU
		{5A2FEF71-A869-4A4D-BADF-488B734BC0B5}.mzkit_win32|Any CPU.Build.0 = Debug|Any CPU
		{5A2FEF71-A869-4A4D-BADF-488B734BC0B5}.mzkit_win32|x64.ActiveCfg = Debug|Any CPU
		{5A2FEF71-A869-4A4D-BADF-488B734BC0B5}.mzkit_win32|x64.Build.0 = Debug|Any CPU
		{5A2FEF71-A869-4A4D-BADF-488B734BC0B5}.mzkit_win32|x86.ActiveCfg = Debug|Any CPU
		{5A2FEF71-A869-4A4D-BADF-488B734BC0B5}.mzkit_win32|x86.Build.0 = Debug|Any CPU
		{5A2FEF71-A869-4A4D-BADF-488B734BC0B5}.mzkit|Any CPU.ActiveCfg = Debug|Any CPU
		{5A2FEF71-A869-4A4D-BADF-488B734BC0B5}.mzkit|Any CPU.Build.0 = Debug|Any CPU
		{5A2FEF71-A869-4A4D-BADF-488B734BC0B5}.mzkit|x64.ActiveCfg = Debug|Any CPU
		{5A2FEF71-A869-4A4D-BADF-488B734BC0B5}.mzkit|x64.Build.0 = Debug|Any CPU
		{5A2FEF71-A869-4A4D-BADF-488B734BC0B5}.mzkit|x86.ActiveCfg = Debug|Any CPU
		{5A2FEF71-A869-4A4D-BADF-488B734BC0B5}.mzkit|x86.Build.0 = Debug|Any CPU
		{5A2FEF71-A869-4A4D-BADF-488B734BC0B5}.NPSearch|Any CPU.ActiveCfg = Debug|Any CPU
		{5A2FEF71-A869-4A4D-BADF-488B734BC0B5}.NPSearch|Any CPU.Build.0 = Debug|Any CPU
		{5A2FEF71-A869-4A4D-BADF-488B734BC0B5}.NPSearch|x64.ActiveCfg = Debug|Any CPU
		{5A2FEF71-A869-4A4D-BADF-488B734BC0B5}.NPSearch|x64.Build.0 = Debug|Any CPU
		{5A2FEF71-A869-4A4D-BADF-488B734BC0B5}.NPSearch|x86.ActiveCfg = Debug|Any CPU
		{5A2FEF71-A869-4A4D-BADF-488B734BC0B5}.NPSearch|x86.Build.0 = Debug|Any CPU
		{5A2FEF71-A869-4A4D-BADF-488B734BC0B5}.nuget_release|Any CPU.ActiveCfg = Debug|Any CPU
		{5A2FEF71-A869-4A4D-BADF-488B734BC0B5}.nuget_release|Any CPU.Build.0 = Debug|Any CPU
		{5A2FEF71-A869-4A4D-BADF-488B734BC0B5}.nuget_release|x64.ActiveCfg = Debug|Any CPU
		{5A2FEF71-A869-4A4D-BADF-488B734BC0B5}.nuget_release|x64.Build.0 = Debug|Any CPU
		{5A2FEF71-A869-4A4D-BADF-488B734BC0B5}.nuget_release|x86.ActiveCfg = Debug|Any CPU
		{5A2FEF71-A869-4A4D-BADF-488B734BC0B5}.nuget_release|x86.Build.0 = Debug|Any CPU
		{5A2FEF71-A869-4A4D-BADF-488B734BC0B5}.PlantMAT|Any CPU.ActiveCfg = Debug|Any CPU
		{5A2FEF71-A869-4A4D-BADF-488B734BC0B5}.PlantMAT|Any CPU.Build.0 = Debug|Any CPU
		{5A2FEF71-A869-4A4D-BADF-488B734BC0B5}.PlantMAT|x64.ActiveCfg = Debug|Any CPU
		{5A2FEF71-A869-4A4D-BADF-488B734BC0B5}.PlantMAT|x64.Build.0 = Debug|Any CPU
		{5A2FEF71-A869-4A4D-BADF-488B734BC0B5}.PlantMAT|x86.ActiveCfg = Debug|Any CPU
		{5A2FEF71-A869-4A4D-BADF-488B734BC0B5}.PlantMAT|x86.Build.0 = Debug|Any CPU
		{5A2FEF71-A869-4A4D-BADF-488B734BC0B5}.Release|Any CPU.ActiveCfg = Release|Any CPU
		{5A2FEF71-A869-4A4D-BADF-488B734BC0B5}.Release|Any CPU.Build.0 = Release|Any CPU
		{5A2FEF71-A869-4A4D-BADF-488B734BC0B5}.Release|x64.ActiveCfg = Release|Any CPU
		{5A2FEF71-A869-4A4D-BADF-488B734BC0B5}.Release|x64.Build.0 = Release|Any CPU
		{5A2FEF71-A869-4A4D-BADF-488B734BC0B5}.Release|x86.ActiveCfg = Release|Any CPU
		{5A2FEF71-A869-4A4D-BADF-488B734BC0B5}.Release|x86.Build.0 = Release|Any CPU
		{5A2FEF71-A869-4A4D-BADF-488B734BC0B5}.Rsharp_app_release|Any CPU.ActiveCfg = Release|Any CPU
		{5A2FEF71-A869-4A4D-BADF-488B734BC0B5}.Rsharp_app_release|Any CPU.Build.0 = Release|Any CPU
		{5A2FEF71-A869-4A4D-BADF-488B734BC0B5}.Rsharp_app_release|x64.ActiveCfg = Rsharp_app_release|x64
		{5A2FEF71-A869-4A4D-BADF-488B734BC0B5}.Rsharp_app_release|x64.Build.0 = Rsharp_app_release|x64
		{5A2FEF71-A869-4A4D-BADF-488B734BC0B5}.Rsharp_app_release|x86.ActiveCfg = Release|Any CPU
		{5A2FEF71-A869-4A4D-BADF-488B734BC0B5}.Rsharp_app_release|x86.Build.0 = Release|Any CPU
		{F21F3DEC-FC21-4C5E-BC89-7AD066DBE1D9}.CFD_win32|Any CPU.ActiveCfg = CFD_win32|Any CPU
		{F21F3DEC-FC21-4C5E-BC89-7AD066DBE1D9}.CFD_win32|Any CPU.Build.0 = CFD_win32|Any CPU
		{F21F3DEC-FC21-4C5E-BC89-7AD066DBE1D9}.CFD_win32|x64.ActiveCfg = CFD_win32|x64
		{F21F3DEC-FC21-4C5E-BC89-7AD066DBE1D9}.CFD_win32|x64.Build.0 = CFD_win32|x64
		{F21F3DEC-FC21-4C5E-BC89-7AD066DBE1D9}.CFD_win32|x86.ActiveCfg = CFD_win32|x86
		{F21F3DEC-FC21-4C5E-BC89-7AD066DBE1D9}.CFD_win32|x86.Build.0 = CFD_win32|x86
		{F21F3DEC-FC21-4C5E-BC89-7AD066DBE1D9}.Debug|Any CPU.ActiveCfg = Debug|Any CPU
		{F21F3DEC-FC21-4C5E-BC89-7AD066DBE1D9}.Debug|Any CPU.Build.0 = Debug|Any CPU
		{F21F3DEC-FC21-4C5E-BC89-7AD066DBE1D9}.Debug|x64.ActiveCfg = Debug|x64
		{F21F3DEC-FC21-4C5E-BC89-7AD066DBE1D9}.Debug|x64.Build.0 = Debug|x64
		{F21F3DEC-FC21-4C5E-BC89-7AD066DBE1D9}.Debug|x86.ActiveCfg = Debug|x86
		{F21F3DEC-FC21-4C5E-BC89-7AD066DBE1D9}.Debug|x86.Build.0 = Debug|x86
		{F21F3DEC-FC21-4C5E-BC89-7AD066DBE1D9}.Docker|Any CPU.ActiveCfg = Docker|Any CPU
		{F21F3DEC-FC21-4C5E-BC89-7AD066DBE1D9}.Docker|Any CPU.Build.0 = Docker|Any CPU
		{F21F3DEC-FC21-4C5E-BC89-7AD066DBE1D9}.Docker|x64.ActiveCfg = Docker|x64
		{F21F3DEC-FC21-4C5E-BC89-7AD066DBE1D9}.Docker|x64.Build.0 = Docker|x64
		{F21F3DEC-FC21-4C5E-BC89-7AD066DBE1D9}.Docker|x86.ActiveCfg = Docker|x86
		{F21F3DEC-FC21-4C5E-BC89-7AD066DBE1D9}.Docker|x86.Build.0 = Docker|x86
		{F21F3DEC-FC21-4C5E-BC89-7AD066DBE1D9}.gcmodeller_desktop|Any CPU.ActiveCfg = gcmodeller_desktop|Any CPU
		{F21F3DEC-FC21-4C5E-BC89-7AD066DBE1D9}.gcmodeller_desktop|Any CPU.Build.0 = gcmodeller_desktop|Any CPU
		{F21F3DEC-FC21-4C5E-BC89-7AD066DBE1D9}.gcmodeller_desktop|x64.ActiveCfg = gcmodeller_desktop|x64
		{F21F3DEC-FC21-4C5E-BC89-7AD066DBE1D9}.gcmodeller_desktop|x64.Build.0 = gcmodeller_desktop|x64
		{F21F3DEC-FC21-4C5E-BC89-7AD066DBE1D9}.gcmodeller_desktop|x86.ActiveCfg = gcmodeller_desktop|x86
		{F21F3DEC-FC21-4C5E-BC89-7AD066DBE1D9}.gcmodeller_desktop|x86.Build.0 = gcmodeller_desktop|x86
		{F21F3DEC-FC21-4C5E-BC89-7AD066DBE1D9}.LipidSearch|Any CPU.ActiveCfg = LipidSearch|Any CPU
		{F21F3DEC-FC21-4C5E-BC89-7AD066DBE1D9}.LipidSearch|Any CPU.Build.0 = LipidSearch|Any CPU
		{F21F3DEC-FC21-4C5E-BC89-7AD066DBE1D9}.LipidSearch|x64.ActiveCfg = LipidSearch|x64
		{F21F3DEC-FC21-4C5E-BC89-7AD066DBE1D9}.LipidSearch|x64.Build.0 = LipidSearch|x64
		{F21F3DEC-FC21-4C5E-BC89-7AD066DBE1D9}.LipidSearch|x86.ActiveCfg = LipidSearch|x86
		{F21F3DEC-FC21-4C5E-BC89-7AD066DBE1D9}.LipidSearch|x86.Build.0 = LipidSearch|x86
		{F21F3DEC-FC21-4C5E-BC89-7AD066DBE1D9}.mzkit_win32|Any CPU.ActiveCfg = mzkit_win32|Any CPU
		{F21F3DEC-FC21-4C5E-BC89-7AD066DBE1D9}.mzkit_win32|Any CPU.Build.0 = mzkit_win32|Any CPU
		{F21F3DEC-FC21-4C5E-BC89-7AD066DBE1D9}.mzkit_win32|x64.ActiveCfg = mzkit_win32|x64
		{F21F3DEC-FC21-4C5E-BC89-7AD066DBE1D9}.mzkit_win32|x64.Build.0 = mzkit_win32|x64
		{F21F3DEC-FC21-4C5E-BC89-7AD066DBE1D9}.mzkit_win32|x86.ActiveCfg = mzkit_win32|x86
		{F21F3DEC-FC21-4C5E-BC89-7AD066DBE1D9}.mzkit_win32|x86.Build.0 = mzkit_win32|x86
		{F21F3DEC-FC21-4C5E-BC89-7AD066DBE1D9}.mzkit|Any CPU.ActiveCfg = mzkit|Any CPU
		{F21F3DEC-FC21-4C5E-BC89-7AD066DBE1D9}.mzkit|Any CPU.Build.0 = mzkit|Any CPU
		{F21F3DEC-FC21-4C5E-BC89-7AD066DBE1D9}.mzkit|x64.ActiveCfg = mzkit|x64
		{F21F3DEC-FC21-4C5E-BC89-7AD066DBE1D9}.mzkit|x64.Build.0 = mzkit|x64
		{F21F3DEC-FC21-4C5E-BC89-7AD066DBE1D9}.mzkit|x86.ActiveCfg = mzkit|x86
		{F21F3DEC-FC21-4C5E-BC89-7AD066DBE1D9}.mzkit|x86.Build.0 = mzkit|x86
		{F21F3DEC-FC21-4C5E-BC89-7AD066DBE1D9}.NPSearch|Any CPU.ActiveCfg = NPSearch|Any CPU
		{F21F3DEC-FC21-4C5E-BC89-7AD066DBE1D9}.NPSearch|Any CPU.Build.0 = NPSearch|Any CPU
		{F21F3DEC-FC21-4C5E-BC89-7AD066DBE1D9}.NPSearch|x64.ActiveCfg = NPSearch|x64
		{F21F3DEC-FC21-4C5E-BC89-7AD066DBE1D9}.NPSearch|x64.Build.0 = NPSearch|x64
		{F21F3DEC-FC21-4C5E-BC89-7AD066DBE1D9}.NPSearch|x86.ActiveCfg = NPSearch|x86
		{F21F3DEC-FC21-4C5E-BC89-7AD066DBE1D9}.NPSearch|x86.Build.0 = NPSearch|x86
		{F21F3DEC-FC21-4C5E-BC89-7AD066DBE1D9}.nuget_release|Any CPU.ActiveCfg = nuget_release|Any CPU
		{F21F3DEC-FC21-4C5E-BC89-7AD066DBE1D9}.nuget_release|Any CPU.Build.0 = nuget_release|Any CPU
		{F21F3DEC-FC21-4C5E-BC89-7AD066DBE1D9}.nuget_release|x64.ActiveCfg = nuget_release|x64
		{F21F3DEC-FC21-4C5E-BC89-7AD066DBE1D9}.nuget_release|x64.Build.0 = nuget_release|x64
		{F21F3DEC-FC21-4C5E-BC89-7AD066DBE1D9}.nuget_release|x86.ActiveCfg = nuget_release|x86
		{F21F3DEC-FC21-4C5E-BC89-7AD066DBE1D9}.nuget_release|x86.Build.0 = nuget_release|x86
		{F21F3DEC-FC21-4C5E-BC89-7AD066DBE1D9}.PlantMAT|Any CPU.ActiveCfg = PlantMAT|Any CPU
		{F21F3DEC-FC21-4C5E-BC89-7AD066DBE1D9}.PlantMAT|Any CPU.Build.0 = PlantMAT|Any CPU
		{F21F3DEC-FC21-4C5E-BC89-7AD066DBE1D9}.PlantMAT|x64.ActiveCfg = PlantMAT|x64
		{F21F3DEC-FC21-4C5E-BC89-7AD066DBE1D9}.PlantMAT|x64.Build.0 = PlantMAT|x64
		{F21F3DEC-FC21-4C5E-BC89-7AD066DBE1D9}.PlantMAT|x86.ActiveCfg = PlantMAT|x86
		{F21F3DEC-FC21-4C5E-BC89-7AD066DBE1D9}.PlantMAT|x86.Build.0 = PlantMAT|x86
		{F21F3DEC-FC21-4C5E-BC89-7AD066DBE1D9}.Release|Any CPU.ActiveCfg = Release|Any CPU
		{F21F3DEC-FC21-4C5E-BC89-7AD066DBE1D9}.Release|Any CPU.Build.0 = Release|Any CPU
		{F21F3DEC-FC21-4C5E-BC89-7AD066DBE1D9}.Release|x64.ActiveCfg = Release|x64
		{F21F3DEC-FC21-4C5E-BC89-7AD066DBE1D9}.Release|x64.Build.0 = Release|x64
		{F21F3DEC-FC21-4C5E-BC89-7AD066DBE1D9}.Release|x86.ActiveCfg = Release|x86
		{F21F3DEC-FC21-4C5E-BC89-7AD066DBE1D9}.Release|x86.Build.0 = Release|x86
		{F21F3DEC-FC21-4C5E-BC89-7AD066DBE1D9}.Rsharp_app_release|Any CPU.ActiveCfg = Rsharp_app_release|Any CPU
		{F21F3DEC-FC21-4C5E-BC89-7AD066DBE1D9}.Rsharp_app_release|Any CPU.Build.0 = Rsharp_app_release|Any CPU
		{F21F3DEC-FC21-4C5E-BC89-7AD066DBE1D9}.Rsharp_app_release|x64.ActiveCfg = Rsharp_app_release|x64
		{F21F3DEC-FC21-4C5E-BC89-7AD066DBE1D9}.Rsharp_app_release|x64.Build.0 = Rsharp_app_release|x64
		{F21F3DEC-FC21-4C5E-BC89-7AD066DBE1D9}.Rsharp_app_release|x86.ActiveCfg = Rsharp_app_release|x86
		{F21F3DEC-FC21-4C5E-BC89-7AD066DBE1D9}.Rsharp_app_release|x86.Build.0 = Rsharp_app_release|x86
		{4965E233-29D8-415B-B9F5-77B5846FD99A}.CFD_win32|Any CPU.ActiveCfg = CFD_win32|Any CPU
		{4965E233-29D8-415B-B9F5-77B5846FD99A}.CFD_win32|Any CPU.Build.0 = CFD_win32|Any CPU
		{4965E233-29D8-415B-B9F5-77B5846FD99A}.CFD_win32|x64.ActiveCfg = CFD_win32|x64
		{4965E233-29D8-415B-B9F5-77B5846FD99A}.CFD_win32|x64.Build.0 = CFD_win32|x64
		{4965E233-29D8-415B-B9F5-77B5846FD99A}.CFD_win32|x86.ActiveCfg = CFD_win32|Any CPU
		{4965E233-29D8-415B-B9F5-77B5846FD99A}.CFD_win32|x86.Build.0 = CFD_win32|Any CPU
		{4965E233-29D8-415B-B9F5-77B5846FD99A}.Debug|Any CPU.ActiveCfg = Debug|Any CPU
		{4965E233-29D8-415B-B9F5-77B5846FD99A}.Debug|Any CPU.Build.0 = Debug|Any CPU
		{4965E233-29D8-415B-B9F5-77B5846FD99A}.Debug|x64.ActiveCfg = Debug|x64
		{4965E233-29D8-415B-B9F5-77B5846FD99A}.Debug|x64.Build.0 = Debug|x64
		{4965E233-29D8-415B-B9F5-77B5846FD99A}.Debug|x86.ActiveCfg = Debug|Any CPU
		{4965E233-29D8-415B-B9F5-77B5846FD99A}.Debug|x86.Build.0 = Debug|Any CPU
		{4965E233-29D8-415B-B9F5-77B5846FD99A}.Docker|Any CPU.ActiveCfg = Debug|Any CPU
		{4965E233-29D8-415B-B9F5-77B5846FD99A}.Docker|Any CPU.Build.0 = Debug|Any CPU
		{4965E233-29D8-415B-B9F5-77B5846FD99A}.Docker|x64.ActiveCfg = Debug|x64
		{4965E233-29D8-415B-B9F5-77B5846FD99A}.Docker|x64.Build.0 = Debug|x64
		{4965E233-29D8-415B-B9F5-77B5846FD99A}.Docker|x86.ActiveCfg = Debug|Any CPU
		{4965E233-29D8-415B-B9F5-77B5846FD99A}.Docker|x86.Build.0 = Debug|Any CPU
		{4965E233-29D8-415B-B9F5-77B5846FD99A}.gcmodeller_desktop|Any CPU.ActiveCfg = gcmodeller_desktop|Any CPU
		{4965E233-29D8-415B-B9F5-77B5846FD99A}.gcmodeller_desktop|Any CPU.Build.0 = gcmodeller_desktop|Any CPU
		{4965E233-29D8-415B-B9F5-77B5846FD99A}.gcmodeller_desktop|x64.ActiveCfg = gcmodeller_desktop|x64
		{4965E233-29D8-415B-B9F5-77B5846FD99A}.gcmodeller_desktop|x64.Build.0 = gcmodeller_desktop|x64
		{4965E233-29D8-415B-B9F5-77B5846FD99A}.gcmodeller_desktop|x86.ActiveCfg = gcmodeller_desktop|Any CPU
		{4965E233-29D8-415B-B9F5-77B5846FD99A}.gcmodeller_desktop|x86.Build.0 = gcmodeller_desktop|Any CPU
		{4965E233-29D8-415B-B9F5-77B5846FD99A}.LipidSearch|Any CPU.ActiveCfg = LipidSearch|Any CPU
		{4965E233-29D8-415B-B9F5-77B5846FD99A}.LipidSearch|Any CPU.Build.0 = LipidSearch|Any CPU
		{4965E233-29D8-415B-B9F5-77B5846FD99A}.LipidSearch|x64.ActiveCfg = LipidSearch|x64
		{4965E233-29D8-415B-B9F5-77B5846FD99A}.LipidSearch|x64.Build.0 = LipidSearch|x64
		{4965E233-29D8-415B-B9F5-77B5846FD99A}.LipidSearch|x86.ActiveCfg = LipidSearch|Any CPU
		{4965E233-29D8-415B-B9F5-77B5846FD99A}.LipidSearch|x86.Build.0 = LipidSearch|Any CPU
		{4965E233-29D8-415B-B9F5-77B5846FD99A}.mzkit_win32|Any CPU.ActiveCfg = mzkit_win32|Any CPU
		{4965E233-29D8-415B-B9F5-77B5846FD99A}.mzkit_win32|Any CPU.Build.0 = mzkit_win32|Any CPU
		{4965E233-29D8-415B-B9F5-77B5846FD99A}.mzkit_win32|x64.ActiveCfg = mzkit_win32|x64
		{4965E233-29D8-415B-B9F5-77B5846FD99A}.mzkit_win32|x64.Build.0 = mzkit_win32|x64
		{4965E233-29D8-415B-B9F5-77B5846FD99A}.mzkit_win32|x86.ActiveCfg = mzkit_win32|Any CPU
		{4965E233-29D8-415B-B9F5-77B5846FD99A}.mzkit_win32|x86.Build.0 = mzkit_win32|Any CPU
		{4965E233-29D8-415B-B9F5-77B5846FD99A}.mzkit|Any CPU.ActiveCfg = mzkit|Any CPU
		{4965E233-29D8-415B-B9F5-77B5846FD99A}.mzkit|Any CPU.Build.0 = mzkit|Any CPU
		{4965E233-29D8-415B-B9F5-77B5846FD99A}.mzkit|x64.ActiveCfg = mzkit|x64
		{4965E233-29D8-415B-B9F5-77B5846FD99A}.mzkit|x64.Build.0 = mzkit|x64
		{4965E233-29D8-415B-B9F5-77B5846FD99A}.mzkit|x86.ActiveCfg = mzkit|Any CPU
		{4965E233-29D8-415B-B9F5-77B5846FD99A}.mzkit|x86.Build.0 = mzkit|Any CPU
		{4965E233-29D8-415B-B9F5-77B5846FD99A}.NPSearch|Any CPU.ActiveCfg = NPSearch|Any CPU
		{4965E233-29D8-415B-B9F5-77B5846FD99A}.NPSearch|Any CPU.Build.0 = NPSearch|Any CPU
		{4965E233-29D8-415B-B9F5-77B5846FD99A}.NPSearch|x64.ActiveCfg = NPSearch|x64
		{4965E233-29D8-415B-B9F5-77B5846FD99A}.NPSearch|x64.Build.0 = NPSearch|x64
		{4965E233-29D8-415B-B9F5-77B5846FD99A}.NPSearch|x86.ActiveCfg = NPSearch|Any CPU
		{4965E233-29D8-415B-B9F5-77B5846FD99A}.NPSearch|x86.Build.0 = NPSearch|Any CPU
		{4965E233-29D8-415B-B9F5-77B5846FD99A}.nuget_release|Any CPU.ActiveCfg = nuget_release|Any CPU
		{4965E233-29D8-415B-B9F5-77B5846FD99A}.nuget_release|Any CPU.Build.0 = nuget_release|Any CPU
		{4965E233-29D8-415B-B9F5-77B5846FD99A}.nuget_release|x64.ActiveCfg = nuget_release|x64
		{4965E233-29D8-415B-B9F5-77B5846FD99A}.nuget_release|x64.Build.0 = nuget_release|x64
		{4965E233-29D8-415B-B9F5-77B5846FD99A}.nuget_release|x86.ActiveCfg = nuget_release|Any CPU
		{4965E233-29D8-415B-B9F5-77B5846FD99A}.nuget_release|x86.Build.0 = nuget_release|Any CPU
		{4965E233-29D8-415B-B9F5-77B5846FD99A}.PlantMAT|Any CPU.ActiveCfg = PlantMAT|Any CPU
		{4965E233-29D8-415B-B9F5-77B5846FD99A}.PlantMAT|Any CPU.Build.0 = PlantMAT|Any CPU
		{4965E233-29D8-415B-B9F5-77B5846FD99A}.PlantMAT|x64.ActiveCfg = PlantMAT|x64
		{4965E233-29D8-415B-B9F5-77B5846FD99A}.PlantMAT|x64.Build.0 = PlantMAT|x64
		{4965E233-29D8-415B-B9F5-77B5846FD99A}.PlantMAT|x86.ActiveCfg = PlantMAT|Any CPU
		{4965E233-29D8-415B-B9F5-77B5846FD99A}.PlantMAT|x86.Build.0 = PlantMAT|Any CPU
		{4965E233-29D8-415B-B9F5-77B5846FD99A}.Release|Any CPU.ActiveCfg = Release|Any CPU
		{4965E233-29D8-415B-B9F5-77B5846FD99A}.Release|Any CPU.Build.0 = Release|Any CPU
		{4965E233-29D8-415B-B9F5-77B5846FD99A}.Release|x64.ActiveCfg = Release|x64
		{4965E233-29D8-415B-B9F5-77B5846FD99A}.Release|x64.Build.0 = Release|x64
		{4965E233-29D8-415B-B9F5-77B5846FD99A}.Release|x86.ActiveCfg = Release|Any CPU
		{4965E233-29D8-415B-B9F5-77B5846FD99A}.Release|x86.Build.0 = Release|Any CPU
		{4965E233-29D8-415B-B9F5-77B5846FD99A}.Rsharp_app_release|Any CPU.ActiveCfg = Rsharp_app_release|Any CPU
		{4965E233-29D8-415B-B9F5-77B5846FD99A}.Rsharp_app_release|Any CPU.Build.0 = Rsharp_app_release|Any CPU
		{4965E233-29D8-415B-B9F5-77B5846FD99A}.Rsharp_app_release|x64.ActiveCfg = Rsharp_app_release|x64
		{4965E233-29D8-415B-B9F5-77B5846FD99A}.Rsharp_app_release|x64.Build.0 = Rsharp_app_release|x64
		{4965E233-29D8-415B-B9F5-77B5846FD99A}.Rsharp_app_release|x86.ActiveCfg = Rsharp_app_release|Any CPU
		{4965E233-29D8-415B-B9F5-77B5846FD99A}.Rsharp_app_release|x86.Build.0 = Rsharp_app_release|Any CPU
		{2AA10A4F-D8F6-4310-85E9-711148DC7264}.CFD_win32|Any CPU.ActiveCfg = Debug|Any CPU
		{2AA10A4F-D8F6-4310-85E9-711148DC7264}.CFD_win32|Any CPU.Build.0 = Debug|Any CPU
		{2AA10A4F-D8F6-4310-85E9-711148DC7264}.CFD_win32|x64.ActiveCfg = Debug|x64
		{2AA10A4F-D8F6-4310-85E9-711148DC7264}.CFD_win32|x64.Build.0 = Debug|x64
		{2AA10A4F-D8F6-4310-85E9-711148DC7264}.CFD_win32|x86.ActiveCfg = Debug|Any CPU
		{2AA10A4F-D8F6-4310-85E9-711148DC7264}.CFD_win32|x86.Build.0 = Debug|Any CPU
		{2AA10A4F-D8F6-4310-85E9-711148DC7264}.Debug|Any CPU.ActiveCfg = Debug|Any CPU
		{2AA10A4F-D8F6-4310-85E9-711148DC7264}.Debug|Any CPU.Build.0 = Debug|Any CPU
		{2AA10A4F-D8F6-4310-85E9-711148DC7264}.Debug|x64.ActiveCfg = Debug|x64
		{2AA10A4F-D8F6-4310-85E9-711148DC7264}.Debug|x64.Build.0 = Debug|x64
		{2AA10A4F-D8F6-4310-85E9-711148DC7264}.Debug|x86.ActiveCfg = Debug|Any CPU
		{2AA10A4F-D8F6-4310-85E9-711148DC7264}.Debug|x86.Build.0 = Debug|Any CPU
		{2AA10A4F-D8F6-4310-85E9-711148DC7264}.Docker|Any CPU.ActiveCfg = Debug|Any CPU
		{2AA10A4F-D8F6-4310-85E9-711148DC7264}.Docker|Any CPU.Build.0 = Debug|Any CPU
		{2AA10A4F-D8F6-4310-85E9-711148DC7264}.Docker|x64.ActiveCfg = Debug|x64
		{2AA10A4F-D8F6-4310-85E9-711148DC7264}.Docker|x64.Build.0 = Debug|x64
		{2AA10A4F-D8F6-4310-85E9-711148DC7264}.Docker|x86.ActiveCfg = Debug|Any CPU
		{2AA10A4F-D8F6-4310-85E9-711148DC7264}.Docker|x86.Build.0 = Debug|Any CPU
		{2AA10A4F-D8F6-4310-85E9-711148DC7264}.gcmodeller_desktop|Any CPU.ActiveCfg = gcmodeller_desktop|Any CPU
		{2AA10A4F-D8F6-4310-85E9-711148DC7264}.gcmodeller_desktop|Any CPU.Build.0 = gcmodeller_desktop|Any CPU
		{2AA10A4F-D8F6-4310-85E9-711148DC7264}.gcmodeller_desktop|x64.ActiveCfg = gcmodeller_desktop|x64
		{2AA10A4F-D8F6-4310-85E9-711148DC7264}.gcmodeller_desktop|x64.Build.0 = gcmodeller_desktop|x64
		{2AA10A4F-D8F6-4310-85E9-711148DC7264}.gcmodeller_desktop|x86.ActiveCfg = gcmodeller_desktop|Any CPU
		{2AA10A4F-D8F6-4310-85E9-711148DC7264}.gcmodeller_desktop|x86.Build.0 = gcmodeller_desktop|Any CPU
		{2AA10A4F-D8F6-4310-85E9-711148DC7264}.LipidSearch|Any CPU.ActiveCfg = LipidSearch|Any CPU
		{2AA10A4F-D8F6-4310-85E9-711148DC7264}.LipidSearch|Any CPU.Build.0 = LipidSearch|Any CPU
		{2AA10A4F-D8F6-4310-85E9-711148DC7264}.LipidSearch|x64.ActiveCfg = LipidSearch|x64
		{2AA10A4F-D8F6-4310-85E9-711148DC7264}.LipidSearch|x64.Build.0 = LipidSearch|x64
		{2AA10A4F-D8F6-4310-85E9-711148DC7264}.LipidSearch|x86.ActiveCfg = LipidSearch|Any CPU
		{2AA10A4F-D8F6-4310-85E9-711148DC7264}.LipidSearch|x86.Build.0 = LipidSearch|Any CPU
		{2AA10A4F-D8F6-4310-85E9-711148DC7264}.mzkit_win32|Any CPU.ActiveCfg = mzkit_win32|Any CPU
		{2AA10A4F-D8F6-4310-85E9-711148DC7264}.mzkit_win32|Any CPU.Build.0 = mzkit_win32|Any CPU
		{2AA10A4F-D8F6-4310-85E9-711148DC7264}.mzkit_win32|x64.ActiveCfg = mzkit_win32|x64
		{2AA10A4F-D8F6-4310-85E9-711148DC7264}.mzkit_win32|x64.Build.0 = mzkit_win32|x64
		{2AA10A4F-D8F6-4310-85E9-711148DC7264}.mzkit_win32|x86.ActiveCfg = mzkit_win32|Any CPU
		{2AA10A4F-D8F6-4310-85E9-711148DC7264}.mzkit_win32|x86.Build.0 = mzkit_win32|Any CPU
		{2AA10A4F-D8F6-4310-85E9-711148DC7264}.mzkit|Any CPU.ActiveCfg = mzkit|Any CPU
		{2AA10A4F-D8F6-4310-85E9-711148DC7264}.mzkit|Any CPU.Build.0 = mzkit|Any CPU
		{2AA10A4F-D8F6-4310-85E9-711148DC7264}.mzkit|x64.ActiveCfg = mzkit|x64
		{2AA10A4F-D8F6-4310-85E9-711148DC7264}.mzkit|x64.Build.0 = mzkit|x64
		{2AA10A4F-D8F6-4310-85E9-711148DC7264}.mzkit|x86.ActiveCfg = mzkit|Any CPU
		{2AA10A4F-D8F6-4310-85E9-711148DC7264}.mzkit|x86.Build.0 = mzkit|Any CPU
		{2AA10A4F-D8F6-4310-85E9-711148DC7264}.NPSearch|Any CPU.ActiveCfg = nuget_release|Any CPU
		{2AA10A4F-D8F6-4310-85E9-711148DC7264}.NPSearch|Any CPU.Build.0 = nuget_release|Any CPU
		{2AA10A4F-D8F6-4310-85E9-711148DC7264}.NPSearch|x64.ActiveCfg = nuget_release|x64
		{2AA10A4F-D8F6-4310-85E9-711148DC7264}.NPSearch|x64.Build.0 = nuget_release|x64
		{2AA10A4F-D8F6-4310-85E9-711148DC7264}.NPSearch|x86.ActiveCfg = nuget_release|Any CPU
		{2AA10A4F-D8F6-4310-85E9-711148DC7264}.NPSearch|x86.Build.0 = nuget_release|Any CPU
		{2AA10A4F-D8F6-4310-85E9-711148DC7264}.nuget_release|Any CPU.ActiveCfg = nuget_release|Any CPU
		{2AA10A4F-D8F6-4310-85E9-711148DC7264}.nuget_release|Any CPU.Build.0 = nuget_release|Any CPU
		{2AA10A4F-D8F6-4310-85E9-711148DC7264}.nuget_release|x64.ActiveCfg = nuget_release|x64
		{2AA10A4F-D8F6-4310-85E9-711148DC7264}.nuget_release|x64.Build.0 = nuget_release|x64
		{2AA10A4F-D8F6-4310-85E9-711148DC7264}.nuget_release|x86.ActiveCfg = nuget_release|Any CPU
		{2AA10A4F-D8F6-4310-85E9-711148DC7264}.nuget_release|x86.Build.0 = nuget_release|Any CPU
		{2AA10A4F-D8F6-4310-85E9-711148DC7264}.PlantMAT|Any CPU.ActiveCfg = Debug|Any CPU
		{2AA10A4F-D8F6-4310-85E9-711148DC7264}.PlantMAT|Any CPU.Build.0 = Debug|Any CPU
		{2AA10A4F-D8F6-4310-85E9-711148DC7264}.PlantMAT|x64.ActiveCfg = Debug|x64
		{2AA10A4F-D8F6-4310-85E9-711148DC7264}.PlantMAT|x64.Build.0 = Debug|x64
		{2AA10A4F-D8F6-4310-85E9-711148DC7264}.PlantMAT|x86.ActiveCfg = Debug|Any CPU
		{2AA10A4F-D8F6-4310-85E9-711148DC7264}.PlantMAT|x86.Build.0 = Debug|Any CPU
		{2AA10A4F-D8F6-4310-85E9-711148DC7264}.Release|Any CPU.ActiveCfg = Release|Any CPU
		{2AA10A4F-D8F6-4310-85E9-711148DC7264}.Release|Any CPU.Build.0 = Release|Any CPU
		{2AA10A4F-D8F6-4310-85E9-711148DC7264}.Release|x64.ActiveCfg = Release|x64
		{2AA10A4F-D8F6-4310-85E9-711148DC7264}.Release|x64.Build.0 = Release|x64
		{2AA10A4F-D8F6-4310-85E9-711148DC7264}.Release|x86.ActiveCfg = Release|Any CPU
		{2AA10A4F-D8F6-4310-85E9-711148DC7264}.Release|x86.Build.0 = Release|Any CPU
		{2AA10A4F-D8F6-4310-85E9-711148DC7264}.Rsharp_app_release|Any CPU.ActiveCfg = Rsharp_app_release|Any CPU
		{2AA10A4F-D8F6-4310-85E9-711148DC7264}.Rsharp_app_release|Any CPU.Build.0 = Rsharp_app_release|Any CPU
		{2AA10A4F-D8F6-4310-85E9-711148DC7264}.Rsharp_app_release|x64.ActiveCfg = Rsharp_app_release|x64
		{2AA10A4F-D8F6-4310-85E9-711148DC7264}.Rsharp_app_release|x64.Build.0 = Rsharp_app_release|x64
		{2AA10A4F-D8F6-4310-85E9-711148DC7264}.Rsharp_app_release|x86.ActiveCfg = Rsharp_app_release|Any CPU
		{2AA10A4F-D8F6-4310-85E9-711148DC7264}.Rsharp_app_release|x86.Build.0 = Rsharp_app_release|Any CPU
		{C86F033D-C1B5-486F-8571-6241134E4B38}.CFD_win32|Any CPU.ActiveCfg = Debug|Any CPU
		{C86F033D-C1B5-486F-8571-6241134E4B38}.CFD_win32|Any CPU.Build.0 = Debug|Any CPU
		{C86F033D-C1B5-486F-8571-6241134E4B38}.CFD_win32|x64.ActiveCfg = Debug|x64
		{C86F033D-C1B5-486F-8571-6241134E4B38}.CFD_win32|x64.Build.0 = Debug|x64
		{C86F033D-C1B5-486F-8571-6241134E4B38}.CFD_win32|x86.ActiveCfg = Debug|Any CPU
		{C86F033D-C1B5-486F-8571-6241134E4B38}.CFD_win32|x86.Build.0 = Debug|Any CPU
		{C86F033D-C1B5-486F-8571-6241134E4B38}.Debug|Any CPU.ActiveCfg = Debug|Any CPU
		{C86F033D-C1B5-486F-8571-6241134E4B38}.Debug|Any CPU.Build.0 = Debug|Any CPU
		{C86F033D-C1B5-486F-8571-6241134E4B38}.Debug|x64.ActiveCfg = Debug|x64
		{C86F033D-C1B5-486F-8571-6241134E4B38}.Debug|x64.Build.0 = Debug|x64
		{C86F033D-C1B5-486F-8571-6241134E4B38}.Debug|x86.ActiveCfg = Debug|Any CPU
		{C86F033D-C1B5-486F-8571-6241134E4B38}.Debug|x86.Build.0 = Debug|Any CPU
		{C86F033D-C1B5-486F-8571-6241134E4B38}.Docker|Any CPU.ActiveCfg = Docker|Any CPU
		{C86F033D-C1B5-486F-8571-6241134E4B38}.Docker|Any CPU.Build.0 = Docker|Any CPU
		{C86F033D-C1B5-486F-8571-6241134E4B38}.Docker|x64.ActiveCfg = Docker|x64
		{C86F033D-C1B5-486F-8571-6241134E4B38}.Docker|x64.Build.0 = Docker|x64
		{C86F033D-C1B5-486F-8571-6241134E4B38}.Docker|x86.ActiveCfg = Docker|Any CPU
		{C86F033D-C1B5-486F-8571-6241134E4B38}.Docker|x86.Build.0 = Docker|Any CPU
		{C86F033D-C1B5-486F-8571-6241134E4B38}.gcmodeller_desktop|Any CPU.ActiveCfg = gcmodeller_desktop|Any CPU
		{C86F033D-C1B5-486F-8571-6241134E4B38}.gcmodeller_desktop|Any CPU.Build.0 = gcmodeller_desktop|Any CPU
		{C86F033D-C1B5-486F-8571-6241134E4B38}.gcmodeller_desktop|x64.ActiveCfg = gcmodeller_desktop|x64
		{C86F033D-C1B5-486F-8571-6241134E4B38}.gcmodeller_desktop|x64.Build.0 = gcmodeller_desktop|x64
		{C86F033D-C1B5-486F-8571-6241134E4B38}.gcmodeller_desktop|x86.ActiveCfg = gcmodeller_desktop|Any CPU
		{C86F033D-C1B5-486F-8571-6241134E4B38}.gcmodeller_desktop|x86.Build.0 = gcmodeller_desktop|Any CPU
		{C86F033D-C1B5-486F-8571-6241134E4B38}.LipidSearch|Any CPU.ActiveCfg = Debug|Any CPU
		{C86F033D-C1B5-486F-8571-6241134E4B38}.LipidSearch|Any CPU.Build.0 = Debug|Any CPU
		{C86F033D-C1B5-486F-8571-6241134E4B38}.LipidSearch|x64.ActiveCfg = Debug|x64
		{C86F033D-C1B5-486F-8571-6241134E4B38}.LipidSearch|x64.Build.0 = Debug|x64
		{C86F033D-C1B5-486F-8571-6241134E4B38}.LipidSearch|x86.ActiveCfg = Debug|Any CPU
		{C86F033D-C1B5-486F-8571-6241134E4B38}.LipidSearch|x86.Build.0 = Debug|Any CPU
		{C86F033D-C1B5-486F-8571-6241134E4B38}.mzkit_win32|Any CPU.ActiveCfg = mzkit_win32|Any CPU
		{C86F033D-C1B5-486F-8571-6241134E4B38}.mzkit_win32|Any CPU.Build.0 = mzkit_win32|Any CPU
		{C86F033D-C1B5-486F-8571-6241134E4B38}.mzkit_win32|x64.ActiveCfg = mzkit_win32|x64
		{C86F033D-C1B5-486F-8571-6241134E4B38}.mzkit_win32|x64.Build.0 = mzkit_win32|x64
		{C86F033D-C1B5-486F-8571-6241134E4B38}.mzkit_win32|x86.ActiveCfg = mzkit_win32|Any CPU
		{C86F033D-C1B5-486F-8571-6241134E4B38}.mzkit_win32|x86.Build.0 = mzkit_win32|Any CPU
		{C86F033D-C1B5-486F-8571-6241134E4B38}.mzkit|Any CPU.ActiveCfg = mzkit_win32|Any CPU
		{C86F033D-C1B5-486F-8571-6241134E4B38}.mzkit|Any CPU.Build.0 = mzkit_win32|Any CPU
		{C86F033D-C1B5-486F-8571-6241134E4B38}.mzkit|x64.ActiveCfg = mzkit_win32|x64
		{C86F033D-C1B5-486F-8571-6241134E4B38}.mzkit|x64.Build.0 = mzkit_win32|x64
		{C86F033D-C1B5-486F-8571-6241134E4B38}.mzkit|x86.ActiveCfg = mzkit_win32|Any CPU
		{C86F033D-C1B5-486F-8571-6241134E4B38}.mzkit|x86.Build.0 = mzkit_win32|Any CPU
		{C86F033D-C1B5-486F-8571-6241134E4B38}.NPSearch|Any CPU.ActiveCfg = Debug|Any CPU
		{C86F033D-C1B5-486F-8571-6241134E4B38}.NPSearch|Any CPU.Build.0 = Debug|Any CPU
		{C86F033D-C1B5-486F-8571-6241134E4B38}.NPSearch|x64.ActiveCfg = Debug|x64
		{C86F033D-C1B5-486F-8571-6241134E4B38}.NPSearch|x64.Build.0 = Debug|x64
		{C86F033D-C1B5-486F-8571-6241134E4B38}.NPSearch|x86.ActiveCfg = Debug|Any CPU
		{C86F033D-C1B5-486F-8571-6241134E4B38}.NPSearch|x86.Build.0 = Debug|Any CPU
		{C86F033D-C1B5-486F-8571-6241134E4B38}.nuget_release|Any CPU.ActiveCfg = Debug|Any CPU
		{C86F033D-C1B5-486F-8571-6241134E4B38}.nuget_release|Any CPU.Build.0 = Debug|Any CPU
		{C86F033D-C1B5-486F-8571-6241134E4B38}.nuget_release|x64.ActiveCfg = Debug|x64
		{C86F033D-C1B5-486F-8571-6241134E4B38}.nuget_release|x64.Build.0 = Debug|x64
		{C86F033D-C1B5-486F-8571-6241134E4B38}.nuget_release|x86.ActiveCfg = Debug|Any CPU
		{C86F033D-C1B5-486F-8571-6241134E4B38}.nuget_release|x86.Build.0 = Debug|Any CPU
		{C86F033D-C1B5-486F-8571-6241134E4B38}.PlantMAT|Any CPU.ActiveCfg = PlantMAT|Any CPU
		{C86F033D-C1B5-486F-8571-6241134E4B38}.PlantMAT|Any CPU.Build.0 = PlantMAT|Any CPU
		{C86F033D-C1B5-486F-8571-6241134E4B38}.PlantMAT|x64.ActiveCfg = PlantMAT|x64
		{C86F033D-C1B5-486F-8571-6241134E4B38}.PlantMAT|x64.Build.0 = PlantMAT|x64
		{C86F033D-C1B5-486F-8571-6241134E4B38}.PlantMAT|x86.ActiveCfg = PlantMAT|Any CPU
		{C86F033D-C1B5-486F-8571-6241134E4B38}.PlantMAT|x86.Build.0 = PlantMAT|Any CPU
		{C86F033D-C1B5-486F-8571-6241134E4B38}.Release|Any CPU.ActiveCfg = Release|Any CPU
		{C86F033D-C1B5-486F-8571-6241134E4B38}.Release|Any CPU.Build.0 = Release|Any CPU
		{C86F033D-C1B5-486F-8571-6241134E4B38}.Release|x64.ActiveCfg = Release|x64
		{C86F033D-C1B5-486F-8571-6241134E4B38}.Release|x64.Build.0 = Release|x64
		{C86F033D-C1B5-486F-8571-6241134E4B38}.Release|x86.ActiveCfg = Release|Any CPU
		{C86F033D-C1B5-486F-8571-6241134E4B38}.Release|x86.Build.0 = Release|Any CPU
		{C86F033D-C1B5-486F-8571-6241134E4B38}.Rsharp_app_release|Any CPU.ActiveCfg = Rsharp_app_release|Any CPU
		{C86F033D-C1B5-486F-8571-6241134E4B38}.Rsharp_app_release|Any CPU.Build.0 = Rsharp_app_release|Any CPU
		{C86F033D-C1B5-486F-8571-6241134E4B38}.Rsharp_app_release|x64.ActiveCfg = Rsharp_app_release|x64
		{C86F033D-C1B5-486F-8571-6241134E4B38}.Rsharp_app_release|x64.Build.0 = Rsharp_app_release|x64
		{C86F033D-C1B5-486F-8571-6241134E4B38}.Rsharp_app_release|x86.ActiveCfg = Rsharp_app_release|Any CPU
		{C86F033D-C1B5-486F-8571-6241134E4B38}.Rsharp_app_release|x86.Build.0 = Rsharp_app_release|Any CPU
		{D8CAFA0D-A01B-4EDF-8F8C-B732D4C97B0E}.CFD_win32|Any CPU.ActiveCfg = Debug|Any CPU
		{D8CAFA0D-A01B-4EDF-8F8C-B732D4C97B0E}.CFD_win32|Any CPU.Build.0 = Debug|Any CPU
		{D8CAFA0D-A01B-4EDF-8F8C-B732D4C97B0E}.CFD_win32|x64.ActiveCfg = Debug|x64
		{D8CAFA0D-A01B-4EDF-8F8C-B732D4C97B0E}.CFD_win32|x64.Build.0 = Debug|x64
		{D8CAFA0D-A01B-4EDF-8F8C-B732D4C97B0E}.CFD_win32|x86.ActiveCfg = Debug|Any CPU
		{D8CAFA0D-A01B-4EDF-8F8C-B732D4C97B0E}.CFD_win32|x86.Build.0 = Debug|Any CPU
		{D8CAFA0D-A01B-4EDF-8F8C-B732D4C97B0E}.Debug|Any CPU.ActiveCfg = Debug|Any CPU
		{D8CAFA0D-A01B-4EDF-8F8C-B732D4C97B0E}.Debug|Any CPU.Build.0 = Debug|Any CPU
		{D8CAFA0D-A01B-4EDF-8F8C-B732D4C97B0E}.Debug|x64.ActiveCfg = Debug|x64
		{D8CAFA0D-A01B-4EDF-8F8C-B732D4C97B0E}.Debug|x64.Build.0 = Debug|x64
		{D8CAFA0D-A01B-4EDF-8F8C-B732D4C97B0E}.Debug|x86.ActiveCfg = Debug|Any CPU
		{D8CAFA0D-A01B-4EDF-8F8C-B732D4C97B0E}.Debug|x86.Build.0 = Debug|Any CPU
		{D8CAFA0D-A01B-4EDF-8F8C-B732D4C97B0E}.Docker|Any CPU.ActiveCfg = Docker|Any CPU
		{D8CAFA0D-A01B-4EDF-8F8C-B732D4C97B0E}.Docker|Any CPU.Build.0 = Docker|Any CPU
		{D8CAFA0D-A01B-4EDF-8F8C-B732D4C97B0E}.Docker|x64.ActiveCfg = Docker|x64
		{D8CAFA0D-A01B-4EDF-8F8C-B732D4C97B0E}.Docker|x64.Build.0 = Docker|x64
		{D8CAFA0D-A01B-4EDF-8F8C-B732D4C97B0E}.Docker|x86.ActiveCfg = Docker|Any CPU
		{D8CAFA0D-A01B-4EDF-8F8C-B732D4C97B0E}.Docker|x86.Build.0 = Docker|Any CPU
		{D8CAFA0D-A01B-4EDF-8F8C-B732D4C97B0E}.gcmodeller_desktop|Any CPU.ActiveCfg = Debug|Any CPU
		{D8CAFA0D-A01B-4EDF-8F8C-B732D4C97B0E}.gcmodeller_desktop|Any CPU.Build.0 = Debug|Any CPU
		{D8CAFA0D-A01B-4EDF-8F8C-B732D4C97B0E}.gcmodeller_desktop|x64.ActiveCfg = Debug|x64
		{D8CAFA0D-A01B-4EDF-8F8C-B732D4C97B0E}.gcmodeller_desktop|x64.Build.0 = Debug|x64
		{D8CAFA0D-A01B-4EDF-8F8C-B732D4C97B0E}.gcmodeller_desktop|x86.ActiveCfg = Debug|Any CPU
		{D8CAFA0D-A01B-4EDF-8F8C-B732D4C97B0E}.gcmodeller_desktop|x86.Build.0 = Debug|Any CPU
		{D8CAFA0D-A01B-4EDF-8F8C-B732D4C97B0E}.LipidSearch|Any CPU.ActiveCfg = Debug|Any CPU
		{D8CAFA0D-A01B-4EDF-8F8C-B732D4C97B0E}.LipidSearch|Any CPU.Build.0 = Debug|Any CPU
		{D8CAFA0D-A01B-4EDF-8F8C-B732D4C97B0E}.LipidSearch|x64.ActiveCfg = Debug|x64
		{D8CAFA0D-A01B-4EDF-8F8C-B732D4C97B0E}.LipidSearch|x64.Build.0 = Debug|x64
		{D8CAFA0D-A01B-4EDF-8F8C-B732D4C97B0E}.LipidSearch|x86.ActiveCfg = Debug|Any CPU
		{D8CAFA0D-A01B-4EDF-8F8C-B732D4C97B0E}.LipidSearch|x86.Build.0 = Debug|Any CPU
		{D8CAFA0D-A01B-4EDF-8F8C-B732D4C97B0E}.mzkit_win32|Any CPU.ActiveCfg = Debug|Any CPU
		{D8CAFA0D-A01B-4EDF-8F8C-B732D4C97B0E}.mzkit_win32|Any CPU.Build.0 = Debug|Any CPU
		{D8CAFA0D-A01B-4EDF-8F8C-B732D4C97B0E}.mzkit_win32|x64.ActiveCfg = Debug|x64
		{D8CAFA0D-A01B-4EDF-8F8C-B732D4C97B0E}.mzkit_win32|x64.Build.0 = Debug|x64
		{D8CAFA0D-A01B-4EDF-8F8C-B732D4C97B0E}.mzkit_win32|x86.ActiveCfg = Debug|Any CPU
		{D8CAFA0D-A01B-4EDF-8F8C-B732D4C97B0E}.mzkit_win32|x86.Build.0 = Debug|Any CPU
		{D8CAFA0D-A01B-4EDF-8F8C-B732D4C97B0E}.mzkit|Any CPU.ActiveCfg = Debug|Any CPU
		{D8CAFA0D-A01B-4EDF-8F8C-B732D4C97B0E}.mzkit|Any CPU.Build.0 = Debug|Any CPU
		{D8CAFA0D-A01B-4EDF-8F8C-B732D4C97B0E}.mzkit|x64.ActiveCfg = Debug|x64
		{D8CAFA0D-A01B-4EDF-8F8C-B732D4C97B0E}.mzkit|x64.Build.0 = Debug|x64
		{D8CAFA0D-A01B-4EDF-8F8C-B732D4C97B0E}.mzkit|x86.ActiveCfg = Debug|Any CPU
		{D8CAFA0D-A01B-4EDF-8F8C-B732D4C97B0E}.mzkit|x86.Build.0 = Debug|Any CPU
		{D8CAFA0D-A01B-4EDF-8F8C-B732D4C97B0E}.NPSearch|Any CPU.ActiveCfg = Debug|Any CPU
		{D8CAFA0D-A01B-4EDF-8F8C-B732D4C97B0E}.NPSearch|Any CPU.Build.0 = Debug|Any CPU
		{D8CAFA0D-A01B-4EDF-8F8C-B732D4C97B0E}.NPSearch|x64.ActiveCfg = Debug|x64
		{D8CAFA0D-A01B-4EDF-8F8C-B732D4C97B0E}.NPSearch|x64.Build.0 = Debug|x64
		{D8CAFA0D-A01B-4EDF-8F8C-B732D4C97B0E}.NPSearch|x86.ActiveCfg = Debug|Any CPU
		{D8CAFA0D-A01B-4EDF-8F8C-B732D4C97B0E}.NPSearch|x86.Build.0 = Debug|Any CPU
		{D8CAFA0D-A01B-4EDF-8F8C-B732D4C97B0E}.nuget_release|Any CPU.ActiveCfg = Debug|Any CPU
		{D8CAFA0D-A01B-4EDF-8F8C-B732D4C97B0E}.nuget_release|Any CPU.Build.0 = Debug|Any CPU
		{D8CAFA0D-A01B-4EDF-8F8C-B732D4C97B0E}.nuget_release|x64.ActiveCfg = Debug|x64
		{D8CAFA0D-A01B-4EDF-8F8C-B732D4C97B0E}.nuget_release|x64.Build.0 = Debug|x64
		{D8CAFA0D-A01B-4EDF-8F8C-B732D4C97B0E}.nuget_release|x86.ActiveCfg = Debug|Any CPU
		{D8CAFA0D-A01B-4EDF-8F8C-B732D4C97B0E}.nuget_release|x86.Build.0 = Debug|Any CPU
		{D8CAFA0D-A01B-4EDF-8F8C-B732D4C97B0E}.PlantMAT|Any CPU.ActiveCfg = PlantMAT|Any CPU
		{D8CAFA0D-A01B-4EDF-8F8C-B732D4C97B0E}.PlantMAT|Any CPU.Build.0 = PlantMAT|Any CPU
		{D8CAFA0D-A01B-4EDF-8F8C-B732D4C97B0E}.PlantMAT|x64.ActiveCfg = PlantMAT|x64
		{D8CAFA0D-A01B-4EDF-8F8C-B732D4C97B0E}.PlantMAT|x64.Build.0 = PlantMAT|x64
		{D8CAFA0D-A01B-4EDF-8F8C-B732D4C97B0E}.PlantMAT|x86.ActiveCfg = PlantMAT|Any CPU
		{D8CAFA0D-A01B-4EDF-8F8C-B732D4C97B0E}.PlantMAT|x86.Build.0 = PlantMAT|Any CPU
		{D8CAFA0D-A01B-4EDF-8F8C-B732D4C97B0E}.Release|Any CPU.ActiveCfg = Release|Any CPU
		{D8CAFA0D-A01B-4EDF-8F8C-B732D4C97B0E}.Release|Any CPU.Build.0 = Release|Any CPU
		{D8CAFA0D-A01B-4EDF-8F8C-B732D4C97B0E}.Release|x64.ActiveCfg = Release|x64
		{D8CAFA0D-A01B-4EDF-8F8C-B732D4C97B0E}.Release|x64.Build.0 = Release|x64
		{D8CAFA0D-A01B-4EDF-8F8C-B732D4C97B0E}.Release|x86.ActiveCfg = Release|Any CPU
		{D8CAFA0D-A01B-4EDF-8F8C-B732D4C97B0E}.Release|x86.Build.0 = Release|Any CPU
		{D8CAFA0D-A01B-4EDF-8F8C-B732D4C97B0E}.Rsharp_app_release|Any CPU.ActiveCfg = Rsharp_app_release|Any CPU
		{D8CAFA0D-A01B-4EDF-8F8C-B732D4C97B0E}.Rsharp_app_release|Any CPU.Build.0 = Rsharp_app_release|Any CPU
		{D8CAFA0D-A01B-4EDF-8F8C-B732D4C97B0E}.Rsharp_app_release|x64.ActiveCfg = Rsharp_app_release|x64
		{D8CAFA0D-A01B-4EDF-8F8C-B732D4C97B0E}.Rsharp_app_release|x64.Build.0 = Rsharp_app_release|x64
		{D8CAFA0D-A01B-4EDF-8F8C-B732D4C97B0E}.Rsharp_app_release|x86.ActiveCfg = Rsharp_app_release|Any CPU
		{D8CAFA0D-A01B-4EDF-8F8C-B732D4C97B0E}.Rsharp_app_release|x86.Build.0 = Rsharp_app_release|Any CPU
		{BB401F2E-31A9-4988-B4D6-7466C1A090F0}.CFD_win32|Any CPU.ActiveCfg = CFD_win32|Any CPU
		{BB401F2E-31A9-4988-B4D6-7466C1A090F0}.CFD_win32|Any CPU.Build.0 = CFD_win32|Any CPU
		{BB401F2E-31A9-4988-B4D6-7466C1A090F0}.CFD_win32|x64.ActiveCfg = CFD_win32|x64
		{BB401F2E-31A9-4988-B4D6-7466C1A090F0}.CFD_win32|x64.Build.0 = CFD_win32|x64
		{BB401F2E-31A9-4988-B4D6-7466C1A090F0}.CFD_win32|x86.ActiveCfg = CFD_win32|Any CPU
		{BB401F2E-31A9-4988-B4D6-7466C1A090F0}.CFD_win32|x86.Build.0 = CFD_win32|Any CPU
		{BB401F2E-31A9-4988-B4D6-7466C1A090F0}.Debug|Any CPU.ActiveCfg = Debug|Any CPU
		{BB401F2E-31A9-4988-B4D6-7466C1A090F0}.Debug|Any CPU.Build.0 = Debug|Any CPU
		{BB401F2E-31A9-4988-B4D6-7466C1A090F0}.Debug|x64.ActiveCfg = Debug|x64
		{BB401F2E-31A9-4988-B4D6-7466C1A090F0}.Debug|x64.Build.0 = Debug|x64
		{BB401F2E-31A9-4988-B4D6-7466C1A090F0}.Debug|x86.ActiveCfg = Debug|Any CPU
		{BB401F2E-31A9-4988-B4D6-7466C1A090F0}.Debug|x86.Build.0 = Debug|Any CPU
		{BB401F2E-31A9-4988-B4D6-7466C1A090F0}.Docker|Any CPU.ActiveCfg = Docker|Any CPU
		{BB401F2E-31A9-4988-B4D6-7466C1A090F0}.Docker|Any CPU.Build.0 = Docker|Any CPU
		{BB401F2E-31A9-4988-B4D6-7466C1A090F0}.Docker|x64.ActiveCfg = Docker|x64
		{BB401F2E-31A9-4988-B4D6-7466C1A090F0}.Docker|x64.Build.0 = Docker|x64
		{BB401F2E-31A9-4988-B4D6-7466C1A090F0}.Docker|x86.ActiveCfg = Docker|Any CPU
		{BB401F2E-31A9-4988-B4D6-7466C1A090F0}.Docker|x86.Build.0 = Docker|Any CPU
		{BB401F2E-31A9-4988-B4D6-7466C1A090F0}.gcmodeller_desktop|Any CPU.ActiveCfg = gcmodeller_desktop|Any CPU
		{BB401F2E-31A9-4988-B4D6-7466C1A090F0}.gcmodeller_desktop|Any CPU.Build.0 = gcmodeller_desktop|Any CPU
		{BB401F2E-31A9-4988-B4D6-7466C1A090F0}.gcmodeller_desktop|x64.ActiveCfg = gcmodeller_desktop|x64
		{BB401F2E-31A9-4988-B4D6-7466C1A090F0}.gcmodeller_desktop|x64.Build.0 = gcmodeller_desktop|x64
		{BB401F2E-31A9-4988-B4D6-7466C1A090F0}.gcmodeller_desktop|x86.ActiveCfg = gcmodeller_desktop|Any CPU
		{BB401F2E-31A9-4988-B4D6-7466C1A090F0}.gcmodeller_desktop|x86.Build.0 = gcmodeller_desktop|Any CPU
		{BB401F2E-31A9-4988-B4D6-7466C1A090F0}.LipidSearch|Any CPU.ActiveCfg = LipidSearch|Any CPU
		{BB401F2E-31A9-4988-B4D6-7466C1A090F0}.LipidSearch|Any CPU.Build.0 = LipidSearch|Any CPU
		{BB401F2E-31A9-4988-B4D6-7466C1A090F0}.LipidSearch|x64.ActiveCfg = LipidSearch|x64
		{BB401F2E-31A9-4988-B4D6-7466C1A090F0}.LipidSearch|x64.Build.0 = LipidSearch|x64
		{BB401F2E-31A9-4988-B4D6-7466C1A090F0}.LipidSearch|x86.ActiveCfg = LipidSearch|Any CPU
		{BB401F2E-31A9-4988-B4D6-7466C1A090F0}.LipidSearch|x86.Build.0 = LipidSearch|Any CPU
		{BB401F2E-31A9-4988-B4D6-7466C1A090F0}.mzkit_win32|Any CPU.ActiveCfg = mzkit_win32|Any CPU
		{BB401F2E-31A9-4988-B4D6-7466C1A090F0}.mzkit_win32|Any CPU.Build.0 = mzkit_win32|Any CPU
		{BB401F2E-31A9-4988-B4D6-7466C1A090F0}.mzkit_win32|x64.ActiveCfg = mzkit_win32|x64
		{BB401F2E-31A9-4988-B4D6-7466C1A090F0}.mzkit_win32|x64.Build.0 = mzkit_win32|x64
		{BB401F2E-31A9-4988-B4D6-7466C1A090F0}.mzkit_win32|x86.ActiveCfg = mzkit_win32|Any CPU
		{BB401F2E-31A9-4988-B4D6-7466C1A090F0}.mzkit_win32|x86.Build.0 = mzkit_win32|Any CPU
		{BB401F2E-31A9-4988-B4D6-7466C1A090F0}.mzkit|Any CPU.ActiveCfg = mzkit|Any CPU
		{BB401F2E-31A9-4988-B4D6-7466C1A090F0}.mzkit|Any CPU.Build.0 = mzkit|Any CPU
		{BB401F2E-31A9-4988-B4D6-7466C1A090F0}.mzkit|x64.ActiveCfg = mzkit|x64
		{BB401F2E-31A9-4988-B4D6-7466C1A090F0}.mzkit|x64.Build.0 = mzkit|x64
		{BB401F2E-31A9-4988-B4D6-7466C1A090F0}.mzkit|x86.ActiveCfg = mzkit|Any CPU
		{BB401F2E-31A9-4988-B4D6-7466C1A090F0}.mzkit|x86.Build.0 = mzkit|Any CPU
		{BB401F2E-31A9-4988-B4D6-7466C1A090F0}.NPSearch|Any CPU.ActiveCfg = NPSearch|Any CPU
		{BB401F2E-31A9-4988-B4D6-7466C1A090F0}.NPSearch|Any CPU.Build.0 = NPSearch|Any CPU
		{BB401F2E-31A9-4988-B4D6-7466C1A090F0}.NPSearch|x64.ActiveCfg = NPSearch|x64
		{BB401F2E-31A9-4988-B4D6-7466C1A090F0}.NPSearch|x64.Build.0 = NPSearch|x64
		{BB401F2E-31A9-4988-B4D6-7466C1A090F0}.NPSearch|x86.ActiveCfg = NPSearch|Any CPU
		{BB401F2E-31A9-4988-B4D6-7466C1A090F0}.NPSearch|x86.Build.0 = NPSearch|Any CPU
		{BB401F2E-31A9-4988-B4D6-7466C1A090F0}.nuget_release|Any CPU.ActiveCfg = nuget_release|Any CPU
		{BB401F2E-31A9-4988-B4D6-7466C1A090F0}.nuget_release|Any CPU.Build.0 = nuget_release|Any CPU
		{BB401F2E-31A9-4988-B4D6-7466C1A090F0}.nuget_release|x64.ActiveCfg = nuget_release|x64
		{BB401F2E-31A9-4988-B4D6-7466C1A090F0}.nuget_release|x64.Build.0 = nuget_release|x64
		{BB401F2E-31A9-4988-B4D6-7466C1A090F0}.nuget_release|x86.ActiveCfg = nuget_release|Any CPU
		{BB401F2E-31A9-4988-B4D6-7466C1A090F0}.nuget_release|x86.Build.0 = nuget_release|Any CPU
		{BB401F2E-31A9-4988-B4D6-7466C1A090F0}.PlantMAT|Any CPU.ActiveCfg = PlantMAT|Any CPU
		{BB401F2E-31A9-4988-B4D6-7466C1A090F0}.PlantMAT|Any CPU.Build.0 = PlantMAT|Any CPU
		{BB401F2E-31A9-4988-B4D6-7466C1A090F0}.PlantMAT|x64.ActiveCfg = PlantMAT|x64
		{BB401F2E-31A9-4988-B4D6-7466C1A090F0}.PlantMAT|x64.Build.0 = PlantMAT|x64
		{BB401F2E-31A9-4988-B4D6-7466C1A090F0}.PlantMAT|x86.ActiveCfg = PlantMAT|Any CPU
		{BB401F2E-31A9-4988-B4D6-7466C1A090F0}.PlantMAT|x86.Build.0 = PlantMAT|Any CPU
		{BB401F2E-31A9-4988-B4D6-7466C1A090F0}.Release|Any CPU.ActiveCfg = Release|Any CPU
		{BB401F2E-31A9-4988-B4D6-7466C1A090F0}.Release|Any CPU.Build.0 = Release|Any CPU
		{BB401F2E-31A9-4988-B4D6-7466C1A090F0}.Release|x64.ActiveCfg = Release|x64
		{BB401F2E-31A9-4988-B4D6-7466C1A090F0}.Release|x64.Build.0 = Release|x64
		{BB401F2E-31A9-4988-B4D6-7466C1A090F0}.Release|x86.ActiveCfg = Release|Any CPU
		{BB401F2E-31A9-4988-B4D6-7466C1A090F0}.Release|x86.Build.0 = Release|Any CPU
		{BB401F2E-31A9-4988-B4D6-7466C1A090F0}.Rsharp_app_release|Any CPU.ActiveCfg = Rsharp_app_release|Any CPU
		{BB401F2E-31A9-4988-B4D6-7466C1A090F0}.Rsharp_app_release|Any CPU.Build.0 = Rsharp_app_release|Any CPU
		{BB401F2E-31A9-4988-B4D6-7466C1A090F0}.Rsharp_app_release|x64.ActiveCfg = Rsharp_app_release|x64
		{BB401F2E-31A9-4988-B4D6-7466C1A090F0}.Rsharp_app_release|x64.Build.0 = Rsharp_app_release|x64
		{BB401F2E-31A9-4988-B4D6-7466C1A090F0}.Rsharp_app_release|x86.ActiveCfg = Rsharp_app_release|Any CPU
		{BB401F2E-31A9-4988-B4D6-7466C1A090F0}.Rsharp_app_release|x86.Build.0 = Rsharp_app_release|Any CPU
		{195C442E-E063-41F1-A6BA-7D3EC9EE1164}.CFD_win32|Any CPU.ActiveCfg = CFD_win32|Any CPU
		{195C442E-E063-41F1-A6BA-7D3EC9EE1164}.CFD_win32|Any CPU.Build.0 = CFD_win32|Any CPU
		{195C442E-E063-41F1-A6BA-7D3EC9EE1164}.CFD_win32|x64.ActiveCfg = CFD_win32|x64
		{195C442E-E063-41F1-A6BA-7D3EC9EE1164}.CFD_win32|x64.Build.0 = CFD_win32|x64
		{195C442E-E063-41F1-A6BA-7D3EC9EE1164}.CFD_win32|x86.ActiveCfg = CFD_win32|Any CPU
		{195C442E-E063-41F1-A6BA-7D3EC9EE1164}.CFD_win32|x86.Build.0 = CFD_win32|Any CPU
		{195C442E-E063-41F1-A6BA-7D3EC9EE1164}.Debug|Any CPU.ActiveCfg = Debug|Any CPU
		{195C442E-E063-41F1-A6BA-7D3EC9EE1164}.Debug|Any CPU.Build.0 = Debug|Any CPU
		{195C442E-E063-41F1-A6BA-7D3EC9EE1164}.Debug|x64.ActiveCfg = Debug|x64
		{195C442E-E063-41F1-A6BA-7D3EC9EE1164}.Debug|x64.Build.0 = Debug|x64
		{195C442E-E063-41F1-A6BA-7D3EC9EE1164}.Debug|x86.ActiveCfg = Debug|Any CPU
		{195C442E-E063-41F1-A6BA-7D3EC9EE1164}.Debug|x86.Build.0 = Debug|Any CPU
		{195C442E-E063-41F1-A6BA-7D3EC9EE1164}.Docker|Any CPU.ActiveCfg = Docker|Any CPU
		{195C442E-E063-41F1-A6BA-7D3EC9EE1164}.Docker|Any CPU.Build.0 = Docker|Any CPU
		{195C442E-E063-41F1-A6BA-7D3EC9EE1164}.Docker|x64.ActiveCfg = Docker|x64
		{195C442E-E063-41F1-A6BA-7D3EC9EE1164}.Docker|x64.Build.0 = Docker|x64
		{195C442E-E063-41F1-A6BA-7D3EC9EE1164}.Docker|x86.ActiveCfg = Docker|Any CPU
		{195C442E-E063-41F1-A6BA-7D3EC9EE1164}.Docker|x86.Build.0 = Docker|Any CPU
		{195C442E-E063-41F1-A6BA-7D3EC9EE1164}.gcmodeller_desktop|Any CPU.ActiveCfg = gcmodeller_desktop|Any CPU
		{195C442E-E063-41F1-A6BA-7D3EC9EE1164}.gcmodeller_desktop|Any CPU.Build.0 = gcmodeller_desktop|Any CPU
		{195C442E-E063-41F1-A6BA-7D3EC9EE1164}.gcmodeller_desktop|x64.ActiveCfg = gcmodeller_desktop|x64
		{195C442E-E063-41F1-A6BA-7D3EC9EE1164}.gcmodeller_desktop|x64.Build.0 = gcmodeller_desktop|x64
		{195C442E-E063-41F1-A6BA-7D3EC9EE1164}.gcmodeller_desktop|x86.ActiveCfg = gcmodeller_desktop|Any CPU
		{195C442E-E063-41F1-A6BA-7D3EC9EE1164}.gcmodeller_desktop|x86.Build.0 = gcmodeller_desktop|Any CPU
		{195C442E-E063-41F1-A6BA-7D3EC9EE1164}.LipidSearch|Any CPU.ActiveCfg = LipidSearch|Any CPU
		{195C442E-E063-41F1-A6BA-7D3EC9EE1164}.LipidSearch|Any CPU.Build.0 = LipidSearch|Any CPU
		{195C442E-E063-41F1-A6BA-7D3EC9EE1164}.LipidSearch|x64.ActiveCfg = LipidSearch|x64
		{195C442E-E063-41F1-A6BA-7D3EC9EE1164}.LipidSearch|x64.Build.0 = LipidSearch|x64
		{195C442E-E063-41F1-A6BA-7D3EC9EE1164}.LipidSearch|x86.ActiveCfg = LipidSearch|Any CPU
		{195C442E-E063-41F1-A6BA-7D3EC9EE1164}.LipidSearch|x86.Build.0 = LipidSearch|Any CPU
		{195C442E-E063-41F1-A6BA-7D3EC9EE1164}.mzkit_win32|Any CPU.ActiveCfg = mzkit_win32|Any CPU
		{195C442E-E063-41F1-A6BA-7D3EC9EE1164}.mzkit_win32|Any CPU.Build.0 = mzkit_win32|Any CPU
		{195C442E-E063-41F1-A6BA-7D3EC9EE1164}.mzkit_win32|x64.ActiveCfg = mzkit_win32|x64
		{195C442E-E063-41F1-A6BA-7D3EC9EE1164}.mzkit_win32|x64.Build.0 = mzkit_win32|x64
		{195C442E-E063-41F1-A6BA-7D3EC9EE1164}.mzkit_win32|x86.ActiveCfg = mzkit_win32|Any CPU
		{195C442E-E063-41F1-A6BA-7D3EC9EE1164}.mzkit_win32|x86.Build.0 = mzkit_win32|Any CPU
		{195C442E-E063-41F1-A6BA-7D3EC9EE1164}.mzkit|Any CPU.ActiveCfg = mzkit|Any CPU
		{195C442E-E063-41F1-A6BA-7D3EC9EE1164}.mzkit|Any CPU.Build.0 = mzkit|Any CPU
		{195C442E-E063-41F1-A6BA-7D3EC9EE1164}.mzkit|x64.ActiveCfg = mzkit|x64
		{195C442E-E063-41F1-A6BA-7D3EC9EE1164}.mzkit|x64.Build.0 = mzkit|x64
		{195C442E-E063-41F1-A6BA-7D3EC9EE1164}.mzkit|x86.ActiveCfg = mzkit|Any CPU
		{195C442E-E063-41F1-A6BA-7D3EC9EE1164}.mzkit|x86.Build.0 = mzkit|Any CPU
		{195C442E-E063-41F1-A6BA-7D3EC9EE1164}.NPSearch|Any CPU.ActiveCfg = NPSearch|Any CPU
		{195C442E-E063-41F1-A6BA-7D3EC9EE1164}.NPSearch|Any CPU.Build.0 = NPSearch|Any CPU
		{195C442E-E063-41F1-A6BA-7D3EC9EE1164}.NPSearch|x64.ActiveCfg = NPSearch|x64
		{195C442E-E063-41F1-A6BA-7D3EC9EE1164}.NPSearch|x64.Build.0 = NPSearch|x64
		{195C442E-E063-41F1-A6BA-7D3EC9EE1164}.NPSearch|x86.ActiveCfg = NPSearch|Any CPU
		{195C442E-E063-41F1-A6BA-7D3EC9EE1164}.NPSearch|x86.Build.0 = NPSearch|Any CPU
		{195C442E-E063-41F1-A6BA-7D3EC9EE1164}.nuget_release|Any CPU.ActiveCfg = nuget_release|Any CPU
		{195C442E-E063-41F1-A6BA-7D3EC9EE1164}.nuget_release|Any CPU.Build.0 = nuget_release|Any CPU
		{195C442E-E063-41F1-A6BA-7D3EC9EE1164}.nuget_release|x64.ActiveCfg = nuget_release|x64
		{195C442E-E063-41F1-A6BA-7D3EC9EE1164}.nuget_release|x64.Build.0 = nuget_release|x64
		{195C442E-E063-41F1-A6BA-7D3EC9EE1164}.nuget_release|x86.ActiveCfg = nuget_release|Any CPU
		{195C442E-E063-41F1-A6BA-7D3EC9EE1164}.nuget_release|x86.Build.0 = nuget_release|Any CPU
		{195C442E-E063-41F1-A6BA-7D3EC9EE1164}.PlantMAT|Any CPU.ActiveCfg = PlantMAT|Any CPU
		{195C442E-E063-41F1-A6BA-7D3EC9EE1164}.PlantMAT|Any CPU.Build.0 = PlantMAT|Any CPU
		{195C442E-E063-41F1-A6BA-7D3EC9EE1164}.PlantMAT|x64.ActiveCfg = PlantMAT|x64
		{195C442E-E063-41F1-A6BA-7D3EC9EE1164}.PlantMAT|x64.Build.0 = PlantMAT|x64
		{195C442E-E063-41F1-A6BA-7D3EC9EE1164}.PlantMAT|x86.ActiveCfg = PlantMAT|Any CPU
		{195C442E-E063-41F1-A6BA-7D3EC9EE1164}.PlantMAT|x86.Build.0 = PlantMAT|Any CPU
		{195C442E-E063-41F1-A6BA-7D3EC9EE1164}.Release|Any CPU.ActiveCfg = Release|Any CPU
		{195C442E-E063-41F1-A6BA-7D3EC9EE1164}.Release|Any CPU.Build.0 = Release|Any CPU
		{195C442E-E063-41F1-A6BA-7D3EC9EE1164}.Release|x64.ActiveCfg = Release|x64
		{195C442E-E063-41F1-A6BA-7D3EC9EE1164}.Release|x64.Build.0 = Release|x64
		{195C442E-E063-41F1-A6BA-7D3EC9EE1164}.Release|x86.ActiveCfg = Release|Any CPU
		{195C442E-E063-41F1-A6BA-7D3EC9EE1164}.Release|x86.Build.0 = Release|Any CPU
		{195C442E-E063-41F1-A6BA-7D3EC9EE1164}.Rsharp_app_release|Any CPU.ActiveCfg = Rsharp_app_release|Any CPU
		{195C442E-E063-41F1-A6BA-7D3EC9EE1164}.Rsharp_app_release|Any CPU.Build.0 = Rsharp_app_release|Any CPU
		{195C442E-E063-41F1-A6BA-7D3EC9EE1164}.Rsharp_app_release|x64.ActiveCfg = Rsharp_app_release|x64
		{195C442E-E063-41F1-A6BA-7D3EC9EE1164}.Rsharp_app_release|x64.Build.0 = Rsharp_app_release|x64
		{195C442E-E063-41F1-A6BA-7D3EC9EE1164}.Rsharp_app_release|x86.ActiveCfg = Rsharp_app_release|Any CPU
		{195C442E-E063-41F1-A6BA-7D3EC9EE1164}.Rsharp_app_release|x86.Build.0 = Rsharp_app_release|Any CPU
		{9EA0FBB5-C3ED-4C41-9ABE-0585F67B14D3}.CFD_win32|Any CPU.ActiveCfg = Debug|Any CPU
		{9EA0FBB5-C3ED-4C41-9ABE-0585F67B14D3}.CFD_win32|Any CPU.Build.0 = Debug|Any CPU
		{9EA0FBB5-C3ED-4C41-9ABE-0585F67B14D3}.CFD_win32|x64.ActiveCfg = Debug|x64
		{9EA0FBB5-C3ED-4C41-9ABE-0585F67B14D3}.CFD_win32|x64.Build.0 = Debug|x64
		{9EA0FBB5-C3ED-4C41-9ABE-0585F67B14D3}.CFD_win32|x86.ActiveCfg = Debug|Any CPU
		{9EA0FBB5-C3ED-4C41-9ABE-0585F67B14D3}.CFD_win32|x86.Build.0 = Debug|Any CPU
		{9EA0FBB5-C3ED-4C41-9ABE-0585F67B14D3}.Debug|Any CPU.ActiveCfg = Debug|Any CPU
		{9EA0FBB5-C3ED-4C41-9ABE-0585F67B14D3}.Debug|Any CPU.Build.0 = Debug|Any CPU
		{9EA0FBB5-C3ED-4C41-9ABE-0585F67B14D3}.Debug|x64.ActiveCfg = Debug|x64
		{9EA0FBB5-C3ED-4C41-9ABE-0585F67B14D3}.Debug|x64.Build.0 = Debug|x64
		{9EA0FBB5-C3ED-4C41-9ABE-0585F67B14D3}.Debug|x86.ActiveCfg = Debug|Any CPU
		{9EA0FBB5-C3ED-4C41-9ABE-0585F67B14D3}.Debug|x86.Build.0 = Debug|Any CPU
		{9EA0FBB5-C3ED-4C41-9ABE-0585F67B14D3}.Docker|Any CPU.ActiveCfg = Docker|Any CPU
		{9EA0FBB5-C3ED-4C41-9ABE-0585F67B14D3}.Docker|Any CPU.Build.0 = Docker|Any CPU
		{9EA0FBB5-C3ED-4C41-9ABE-0585F67B14D3}.Docker|x64.ActiveCfg = Docker|x64
		{9EA0FBB5-C3ED-4C41-9ABE-0585F67B14D3}.Docker|x64.Build.0 = Docker|x64
		{9EA0FBB5-C3ED-4C41-9ABE-0585F67B14D3}.Docker|x86.ActiveCfg = Docker|Any CPU
		{9EA0FBB5-C3ED-4C41-9ABE-0585F67B14D3}.Docker|x86.Build.0 = Docker|Any CPU
		{9EA0FBB5-C3ED-4C41-9ABE-0585F67B14D3}.gcmodeller_desktop|Any CPU.ActiveCfg = gcmodeller_desktop|Any CPU
		{9EA0FBB5-C3ED-4C41-9ABE-0585F67B14D3}.gcmodeller_desktop|Any CPU.Build.0 = gcmodeller_desktop|Any CPU
		{9EA0FBB5-C3ED-4C41-9ABE-0585F67B14D3}.gcmodeller_desktop|x64.ActiveCfg = gcmodeller_desktop|x64
		{9EA0FBB5-C3ED-4C41-9ABE-0585F67B14D3}.gcmodeller_desktop|x64.Build.0 = gcmodeller_desktop|x64
		{9EA0FBB5-C3ED-4C41-9ABE-0585F67B14D3}.gcmodeller_desktop|x86.ActiveCfg = gcmodeller_desktop|Any CPU
		{9EA0FBB5-C3ED-4C41-9ABE-0585F67B14D3}.gcmodeller_desktop|x86.Build.0 = gcmodeller_desktop|Any CPU
		{9EA0FBB5-C3ED-4C41-9ABE-0585F67B14D3}.LipidSearch|Any CPU.ActiveCfg = LipidSearch|Any CPU
		{9EA0FBB5-C3ED-4C41-9ABE-0585F67B14D3}.LipidSearch|Any CPU.Build.0 = LipidSearch|Any CPU
		{9EA0FBB5-C3ED-4C41-9ABE-0585F67B14D3}.LipidSearch|x64.ActiveCfg = LipidSearch|x64
		{9EA0FBB5-C3ED-4C41-9ABE-0585F67B14D3}.LipidSearch|x64.Build.0 = LipidSearch|x64
		{9EA0FBB5-C3ED-4C41-9ABE-0585F67B14D3}.LipidSearch|x86.ActiveCfg = LipidSearch|Any CPU
		{9EA0FBB5-C3ED-4C41-9ABE-0585F67B14D3}.LipidSearch|x86.Build.0 = LipidSearch|Any CPU
		{9EA0FBB5-C3ED-4C41-9ABE-0585F67B14D3}.mzkit_win32|Any CPU.ActiveCfg = mzkit_win32|Any CPU
		{9EA0FBB5-C3ED-4C41-9ABE-0585F67B14D3}.mzkit_win32|Any CPU.Build.0 = mzkit_win32|Any CPU
		{9EA0FBB5-C3ED-4C41-9ABE-0585F67B14D3}.mzkit_win32|x64.ActiveCfg = mzkit_win32|x64
		{9EA0FBB5-C3ED-4C41-9ABE-0585F67B14D3}.mzkit_win32|x64.Build.0 = mzkit_win32|x64
		{9EA0FBB5-C3ED-4C41-9ABE-0585F67B14D3}.mzkit_win32|x86.ActiveCfg = mzkit_win32|Any CPU
		{9EA0FBB5-C3ED-4C41-9ABE-0585F67B14D3}.mzkit_win32|x86.Build.0 = mzkit_win32|Any CPU
		{9EA0FBB5-C3ED-4C41-9ABE-0585F67B14D3}.mzkit|Any CPU.ActiveCfg = mzkit_win32|Any CPU
		{9EA0FBB5-C3ED-4C41-9ABE-0585F67B14D3}.mzkit|Any CPU.Build.0 = mzkit_win32|Any CPU
		{9EA0FBB5-C3ED-4C41-9ABE-0585F67B14D3}.mzkit|x64.ActiveCfg = mzkit_win32|x64
		{9EA0FBB5-C3ED-4C41-9ABE-0585F67B14D3}.mzkit|x64.Build.0 = mzkit_win32|x64
		{9EA0FBB5-C3ED-4C41-9ABE-0585F67B14D3}.mzkit|x86.ActiveCfg = mzkit_win32|Any CPU
		{9EA0FBB5-C3ED-4C41-9ABE-0585F67B14D3}.mzkit|x86.Build.0 = mzkit_win32|Any CPU
		{9EA0FBB5-C3ED-4C41-9ABE-0585F67B14D3}.NPSearch|Any CPU.ActiveCfg = NPSearch|Any CPU
		{9EA0FBB5-C3ED-4C41-9ABE-0585F67B14D3}.NPSearch|Any CPU.Build.0 = NPSearch|Any CPU
		{9EA0FBB5-C3ED-4C41-9ABE-0585F67B14D3}.NPSearch|x64.ActiveCfg = NPSearch|x64
		{9EA0FBB5-C3ED-4C41-9ABE-0585F67B14D3}.NPSearch|x64.Build.0 = NPSearch|x64
		{9EA0FBB5-C3ED-4C41-9ABE-0585F67B14D3}.NPSearch|x86.ActiveCfg = NPSearch|Any CPU
		{9EA0FBB5-C3ED-4C41-9ABE-0585F67B14D3}.NPSearch|x86.Build.0 = NPSearch|Any CPU
		{9EA0FBB5-C3ED-4C41-9ABE-0585F67B14D3}.nuget_release|Any CPU.ActiveCfg = nuget_release|Any CPU
		{9EA0FBB5-C3ED-4C41-9ABE-0585F67B14D3}.nuget_release|Any CPU.Build.0 = nuget_release|Any CPU
		{9EA0FBB5-C3ED-4C41-9ABE-0585F67B14D3}.nuget_release|x64.ActiveCfg = nuget_release|x64
		{9EA0FBB5-C3ED-4C41-9ABE-0585F67B14D3}.nuget_release|x64.Build.0 = nuget_release|x64
		{9EA0FBB5-C3ED-4C41-9ABE-0585F67B14D3}.nuget_release|x86.ActiveCfg = nuget_release|Any CPU
		{9EA0FBB5-C3ED-4C41-9ABE-0585F67B14D3}.nuget_release|x86.Build.0 = nuget_release|Any CPU
		{9EA0FBB5-C3ED-4C41-9ABE-0585F67B14D3}.PlantMAT|Any CPU.ActiveCfg = PlantMAT|Any CPU
		{9EA0FBB5-C3ED-4C41-9ABE-0585F67B14D3}.PlantMAT|Any CPU.Build.0 = PlantMAT|Any CPU
		{9EA0FBB5-C3ED-4C41-9ABE-0585F67B14D3}.PlantMAT|x64.ActiveCfg = PlantMAT|x64
		{9EA0FBB5-C3ED-4C41-9ABE-0585F67B14D3}.PlantMAT|x64.Build.0 = PlantMAT|x64
		{9EA0FBB5-C3ED-4C41-9ABE-0585F67B14D3}.PlantMAT|x86.ActiveCfg = PlantMAT|Any CPU
		{9EA0FBB5-C3ED-4C41-9ABE-0585F67B14D3}.PlantMAT|x86.Build.0 = PlantMAT|Any CPU
		{9EA0FBB5-C3ED-4C41-9ABE-0585F67B14D3}.Release|Any CPU.ActiveCfg = Release|Any CPU
		{9EA0FBB5-C3ED-4C41-9ABE-0585F67B14D3}.Release|Any CPU.Build.0 = Release|Any CPU
		{9EA0FBB5-C3ED-4C41-9ABE-0585F67B14D3}.Release|x64.ActiveCfg = Release|x64
		{9EA0FBB5-C3ED-4C41-9ABE-0585F67B14D3}.Release|x64.Build.0 = Release|x64
		{9EA0FBB5-C3ED-4C41-9ABE-0585F67B14D3}.Release|x86.ActiveCfg = Release|Any CPU
		{9EA0FBB5-C3ED-4C41-9ABE-0585F67B14D3}.Release|x86.Build.0 = Release|Any CPU
		{9EA0FBB5-C3ED-4C41-9ABE-0585F67B14D3}.Rsharp_app_release|Any CPU.ActiveCfg = Rsharp_app_release|Any CPU
		{9EA0FBB5-C3ED-4C41-9ABE-0585F67B14D3}.Rsharp_app_release|Any CPU.Build.0 = Rsharp_app_release|Any CPU
		{9EA0FBB5-C3ED-4C41-9ABE-0585F67B14D3}.Rsharp_app_release|x64.ActiveCfg = Rsharp_app_release|x64
		{9EA0FBB5-C3ED-4C41-9ABE-0585F67B14D3}.Rsharp_app_release|x64.Build.0 = Rsharp_app_release|x64
		{9EA0FBB5-C3ED-4C41-9ABE-0585F67B14D3}.Rsharp_app_release|x86.ActiveCfg = Rsharp_app_release|Any CPU
		{9EA0FBB5-C3ED-4C41-9ABE-0585F67B14D3}.Rsharp_app_release|x86.Build.0 = Rsharp_app_release|Any CPU
		{0A87DA34-AF4B-4EC3-BB6D-DA36B01B02AF}.CFD_win32|Any CPU.ActiveCfg = CFD_win32|Any CPU
		{0A87DA34-AF4B-4EC3-BB6D-DA36B01B02AF}.CFD_win32|Any CPU.Build.0 = CFD_win32|Any CPU
		{0A87DA34-AF4B-4EC3-BB6D-DA36B01B02AF}.CFD_win32|x64.ActiveCfg = CFD_win32|x64
		{0A87DA34-AF4B-4EC3-BB6D-DA36B01B02AF}.CFD_win32|x64.Build.0 = CFD_win32|x64
		{0A87DA34-AF4B-4EC3-BB6D-DA36B01B02AF}.CFD_win32|x86.ActiveCfg = CFD_win32|Any CPU
		{0A87DA34-AF4B-4EC3-BB6D-DA36B01B02AF}.CFD_win32|x86.Build.0 = CFD_win32|Any CPU
		{0A87DA34-AF4B-4EC3-BB6D-DA36B01B02AF}.Debug|Any CPU.ActiveCfg = Debug|Any CPU
		{0A87DA34-AF4B-4EC3-BB6D-DA36B01B02AF}.Debug|Any CPU.Build.0 = Debug|Any CPU
		{0A87DA34-AF4B-4EC3-BB6D-DA36B01B02AF}.Debug|x64.ActiveCfg = Debug|x64
		{0A87DA34-AF4B-4EC3-BB6D-DA36B01B02AF}.Debug|x64.Build.0 = Debug|x64
		{0A87DA34-AF4B-4EC3-BB6D-DA36B01B02AF}.Debug|x86.ActiveCfg = Debug|Any CPU
		{0A87DA34-AF4B-4EC3-BB6D-DA36B01B02AF}.Debug|x86.Build.0 = Debug|Any CPU
		{0A87DA34-AF4B-4EC3-BB6D-DA36B01B02AF}.Docker|Any CPU.ActiveCfg = Docker|Any CPU
		{0A87DA34-AF4B-4EC3-BB6D-DA36B01B02AF}.Docker|Any CPU.Build.0 = Docker|Any CPU
		{0A87DA34-AF4B-4EC3-BB6D-DA36B01B02AF}.Docker|x64.ActiveCfg = Docker|x64
		{0A87DA34-AF4B-4EC3-BB6D-DA36B01B02AF}.Docker|x64.Build.0 = Docker|x64
		{0A87DA34-AF4B-4EC3-BB6D-DA36B01B02AF}.Docker|x86.ActiveCfg = Docker|Any CPU
		{0A87DA34-AF4B-4EC3-BB6D-DA36B01B02AF}.Docker|x86.Build.0 = Docker|Any CPU
		{0A87DA34-AF4B-4EC3-BB6D-DA36B01B02AF}.gcmodeller_desktop|Any CPU.ActiveCfg = gcmodeller_desktop|Any CPU
		{0A87DA34-AF4B-4EC3-BB6D-DA36B01B02AF}.gcmodeller_desktop|Any CPU.Build.0 = gcmodeller_desktop|Any CPU
		{0A87DA34-AF4B-4EC3-BB6D-DA36B01B02AF}.gcmodeller_desktop|x64.ActiveCfg = gcmodeller_desktop|x64
		{0A87DA34-AF4B-4EC3-BB6D-DA36B01B02AF}.gcmodeller_desktop|x64.Build.0 = gcmodeller_desktop|x64
		{0A87DA34-AF4B-4EC3-BB6D-DA36B01B02AF}.gcmodeller_desktop|x86.ActiveCfg = gcmodeller_desktop|Any CPU
		{0A87DA34-AF4B-4EC3-BB6D-DA36B01B02AF}.gcmodeller_desktop|x86.Build.0 = gcmodeller_desktop|Any CPU
		{0A87DA34-AF4B-4EC3-BB6D-DA36B01B02AF}.LipidSearch|Any CPU.ActiveCfg = LipidSearch|Any CPU
		{0A87DA34-AF4B-4EC3-BB6D-DA36B01B02AF}.LipidSearch|Any CPU.Build.0 = LipidSearch|Any CPU
		{0A87DA34-AF4B-4EC3-BB6D-DA36B01B02AF}.LipidSearch|x64.ActiveCfg = LipidSearch|x64
		{0A87DA34-AF4B-4EC3-BB6D-DA36B01B02AF}.LipidSearch|x64.Build.0 = LipidSearch|x64
		{0A87DA34-AF4B-4EC3-BB6D-DA36B01B02AF}.LipidSearch|x86.ActiveCfg = LipidSearch|Any CPU
		{0A87DA34-AF4B-4EC3-BB6D-DA36B01B02AF}.LipidSearch|x86.Build.0 = LipidSearch|Any CPU
		{0A87DA34-AF4B-4EC3-BB6D-DA36B01B02AF}.mzkit_win32|Any CPU.ActiveCfg = mzkit_win32|Any CPU
		{0A87DA34-AF4B-4EC3-BB6D-DA36B01B02AF}.mzkit_win32|Any CPU.Build.0 = mzkit_win32|Any CPU
		{0A87DA34-AF4B-4EC3-BB6D-DA36B01B02AF}.mzkit_win32|x64.ActiveCfg = mzkit_win32|x64
		{0A87DA34-AF4B-4EC3-BB6D-DA36B01B02AF}.mzkit_win32|x64.Build.0 = mzkit_win32|x64
		{0A87DA34-AF4B-4EC3-BB6D-DA36B01B02AF}.mzkit_win32|x86.ActiveCfg = mzkit_win32|Any CPU
		{0A87DA34-AF4B-4EC3-BB6D-DA36B01B02AF}.mzkit_win32|x86.Build.0 = mzkit_win32|Any CPU
		{0A87DA34-AF4B-4EC3-BB6D-DA36B01B02AF}.mzkit|Any CPU.ActiveCfg = mzkit_win32|Any CPU
		{0A87DA34-AF4B-4EC3-BB6D-DA36B01B02AF}.mzkit|Any CPU.Build.0 = mzkit_win32|Any CPU
		{0A87DA34-AF4B-4EC3-BB6D-DA36B01B02AF}.mzkit|x64.ActiveCfg = mzkit_win32|x64
		{0A87DA34-AF4B-4EC3-BB6D-DA36B01B02AF}.mzkit|x64.Build.0 = mzkit_win32|x64
		{0A87DA34-AF4B-4EC3-BB6D-DA36B01B02AF}.mzkit|x86.ActiveCfg = mzkit_win32|Any CPU
		{0A87DA34-AF4B-4EC3-BB6D-DA36B01B02AF}.mzkit|x86.Build.0 = mzkit_win32|Any CPU
		{0A87DA34-AF4B-4EC3-BB6D-DA36B01B02AF}.NPSearch|Any CPU.ActiveCfg = NPSearch|Any CPU
		{0A87DA34-AF4B-4EC3-BB6D-DA36B01B02AF}.NPSearch|Any CPU.Build.0 = NPSearch|Any CPU
		{0A87DA34-AF4B-4EC3-BB6D-DA36B01B02AF}.NPSearch|x64.ActiveCfg = NPSearch|x64
		{0A87DA34-AF4B-4EC3-BB6D-DA36B01B02AF}.NPSearch|x64.Build.0 = NPSearch|x64
		{0A87DA34-AF4B-4EC3-BB6D-DA36B01B02AF}.NPSearch|x86.ActiveCfg = NPSearch|Any CPU
		{0A87DA34-AF4B-4EC3-BB6D-DA36B01B02AF}.NPSearch|x86.Build.0 = NPSearch|Any CPU
		{0A87DA34-AF4B-4EC3-BB6D-DA36B01B02AF}.nuget_release|Any CPU.ActiveCfg = nuget_release|Any CPU
		{0A87DA34-AF4B-4EC3-BB6D-DA36B01B02AF}.nuget_release|Any CPU.Build.0 = nuget_release|Any CPU
		{0A87DA34-AF4B-4EC3-BB6D-DA36B01B02AF}.nuget_release|x64.ActiveCfg = nuget_release|x64
		{0A87DA34-AF4B-4EC3-BB6D-DA36B01B02AF}.nuget_release|x64.Build.0 = nuget_release|x64
		{0A87DA34-AF4B-4EC3-BB6D-DA36B01B02AF}.nuget_release|x86.ActiveCfg = nuget_release|Any CPU
		{0A87DA34-AF4B-4EC3-BB6D-DA36B01B02AF}.nuget_release|x86.Build.0 = nuget_release|Any CPU
		{0A87DA34-AF4B-4EC3-BB6D-DA36B01B02AF}.PlantMAT|Any CPU.ActiveCfg = PlantMAT|Any CPU
		{0A87DA34-AF4B-4EC3-BB6D-DA36B01B02AF}.PlantMAT|Any CPU.Build.0 = PlantMAT|Any CPU
		{0A87DA34-AF4B-4EC3-BB6D-DA36B01B02AF}.PlantMAT|x64.ActiveCfg = PlantMAT|x64
		{0A87DA34-AF4B-4EC3-BB6D-DA36B01B02AF}.PlantMAT|x64.Build.0 = PlantMAT|x64
		{0A87DA34-AF4B-4EC3-BB6D-DA36B01B02AF}.PlantMAT|x86.ActiveCfg = PlantMAT|Any CPU
		{0A87DA34-AF4B-4EC3-BB6D-DA36B01B02AF}.PlantMAT|x86.Build.0 = PlantMAT|Any CPU
		{0A87DA34-AF4B-4EC3-BB6D-DA36B01B02AF}.Release|Any CPU.ActiveCfg = Release|Any CPU
		{0A87DA34-AF4B-4EC3-BB6D-DA36B01B02AF}.Release|Any CPU.Build.0 = Release|Any CPU
		{0A87DA34-AF4B-4EC3-BB6D-DA36B01B02AF}.Release|x64.ActiveCfg = Release|x64
		{0A87DA34-AF4B-4EC3-BB6D-DA36B01B02AF}.Release|x64.Build.0 = Release|x64
		{0A87DA34-AF4B-4EC3-BB6D-DA36B01B02AF}.Release|x86.ActiveCfg = Release|Any CPU
		{0A87DA34-AF4B-4EC3-BB6D-DA36B01B02AF}.Release|x86.Build.0 = Release|Any CPU
		{0A87DA34-AF4B-4EC3-BB6D-DA36B01B02AF}.Rsharp_app_release|Any CPU.ActiveCfg = Rsharp_app_release|Any CPU
		{0A87DA34-AF4B-4EC3-BB6D-DA36B01B02AF}.Rsharp_app_release|Any CPU.Build.0 = Rsharp_app_release|Any CPU
		{0A87DA34-AF4B-4EC3-BB6D-DA36B01B02AF}.Rsharp_app_release|x64.ActiveCfg = Rsharp_app_release|x64
		{0A87DA34-AF4B-4EC3-BB6D-DA36B01B02AF}.Rsharp_app_release|x64.Build.0 = Rsharp_app_release|x64
		{0A87DA34-AF4B-4EC3-BB6D-DA36B01B02AF}.Rsharp_app_release|x86.ActiveCfg = Rsharp_app_release|Any CPU
		{0A87DA34-AF4B-4EC3-BB6D-DA36B01B02AF}.Rsharp_app_release|x86.Build.0 = Rsharp_app_release|Any CPU
		{FC9C708D-7212-4723-BF48-460157E5E7EA}.CFD_win32|Any CPU.ActiveCfg = Debug|Any CPU
		{FC9C708D-7212-4723-BF48-460157E5E7EA}.CFD_win32|Any CPU.Build.0 = Debug|Any CPU
		{FC9C708D-7212-4723-BF48-460157E5E7EA}.CFD_win32|x64.ActiveCfg = Debug|Any CPU
		{FC9C708D-7212-4723-BF48-460157E5E7EA}.CFD_win32|x64.Build.0 = Debug|Any CPU
		{FC9C708D-7212-4723-BF48-460157E5E7EA}.CFD_win32|x86.ActiveCfg = Debug|Any CPU
		{FC9C708D-7212-4723-BF48-460157E5E7EA}.CFD_win32|x86.Build.0 = Debug|Any CPU
		{FC9C708D-7212-4723-BF48-460157E5E7EA}.Debug|Any CPU.ActiveCfg = Debug|Any CPU
		{FC9C708D-7212-4723-BF48-460157E5E7EA}.Debug|Any CPU.Build.0 = Debug|Any CPU
		{FC9C708D-7212-4723-BF48-460157E5E7EA}.Debug|x64.ActiveCfg = Debug|x64
		{FC9C708D-7212-4723-BF48-460157E5E7EA}.Debug|x64.Build.0 = Debug|x64
		{FC9C708D-7212-4723-BF48-460157E5E7EA}.Debug|x86.ActiveCfg = Debug|Any CPU
		{FC9C708D-7212-4723-BF48-460157E5E7EA}.Debug|x86.Build.0 = Debug|Any CPU
		{FC9C708D-7212-4723-BF48-460157E5E7EA}.Docker|Any CPU.ActiveCfg = Debug|Any CPU
		{FC9C708D-7212-4723-BF48-460157E5E7EA}.Docker|Any CPU.Build.0 = Debug|Any CPU
		{FC9C708D-7212-4723-BF48-460157E5E7EA}.Docker|x64.ActiveCfg = Debug|Any CPU
		{FC9C708D-7212-4723-BF48-460157E5E7EA}.Docker|x64.Build.0 = Debug|Any CPU
		{FC9C708D-7212-4723-BF48-460157E5E7EA}.Docker|x86.ActiveCfg = Debug|Any CPU
		{FC9C708D-7212-4723-BF48-460157E5E7EA}.Docker|x86.Build.0 = Debug|Any CPU
		{FC9C708D-7212-4723-BF48-460157E5E7EA}.gcmodeller_desktop|Any CPU.ActiveCfg = Debug|Any CPU
		{FC9C708D-7212-4723-BF48-460157E5E7EA}.gcmodeller_desktop|Any CPU.Build.0 = Debug|Any CPU
		{FC9C708D-7212-4723-BF48-460157E5E7EA}.gcmodeller_desktop|x64.ActiveCfg = Debug|Any CPU
		{FC9C708D-7212-4723-BF48-460157E5E7EA}.gcmodeller_desktop|x64.Build.0 = Debug|Any CPU
		{FC9C708D-7212-4723-BF48-460157E5E7EA}.gcmodeller_desktop|x86.ActiveCfg = Debug|Any CPU
		{FC9C708D-7212-4723-BF48-460157E5E7EA}.gcmodeller_desktop|x86.Build.0 = Debug|Any CPU
		{FC9C708D-7212-4723-BF48-460157E5E7EA}.LipidSearch|Any CPU.ActiveCfg = Debug|Any CPU
		{FC9C708D-7212-4723-BF48-460157E5E7EA}.LipidSearch|Any CPU.Build.0 = Debug|Any CPU
		{FC9C708D-7212-4723-BF48-460157E5E7EA}.LipidSearch|x64.ActiveCfg = Debug|Any CPU
		{FC9C708D-7212-4723-BF48-460157E5E7EA}.LipidSearch|x64.Build.0 = Debug|Any CPU
		{FC9C708D-7212-4723-BF48-460157E5E7EA}.LipidSearch|x86.ActiveCfg = Debug|Any CPU
		{FC9C708D-7212-4723-BF48-460157E5E7EA}.LipidSearch|x86.Build.0 = Debug|Any CPU
		{FC9C708D-7212-4723-BF48-460157E5E7EA}.mzkit_win32|Any CPU.ActiveCfg = Debug|Any CPU
		{FC9C708D-7212-4723-BF48-460157E5E7EA}.mzkit_win32|Any CPU.Build.0 = Debug|Any CPU
		{FC9C708D-7212-4723-BF48-460157E5E7EA}.mzkit_win32|x64.ActiveCfg = Debug|Any CPU
		{FC9C708D-7212-4723-BF48-460157E5E7EA}.mzkit_win32|x64.Build.0 = Debug|Any CPU
		{FC9C708D-7212-4723-BF48-460157E5E7EA}.mzkit_win32|x86.ActiveCfg = Debug|Any CPU
		{FC9C708D-7212-4723-BF48-460157E5E7EA}.mzkit_win32|x86.Build.0 = Debug|Any CPU
		{FC9C708D-7212-4723-BF48-460157E5E7EA}.mzkit|Any CPU.ActiveCfg = Debug|Any CPU
		{FC9C708D-7212-4723-BF48-460157E5E7EA}.mzkit|Any CPU.Build.0 = Debug|Any CPU
		{FC9C708D-7212-4723-BF48-460157E5E7EA}.mzkit|x64.ActiveCfg = Debug|Any CPU
		{FC9C708D-7212-4723-BF48-460157E5E7EA}.mzkit|x64.Build.0 = Debug|Any CPU
		{FC9C708D-7212-4723-BF48-460157E5E7EA}.mzkit|x86.ActiveCfg = Debug|Any CPU
		{FC9C708D-7212-4723-BF48-460157E5E7EA}.mzkit|x86.Build.0 = Debug|Any CPU
		{FC9C708D-7212-4723-BF48-460157E5E7EA}.NPSearch|Any CPU.ActiveCfg = Debug|Any CPU
		{FC9C708D-7212-4723-BF48-460157E5E7EA}.NPSearch|Any CPU.Build.0 = Debug|Any CPU
		{FC9C708D-7212-4723-BF48-460157E5E7EA}.NPSearch|x64.ActiveCfg = Debug|Any CPU
		{FC9C708D-7212-4723-BF48-460157E5E7EA}.NPSearch|x64.Build.0 = Debug|Any CPU
		{FC9C708D-7212-4723-BF48-460157E5E7EA}.NPSearch|x86.ActiveCfg = Debug|Any CPU
		{FC9C708D-7212-4723-BF48-460157E5E7EA}.NPSearch|x86.Build.0 = Debug|Any CPU
		{FC9C708D-7212-4723-BF48-460157E5E7EA}.nuget_release|Any CPU.ActiveCfg = Debug|Any CPU
		{FC9C708D-7212-4723-BF48-460157E5E7EA}.nuget_release|Any CPU.Build.0 = Debug|Any CPU
		{FC9C708D-7212-4723-BF48-460157E5E7EA}.nuget_release|x64.ActiveCfg = Debug|Any CPU
		{FC9C708D-7212-4723-BF48-460157E5E7EA}.nuget_release|x64.Build.0 = Debug|Any CPU
		{FC9C708D-7212-4723-BF48-460157E5E7EA}.nuget_release|x86.ActiveCfg = Debug|Any CPU
		{FC9C708D-7212-4723-BF48-460157E5E7EA}.nuget_release|x86.Build.0 = Debug|Any CPU
		{FC9C708D-7212-4723-BF48-460157E5E7EA}.PlantMAT|Any CPU.ActiveCfg = Debug|Any CPU
		{FC9C708D-7212-4723-BF48-460157E5E7EA}.PlantMAT|Any CPU.Build.0 = Debug|Any CPU
		{FC9C708D-7212-4723-BF48-460157E5E7EA}.PlantMAT|x64.ActiveCfg = Debug|Any CPU
		{FC9C708D-7212-4723-BF48-460157E5E7EA}.PlantMAT|x64.Build.0 = Debug|Any CPU
		{FC9C708D-7212-4723-BF48-460157E5E7EA}.PlantMAT|x86.ActiveCfg = Debug|Any CPU
		{FC9C708D-7212-4723-BF48-460157E5E7EA}.PlantMAT|x86.Build.0 = Debug|Any CPU
		{FC9C708D-7212-4723-BF48-460157E5E7EA}.Release|Any CPU.ActiveCfg = Release|Any CPU
		{FC9C708D-7212-4723-BF48-460157E5E7EA}.Release|Any CPU.Build.0 = Release|Any CPU
		{FC9C708D-7212-4723-BF48-460157E5E7EA}.Release|x64.ActiveCfg = Release|Any CPU
		{FC9C708D-7212-4723-BF48-460157E5E7EA}.Release|x64.Build.0 = Release|Any CPU
		{FC9C708D-7212-4723-BF48-460157E5E7EA}.Release|x86.ActiveCfg = Release|Any CPU
		{FC9C708D-7212-4723-BF48-460157E5E7EA}.Release|x86.Build.0 = Release|Any CPU
		{FC9C708D-7212-4723-BF48-460157E5E7EA}.Rsharp_app_release|Any CPU.ActiveCfg = Release|Any CPU
		{FC9C708D-7212-4723-BF48-460157E5E7EA}.Rsharp_app_release|Any CPU.Build.0 = Release|Any CPU
		{FC9C708D-7212-4723-BF48-460157E5E7EA}.Rsharp_app_release|x64.ActiveCfg = Rsharp_app_release|x64
		{FC9C708D-7212-4723-BF48-460157E5E7EA}.Rsharp_app_release|x64.Build.0 = Rsharp_app_release|x64
		{FC9C708D-7212-4723-BF48-460157E5E7EA}.Rsharp_app_release|x86.ActiveCfg = Release|Any CPU
		{FC9C708D-7212-4723-BF48-460157E5E7EA}.Rsharp_app_release|x86.Build.0 = Release|Any CPU
		{AAE3BFD2-0276-4140-8765-1D167C0D057B}.CFD_win32|Any CPU.ActiveCfg = CFD_win32|Any CPU
		{AAE3BFD2-0276-4140-8765-1D167C0D057B}.CFD_win32|Any CPU.Build.0 = CFD_win32|Any CPU
		{AAE3BFD2-0276-4140-8765-1D167C0D057B}.CFD_win32|x64.ActiveCfg = CFD_win32|x64
		{AAE3BFD2-0276-4140-8765-1D167C0D057B}.CFD_win32|x64.Build.0 = CFD_win32|x64
		{AAE3BFD2-0276-4140-8765-1D167C0D057B}.CFD_win32|x86.ActiveCfg = CFD_win32|Any CPU
		{AAE3BFD2-0276-4140-8765-1D167C0D057B}.CFD_win32|x86.Build.0 = CFD_win32|Any CPU
		{AAE3BFD2-0276-4140-8765-1D167C0D057B}.Debug|Any CPU.ActiveCfg = Debug|Any CPU
		{AAE3BFD2-0276-4140-8765-1D167C0D057B}.Debug|Any CPU.Build.0 = Debug|Any CPU
		{AAE3BFD2-0276-4140-8765-1D167C0D057B}.Debug|x64.ActiveCfg = Debug|x64
		{AAE3BFD2-0276-4140-8765-1D167C0D057B}.Debug|x64.Build.0 = Debug|x64
		{AAE3BFD2-0276-4140-8765-1D167C0D057B}.Debug|x86.ActiveCfg = Debug|Any CPU
		{AAE3BFD2-0276-4140-8765-1D167C0D057B}.Debug|x86.Build.0 = Debug|Any CPU
		{AAE3BFD2-0276-4140-8765-1D167C0D057B}.Docker|Any CPU.ActiveCfg = Debug|Any CPU
		{AAE3BFD2-0276-4140-8765-1D167C0D057B}.Docker|Any CPU.Build.0 = Debug|Any CPU
		{AAE3BFD2-0276-4140-8765-1D167C0D057B}.Docker|x64.ActiveCfg = Debug|x64
		{AAE3BFD2-0276-4140-8765-1D167C0D057B}.Docker|x64.Build.0 = Debug|x64
		{AAE3BFD2-0276-4140-8765-1D167C0D057B}.Docker|x86.ActiveCfg = Debug|Any CPU
		{AAE3BFD2-0276-4140-8765-1D167C0D057B}.Docker|x86.Build.0 = Debug|Any CPU
		{AAE3BFD2-0276-4140-8765-1D167C0D057B}.gcmodeller_desktop|Any CPU.ActiveCfg = gcmodeller_desktop|Any CPU
		{AAE3BFD2-0276-4140-8765-1D167C0D057B}.gcmodeller_desktop|Any CPU.Build.0 = gcmodeller_desktop|Any CPU
		{AAE3BFD2-0276-4140-8765-1D167C0D057B}.gcmodeller_desktop|x64.ActiveCfg = gcmodeller_desktop|x64
		{AAE3BFD2-0276-4140-8765-1D167C0D057B}.gcmodeller_desktop|x64.Build.0 = gcmodeller_desktop|x64
		{AAE3BFD2-0276-4140-8765-1D167C0D057B}.gcmodeller_desktop|x86.ActiveCfg = gcmodeller_desktop|Any CPU
		{AAE3BFD2-0276-4140-8765-1D167C0D057B}.gcmodeller_desktop|x86.Build.0 = gcmodeller_desktop|Any CPU
		{AAE3BFD2-0276-4140-8765-1D167C0D057B}.LipidSearch|Any CPU.ActiveCfg = LipidSearch|Any CPU
		{AAE3BFD2-0276-4140-8765-1D167C0D057B}.LipidSearch|Any CPU.Build.0 = LipidSearch|Any CPU
		{AAE3BFD2-0276-4140-8765-1D167C0D057B}.LipidSearch|x64.ActiveCfg = LipidSearch|x64
		{AAE3BFD2-0276-4140-8765-1D167C0D057B}.LipidSearch|x64.Build.0 = LipidSearch|x64
		{AAE3BFD2-0276-4140-8765-1D167C0D057B}.LipidSearch|x86.ActiveCfg = LipidSearch|Any CPU
		{AAE3BFD2-0276-4140-8765-1D167C0D057B}.LipidSearch|x86.Build.0 = LipidSearch|Any CPU
		{AAE3BFD2-0276-4140-8765-1D167C0D057B}.mzkit_win32|Any CPU.ActiveCfg = mzkit|Any CPU
		{AAE3BFD2-0276-4140-8765-1D167C0D057B}.mzkit_win32|Any CPU.Build.0 = mzkit|Any CPU
		{AAE3BFD2-0276-4140-8765-1D167C0D057B}.mzkit_win32|x64.ActiveCfg = mzkit|x64
		{AAE3BFD2-0276-4140-8765-1D167C0D057B}.mzkit_win32|x64.Build.0 = mzkit|x64
		{AAE3BFD2-0276-4140-8765-1D167C0D057B}.mzkit_win32|x86.ActiveCfg = mzkit|Any CPU
		{AAE3BFD2-0276-4140-8765-1D167C0D057B}.mzkit_win32|x86.Build.0 = mzkit|Any CPU
		{AAE3BFD2-0276-4140-8765-1D167C0D057B}.mzkit|Any CPU.ActiveCfg = mzkit|Any CPU
		{AAE3BFD2-0276-4140-8765-1D167C0D057B}.mzkit|Any CPU.Build.0 = mzkit|Any CPU
		{AAE3BFD2-0276-4140-8765-1D167C0D057B}.mzkit|x64.ActiveCfg = mzkit|x64
		{AAE3BFD2-0276-4140-8765-1D167C0D057B}.mzkit|x64.Build.0 = mzkit|x64
		{AAE3BFD2-0276-4140-8765-1D167C0D057B}.mzkit|x86.ActiveCfg = mzkit|Any CPU
		{AAE3BFD2-0276-4140-8765-1D167C0D057B}.mzkit|x86.Build.0 = mzkit|Any CPU
		{AAE3BFD2-0276-4140-8765-1D167C0D057B}.NPSearch|Any CPU.ActiveCfg = NPSearch|Any CPU
		{AAE3BFD2-0276-4140-8765-1D167C0D057B}.NPSearch|Any CPU.Build.0 = NPSearch|Any CPU
		{AAE3BFD2-0276-4140-8765-1D167C0D057B}.NPSearch|x64.ActiveCfg = NPSearch|x64
		{AAE3BFD2-0276-4140-8765-1D167C0D057B}.NPSearch|x64.Build.0 = NPSearch|x64
		{AAE3BFD2-0276-4140-8765-1D167C0D057B}.NPSearch|x86.ActiveCfg = NPSearch|Any CPU
		{AAE3BFD2-0276-4140-8765-1D167C0D057B}.NPSearch|x86.Build.0 = NPSearch|Any CPU
		{AAE3BFD2-0276-4140-8765-1D167C0D057B}.nuget_release|Any CPU.ActiveCfg = NPSearch|Any CPU
		{AAE3BFD2-0276-4140-8765-1D167C0D057B}.nuget_release|Any CPU.Build.0 = NPSearch|Any CPU
		{AAE3BFD2-0276-4140-8765-1D167C0D057B}.nuget_release|x64.ActiveCfg = NPSearch|x64
		{AAE3BFD2-0276-4140-8765-1D167C0D057B}.nuget_release|x64.Build.0 = NPSearch|x64
		{AAE3BFD2-0276-4140-8765-1D167C0D057B}.nuget_release|x86.ActiveCfg = NPSearch|Any CPU
		{AAE3BFD2-0276-4140-8765-1D167C0D057B}.nuget_release|x86.Build.0 = NPSearch|Any CPU
		{AAE3BFD2-0276-4140-8765-1D167C0D057B}.PlantMAT|Any CPU.ActiveCfg = PlantMAT|Any CPU
		{AAE3BFD2-0276-4140-8765-1D167C0D057B}.PlantMAT|Any CPU.Build.0 = PlantMAT|Any CPU
		{AAE3BFD2-0276-4140-8765-1D167C0D057B}.PlantMAT|x64.ActiveCfg = PlantMAT|x64
		{AAE3BFD2-0276-4140-8765-1D167C0D057B}.PlantMAT|x64.Build.0 = PlantMAT|x64
		{AAE3BFD2-0276-4140-8765-1D167C0D057B}.PlantMAT|x86.ActiveCfg = PlantMAT|Any CPU
		{AAE3BFD2-0276-4140-8765-1D167C0D057B}.PlantMAT|x86.Build.0 = PlantMAT|Any CPU
		{AAE3BFD2-0276-4140-8765-1D167C0D057B}.Release|Any CPU.ActiveCfg = Release|Any CPU
		{AAE3BFD2-0276-4140-8765-1D167C0D057B}.Release|Any CPU.Build.0 = Release|Any CPU
		{AAE3BFD2-0276-4140-8765-1D167C0D057B}.Release|x64.ActiveCfg = Release|x64
		{AAE3BFD2-0276-4140-8765-1D167C0D057B}.Release|x64.Build.0 = Release|x64
		{AAE3BFD2-0276-4140-8765-1D167C0D057B}.Release|x86.ActiveCfg = Release|Any CPU
		{AAE3BFD2-0276-4140-8765-1D167C0D057B}.Release|x86.Build.0 = Release|Any CPU
		{AAE3BFD2-0276-4140-8765-1D167C0D057B}.Rsharp_app_release|Any CPU.ActiveCfg = Rsharp_app_release|Any CPU
		{AAE3BFD2-0276-4140-8765-1D167C0D057B}.Rsharp_app_release|Any CPU.Build.0 = Rsharp_app_release|Any CPU
		{AAE3BFD2-0276-4140-8765-1D167C0D057B}.Rsharp_app_release|x64.ActiveCfg = Rsharp_app_release|x64
		{AAE3BFD2-0276-4140-8765-1D167C0D057B}.Rsharp_app_release|x64.Build.0 = Rsharp_app_release|x64
		{AAE3BFD2-0276-4140-8765-1D167C0D057B}.Rsharp_app_release|x86.ActiveCfg = Rsharp_app_release|Any CPU
		{AAE3BFD2-0276-4140-8765-1D167C0D057B}.Rsharp_app_release|x86.Build.0 = Rsharp_app_release|Any CPU
		{BA1F56CA-8F53-4717-81B1-FE1980B11E0A}.CFD_win32|Any CPU.ActiveCfg = CFD_win32|Any CPU
		{BA1F56CA-8F53-4717-81B1-FE1980B11E0A}.CFD_win32|Any CPU.Build.0 = CFD_win32|Any CPU
		{BA1F56CA-8F53-4717-81B1-FE1980B11E0A}.CFD_win32|x64.ActiveCfg = CFD_win32|x64
		{BA1F56CA-8F53-4717-81B1-FE1980B11E0A}.CFD_win32|x64.Build.0 = CFD_win32|x64
		{BA1F56CA-8F53-4717-81B1-FE1980B11E0A}.CFD_win32|x86.ActiveCfg = CFD_win32|Any CPU
		{BA1F56CA-8F53-4717-81B1-FE1980B11E0A}.CFD_win32|x86.Build.0 = CFD_win32|Any CPU
		{BA1F56CA-8F53-4717-81B1-FE1980B11E0A}.Debug|Any CPU.ActiveCfg = Debug|Any CPU
		{BA1F56CA-8F53-4717-81B1-FE1980B11E0A}.Debug|Any CPU.Build.0 = Debug|Any CPU
		{BA1F56CA-8F53-4717-81B1-FE1980B11E0A}.Debug|x64.ActiveCfg = Debug|x64
		{BA1F56CA-8F53-4717-81B1-FE1980B11E0A}.Debug|x64.Build.0 = Debug|x64
		{BA1F56CA-8F53-4717-81B1-FE1980B11E0A}.Debug|x86.ActiveCfg = Debug|Any CPU
		{BA1F56CA-8F53-4717-81B1-FE1980B11E0A}.Debug|x86.Build.0 = Debug|Any CPU
		{BA1F56CA-8F53-4717-81B1-FE1980B11E0A}.Docker|Any CPU.ActiveCfg = Debug|Any CPU
		{BA1F56CA-8F53-4717-81B1-FE1980B11E0A}.Docker|Any CPU.Build.0 = Debug|Any CPU
		{BA1F56CA-8F53-4717-81B1-FE1980B11E0A}.Docker|x64.ActiveCfg = Debug|x64
		{BA1F56CA-8F53-4717-81B1-FE1980B11E0A}.Docker|x64.Build.0 = Debug|x64
		{BA1F56CA-8F53-4717-81B1-FE1980B11E0A}.Docker|x86.ActiveCfg = Debug|Any CPU
		{BA1F56CA-8F53-4717-81B1-FE1980B11E0A}.Docker|x86.Build.0 = Debug|Any CPU
		{BA1F56CA-8F53-4717-81B1-FE1980B11E0A}.gcmodeller_desktop|Any CPU.ActiveCfg = gcmodeller_desktop|Any CPU
		{BA1F56CA-8F53-4717-81B1-FE1980B11E0A}.gcmodeller_desktop|Any CPU.Build.0 = gcmodeller_desktop|Any CPU
		{BA1F56CA-8F53-4717-81B1-FE1980B11E0A}.gcmodeller_desktop|x64.ActiveCfg = gcmodeller_desktop|x64
		{BA1F56CA-8F53-4717-81B1-FE1980B11E0A}.gcmodeller_desktop|x64.Build.0 = gcmodeller_desktop|x64
		{BA1F56CA-8F53-4717-81B1-FE1980B11E0A}.gcmodeller_desktop|x86.ActiveCfg = gcmodeller_desktop|Any CPU
		{BA1F56CA-8F53-4717-81B1-FE1980B11E0A}.gcmodeller_desktop|x86.Build.0 = gcmodeller_desktop|Any CPU
		{BA1F56CA-8F53-4717-81B1-FE1980B11E0A}.LipidSearch|Any CPU.ActiveCfg = Debug|Any CPU
		{BA1F56CA-8F53-4717-81B1-FE1980B11E0A}.LipidSearch|Any CPU.Build.0 = Debug|Any CPU
		{BA1F56CA-8F53-4717-81B1-FE1980B11E0A}.LipidSearch|x64.ActiveCfg = Debug|x64
		{BA1F56CA-8F53-4717-81B1-FE1980B11E0A}.LipidSearch|x64.Build.0 = Debug|x64
		{BA1F56CA-8F53-4717-81B1-FE1980B11E0A}.LipidSearch|x86.ActiveCfg = Debug|Any CPU
		{BA1F56CA-8F53-4717-81B1-FE1980B11E0A}.LipidSearch|x86.Build.0 = Debug|Any CPU
		{BA1F56CA-8F53-4717-81B1-FE1980B11E0A}.mzkit_win32|Any CPU.ActiveCfg = mzkit_win32|Any CPU
		{BA1F56CA-8F53-4717-81B1-FE1980B11E0A}.mzkit_win32|Any CPU.Build.0 = mzkit_win32|Any CPU
		{BA1F56CA-8F53-4717-81B1-FE1980B11E0A}.mzkit_win32|x64.ActiveCfg = mzkit_win32|x64
		{BA1F56CA-8F53-4717-81B1-FE1980B11E0A}.mzkit_win32|x64.Build.0 = mzkit_win32|x64
		{BA1F56CA-8F53-4717-81B1-FE1980B11E0A}.mzkit_win32|x86.ActiveCfg = mzkit_win32|Any CPU
		{BA1F56CA-8F53-4717-81B1-FE1980B11E0A}.mzkit_win32|x86.Build.0 = mzkit_win32|Any CPU
		{BA1F56CA-8F53-4717-81B1-FE1980B11E0A}.mzkit|Any CPU.ActiveCfg = mzkit|Any CPU
		{BA1F56CA-8F53-4717-81B1-FE1980B11E0A}.mzkit|Any CPU.Build.0 = mzkit|Any CPU
		{BA1F56CA-8F53-4717-81B1-FE1980B11E0A}.mzkit|x64.ActiveCfg = mzkit|x64
		{BA1F56CA-8F53-4717-81B1-FE1980B11E0A}.mzkit|x64.Build.0 = mzkit|x64
		{BA1F56CA-8F53-4717-81B1-FE1980B11E0A}.mzkit|x86.ActiveCfg = mzkit|Any CPU
		{BA1F56CA-8F53-4717-81B1-FE1980B11E0A}.mzkit|x86.Build.0 = mzkit|Any CPU
		{BA1F56CA-8F53-4717-81B1-FE1980B11E0A}.NPSearch|Any CPU.ActiveCfg = Debug|Any CPU
		{BA1F56CA-8F53-4717-81B1-FE1980B11E0A}.NPSearch|Any CPU.Build.0 = Debug|Any CPU
		{BA1F56CA-8F53-4717-81B1-FE1980B11E0A}.NPSearch|x64.ActiveCfg = Debug|x64
		{BA1F56CA-8F53-4717-81B1-FE1980B11E0A}.NPSearch|x64.Build.0 = Debug|x64
		{BA1F56CA-8F53-4717-81B1-FE1980B11E0A}.NPSearch|x86.ActiveCfg = Debug|Any CPU
		{BA1F56CA-8F53-4717-81B1-FE1980B11E0A}.NPSearch|x86.Build.0 = Debug|Any CPU
		{BA1F56CA-8F53-4717-81B1-FE1980B11E0A}.nuget_release|Any CPU.ActiveCfg = Debug|Any CPU
		{BA1F56CA-8F53-4717-81B1-FE1980B11E0A}.nuget_release|Any CPU.Build.0 = Debug|Any CPU
		{BA1F56CA-8F53-4717-81B1-FE1980B11E0A}.nuget_release|x64.ActiveCfg = Debug|x64
		{BA1F56CA-8F53-4717-81B1-FE1980B11E0A}.nuget_release|x64.Build.0 = Debug|x64
		{BA1F56CA-8F53-4717-81B1-FE1980B11E0A}.nuget_release|x86.ActiveCfg = Debug|Any CPU
		{BA1F56CA-8F53-4717-81B1-FE1980B11E0A}.nuget_release|x86.Build.0 = Debug|Any CPU
		{BA1F56CA-8F53-4717-81B1-FE1980B11E0A}.PlantMAT|Any CPU.ActiveCfg = PlantMAT|Any CPU
		{BA1F56CA-8F53-4717-81B1-FE1980B11E0A}.PlantMAT|Any CPU.Build.0 = PlantMAT|Any CPU
		{BA1F56CA-8F53-4717-81B1-FE1980B11E0A}.PlantMAT|x64.ActiveCfg = PlantMAT|x64
		{BA1F56CA-8F53-4717-81B1-FE1980B11E0A}.PlantMAT|x64.Build.0 = PlantMAT|x64
		{BA1F56CA-8F53-4717-81B1-FE1980B11E0A}.PlantMAT|x86.ActiveCfg = PlantMAT|Any CPU
		{BA1F56CA-8F53-4717-81B1-FE1980B11E0A}.PlantMAT|x86.Build.0 = PlantMAT|Any CPU
		{BA1F56CA-8F53-4717-81B1-FE1980B11E0A}.Release|Any CPU.ActiveCfg = Release|Any CPU
		{BA1F56CA-8F53-4717-81B1-FE1980B11E0A}.Release|Any CPU.Build.0 = Release|Any CPU
		{BA1F56CA-8F53-4717-81B1-FE1980B11E0A}.Release|x64.ActiveCfg = Release|x64
		{BA1F56CA-8F53-4717-81B1-FE1980B11E0A}.Release|x64.Build.0 = Release|x64
		{BA1F56CA-8F53-4717-81B1-FE1980B11E0A}.Release|x86.ActiveCfg = Release|Any CPU
		{BA1F56CA-8F53-4717-81B1-FE1980B11E0A}.Release|x86.Build.0 = Release|Any CPU
		{BA1F56CA-8F53-4717-81B1-FE1980B11E0A}.Rsharp_app_release|Any CPU.ActiveCfg = Rsharp_app_release|Any CPU
		{BA1F56CA-8F53-4717-81B1-FE1980B11E0A}.Rsharp_app_release|Any CPU.Build.0 = Rsharp_app_release|Any CPU
		{BA1F56CA-8F53-4717-81B1-FE1980B11E0A}.Rsharp_app_release|x64.ActiveCfg = Rsharp_app_release|x64
		{BA1F56CA-8F53-4717-81B1-FE1980B11E0A}.Rsharp_app_release|x64.Build.0 = Rsharp_app_release|x64
		{BA1F56CA-8F53-4717-81B1-FE1980B11E0A}.Rsharp_app_release|x86.ActiveCfg = Rsharp_app_release|Any CPU
		{BA1F56CA-8F53-4717-81B1-FE1980B11E0A}.Rsharp_app_release|x86.Build.0 = Rsharp_app_release|Any CPU
		{D3122300-826E-4507-A33D-D3DE3A0D920A}.CFD_win32|Any CPU.ActiveCfg = Debug|Any CPU
		{D3122300-826E-4507-A33D-D3DE3A0D920A}.CFD_win32|Any CPU.Build.0 = Debug|Any CPU
		{D3122300-826E-4507-A33D-D3DE3A0D920A}.CFD_win32|x64.ActiveCfg = Debug|x64
		{D3122300-826E-4507-A33D-D3DE3A0D920A}.CFD_win32|x64.Build.0 = Debug|x64
		{D3122300-826E-4507-A33D-D3DE3A0D920A}.CFD_win32|x86.ActiveCfg = Debug|Any CPU
		{D3122300-826E-4507-A33D-D3DE3A0D920A}.CFD_win32|x86.Build.0 = Debug|Any CPU
		{D3122300-826E-4507-A33D-D3DE3A0D920A}.Debug|Any CPU.ActiveCfg = Debug|Any CPU
		{D3122300-826E-4507-A33D-D3DE3A0D920A}.Debug|Any CPU.Build.0 = Debug|Any CPU
		{D3122300-826E-4507-A33D-D3DE3A0D920A}.Debug|x64.ActiveCfg = Debug|x64
		{D3122300-826E-4507-A33D-D3DE3A0D920A}.Debug|x64.Build.0 = Debug|x64
		{D3122300-826E-4507-A33D-D3DE3A0D920A}.Debug|x86.ActiveCfg = Debug|Any CPU
		{D3122300-826E-4507-A33D-D3DE3A0D920A}.Debug|x86.Build.0 = Debug|Any CPU
		{D3122300-826E-4507-A33D-D3DE3A0D920A}.Docker|Any CPU.ActiveCfg = Debug|Any CPU
		{D3122300-826E-4507-A33D-D3DE3A0D920A}.Docker|Any CPU.Build.0 = Debug|Any CPU
		{D3122300-826E-4507-A33D-D3DE3A0D920A}.Docker|x64.ActiveCfg = Debug|x64
		{D3122300-826E-4507-A33D-D3DE3A0D920A}.Docker|x64.Build.0 = Debug|x64
		{D3122300-826E-4507-A33D-D3DE3A0D920A}.Docker|x86.ActiveCfg = Debug|Any CPU
		{D3122300-826E-4507-A33D-D3DE3A0D920A}.Docker|x86.Build.0 = Debug|Any CPU
		{D3122300-826E-4507-A33D-D3DE3A0D920A}.gcmodeller_desktop|Any CPU.ActiveCfg = gcmodeller_desktop|Any CPU
		{D3122300-826E-4507-A33D-D3DE3A0D920A}.gcmodeller_desktop|Any CPU.Build.0 = gcmodeller_desktop|Any CPU
		{D3122300-826E-4507-A33D-D3DE3A0D920A}.gcmodeller_desktop|x64.ActiveCfg = gcmodeller_desktop|x64
		{D3122300-826E-4507-A33D-D3DE3A0D920A}.gcmodeller_desktop|x64.Build.0 = gcmodeller_desktop|x64
		{D3122300-826E-4507-A33D-D3DE3A0D920A}.gcmodeller_desktop|x86.ActiveCfg = gcmodeller_desktop|Any CPU
		{D3122300-826E-4507-A33D-D3DE3A0D920A}.gcmodeller_desktop|x86.Build.0 = gcmodeller_desktop|Any CPU
		{D3122300-826E-4507-A33D-D3DE3A0D920A}.LipidSearch|Any CPU.ActiveCfg = LipidSearch|Any CPU
		{D3122300-826E-4507-A33D-D3DE3A0D920A}.LipidSearch|Any CPU.Build.0 = LipidSearch|Any CPU
		{D3122300-826E-4507-A33D-D3DE3A0D920A}.LipidSearch|x64.ActiveCfg = LipidSearch|x64
		{D3122300-826E-4507-A33D-D3DE3A0D920A}.LipidSearch|x64.Build.0 = LipidSearch|x64
		{D3122300-826E-4507-A33D-D3DE3A0D920A}.LipidSearch|x86.ActiveCfg = LipidSearch|Any CPU
		{D3122300-826E-4507-A33D-D3DE3A0D920A}.LipidSearch|x86.Build.0 = LipidSearch|Any CPU
		{D3122300-826E-4507-A33D-D3DE3A0D920A}.mzkit_win32|Any CPU.ActiveCfg = mzkit_win32|Any CPU
		{D3122300-826E-4507-A33D-D3DE3A0D920A}.mzkit_win32|Any CPU.Build.0 = mzkit_win32|Any CPU
		{D3122300-826E-4507-A33D-D3DE3A0D920A}.mzkit_win32|x64.ActiveCfg = mzkit_win32|x64
		{D3122300-826E-4507-A33D-D3DE3A0D920A}.mzkit_win32|x64.Build.0 = mzkit_win32|x64
		{D3122300-826E-4507-A33D-D3DE3A0D920A}.mzkit_win32|x86.ActiveCfg = mzkit_win32|Any CPU
		{D3122300-826E-4507-A33D-D3DE3A0D920A}.mzkit_win32|x86.Build.0 = mzkit_win32|Any CPU
		{D3122300-826E-4507-A33D-D3DE3A0D920A}.mzkit|Any CPU.ActiveCfg = mzkit|Any CPU
		{D3122300-826E-4507-A33D-D3DE3A0D920A}.mzkit|Any CPU.Build.0 = mzkit|Any CPU
		{D3122300-826E-4507-A33D-D3DE3A0D920A}.mzkit|x64.ActiveCfg = mzkit|x64
		{D3122300-826E-4507-A33D-D3DE3A0D920A}.mzkit|x64.Build.0 = mzkit|x64
		{D3122300-826E-4507-A33D-D3DE3A0D920A}.mzkit|x86.ActiveCfg = mzkit|Any CPU
		{D3122300-826E-4507-A33D-D3DE3A0D920A}.mzkit|x86.Build.0 = mzkit|Any CPU
		{D3122300-826E-4507-A33D-D3DE3A0D920A}.NPSearch|Any CPU.ActiveCfg = NPSearch|Any CPU
		{D3122300-826E-4507-A33D-D3DE3A0D920A}.NPSearch|Any CPU.Build.0 = NPSearch|Any CPU
		{D3122300-826E-4507-A33D-D3DE3A0D920A}.NPSearch|x64.ActiveCfg = NPSearch|x64
		{D3122300-826E-4507-A33D-D3DE3A0D920A}.NPSearch|x64.Build.0 = NPSearch|x64
		{D3122300-826E-4507-A33D-D3DE3A0D920A}.NPSearch|x86.ActiveCfg = NPSearch|Any CPU
		{D3122300-826E-4507-A33D-D3DE3A0D920A}.NPSearch|x86.Build.0 = NPSearch|Any CPU
		{D3122300-826E-4507-A33D-D3DE3A0D920A}.nuget_release|Any CPU.ActiveCfg = nuget_release|Any CPU
		{D3122300-826E-4507-A33D-D3DE3A0D920A}.nuget_release|Any CPU.Build.0 = nuget_release|Any CPU
		{D3122300-826E-4507-A33D-D3DE3A0D920A}.nuget_release|x64.ActiveCfg = nuget_release|x64
		{D3122300-826E-4507-A33D-D3DE3A0D920A}.nuget_release|x64.Build.0 = nuget_release|x64
		{D3122300-826E-4507-A33D-D3DE3A0D920A}.nuget_release|x86.ActiveCfg = nuget_release|Any CPU
		{D3122300-826E-4507-A33D-D3DE3A0D920A}.nuget_release|x86.Build.0 = nuget_release|Any CPU
		{D3122300-826E-4507-A33D-D3DE3A0D920A}.PlantMAT|Any CPU.ActiveCfg = PlantMAT|Any CPU
		{D3122300-826E-4507-A33D-D3DE3A0D920A}.PlantMAT|Any CPU.Build.0 = PlantMAT|Any CPU
		{D3122300-826E-4507-A33D-D3DE3A0D920A}.PlantMAT|x64.ActiveCfg = PlantMAT|x64
		{D3122300-826E-4507-A33D-D3DE3A0D920A}.PlantMAT|x64.Build.0 = PlantMAT|x64
		{D3122300-826E-4507-A33D-D3DE3A0D920A}.PlantMAT|x86.ActiveCfg = PlantMAT|Any CPU
		{D3122300-826E-4507-A33D-D3DE3A0D920A}.PlantMAT|x86.Build.0 = PlantMAT|Any CPU
		{D3122300-826E-4507-A33D-D3DE3A0D920A}.Release|Any CPU.ActiveCfg = Release|Any CPU
		{D3122300-826E-4507-A33D-D3DE3A0D920A}.Release|Any CPU.Build.0 = Release|Any CPU
		{D3122300-826E-4507-A33D-D3DE3A0D920A}.Release|x64.ActiveCfg = Release|x64
		{D3122300-826E-4507-A33D-D3DE3A0D920A}.Release|x64.Build.0 = Release|x64
		{D3122300-826E-4507-A33D-D3DE3A0D920A}.Release|x86.ActiveCfg = Release|Any CPU
		{D3122300-826E-4507-A33D-D3DE3A0D920A}.Release|x86.Build.0 = Release|Any CPU
		{D3122300-826E-4507-A33D-D3DE3A0D920A}.Rsharp_app_release|Any CPU.ActiveCfg = Rsharp_app_release|Any CPU
		{D3122300-826E-4507-A33D-D3DE3A0D920A}.Rsharp_app_release|Any CPU.Build.0 = Rsharp_app_release|Any CPU
		{D3122300-826E-4507-A33D-D3DE3A0D920A}.Rsharp_app_release|x64.ActiveCfg = Rsharp_app_release|x64
		{D3122300-826E-4507-A33D-D3DE3A0D920A}.Rsharp_app_release|x64.Build.0 = Rsharp_app_release|x64
		{D3122300-826E-4507-A33D-D3DE3A0D920A}.Rsharp_app_release|x86.ActiveCfg = Rsharp_app_release|Any CPU
		{D3122300-826E-4507-A33D-D3DE3A0D920A}.Rsharp_app_release|x86.Build.0 = Rsharp_app_release|Any CPU
		{2CC35727-34FE-45AA-975A-7B210F30AE67}.CFD_win32|Any CPU.ActiveCfg = Debug|Any CPU
		{2CC35727-34FE-45AA-975A-7B210F30AE67}.CFD_win32|Any CPU.Build.0 = Debug|Any CPU
		{2CC35727-34FE-45AA-975A-7B210F30AE67}.CFD_win32|x64.ActiveCfg = Debug|x64
		{2CC35727-34FE-45AA-975A-7B210F30AE67}.CFD_win32|x64.Build.0 = Debug|x64
		{2CC35727-34FE-45AA-975A-7B210F30AE67}.CFD_win32|x86.ActiveCfg = Debug|Any CPU
		{2CC35727-34FE-45AA-975A-7B210F30AE67}.CFD_win32|x86.Build.0 = Debug|Any CPU
		{2CC35727-34FE-45AA-975A-7B210F30AE67}.Debug|Any CPU.ActiveCfg = Debug|Any CPU
		{2CC35727-34FE-45AA-975A-7B210F30AE67}.Debug|Any CPU.Build.0 = Debug|Any CPU
		{2CC35727-34FE-45AA-975A-7B210F30AE67}.Debug|x64.ActiveCfg = Debug|x64
		{2CC35727-34FE-45AA-975A-7B210F30AE67}.Debug|x64.Build.0 = Debug|x64
		{2CC35727-34FE-45AA-975A-7B210F30AE67}.Debug|x86.ActiveCfg = Debug|Any CPU
		{2CC35727-34FE-45AA-975A-7B210F30AE67}.Debug|x86.Build.0 = Debug|Any CPU
		{2CC35727-34FE-45AA-975A-7B210F30AE67}.Docker|Any CPU.ActiveCfg = Debug|Any CPU
		{2CC35727-34FE-45AA-975A-7B210F30AE67}.Docker|Any CPU.Build.0 = Debug|Any CPU
		{2CC35727-34FE-45AA-975A-7B210F30AE67}.Docker|x64.ActiveCfg = Debug|x64
		{2CC35727-34FE-45AA-975A-7B210F30AE67}.Docker|x64.Build.0 = Debug|x64
		{2CC35727-34FE-45AA-975A-7B210F30AE67}.Docker|x86.ActiveCfg = Debug|Any CPU
		{2CC35727-34FE-45AA-975A-7B210F30AE67}.Docker|x86.Build.0 = Debug|Any CPU
		{2CC35727-34FE-45AA-975A-7B210F30AE67}.gcmodeller_desktop|Any CPU.ActiveCfg = Debug|Any CPU
		{2CC35727-34FE-45AA-975A-7B210F30AE67}.gcmodeller_desktop|Any CPU.Build.0 = Debug|Any CPU
		{2CC35727-34FE-45AA-975A-7B210F30AE67}.gcmodeller_desktop|x64.ActiveCfg = Debug|x64
		{2CC35727-34FE-45AA-975A-7B210F30AE67}.gcmodeller_desktop|x64.Build.0 = Debug|x64
		{2CC35727-34FE-45AA-975A-7B210F30AE67}.gcmodeller_desktop|x86.ActiveCfg = Debug|Any CPU
		{2CC35727-34FE-45AA-975A-7B210F30AE67}.gcmodeller_desktop|x86.Build.0 = Debug|Any CPU
		{2CC35727-34FE-45AA-975A-7B210F30AE67}.LipidSearch|Any CPU.ActiveCfg = LipidSearch|Any CPU
		{2CC35727-34FE-45AA-975A-7B210F30AE67}.LipidSearch|Any CPU.Build.0 = LipidSearch|Any CPU
		{2CC35727-34FE-45AA-975A-7B210F30AE67}.LipidSearch|x64.ActiveCfg = LipidSearch|x64
		{2CC35727-34FE-45AA-975A-7B210F30AE67}.LipidSearch|x64.Build.0 = LipidSearch|x64
		{2CC35727-34FE-45AA-975A-7B210F30AE67}.LipidSearch|x86.ActiveCfg = LipidSearch|Any CPU
		{2CC35727-34FE-45AA-975A-7B210F30AE67}.LipidSearch|x86.Build.0 = LipidSearch|Any CPU
		{2CC35727-34FE-45AA-975A-7B210F30AE67}.mzkit_win32|Any CPU.ActiveCfg = mzkit_win32|Any CPU
		{2CC35727-34FE-45AA-975A-7B210F30AE67}.mzkit_win32|Any CPU.Build.0 = mzkit_win32|Any CPU
		{2CC35727-34FE-45AA-975A-7B210F30AE67}.mzkit_win32|x64.ActiveCfg = mzkit_win32|x64
		{2CC35727-34FE-45AA-975A-7B210F30AE67}.mzkit_win32|x64.Build.0 = mzkit_win32|x64
		{2CC35727-34FE-45AA-975A-7B210F30AE67}.mzkit_win32|x86.ActiveCfg = mzkit_win32|Any CPU
		{2CC35727-34FE-45AA-975A-7B210F30AE67}.mzkit_win32|x86.Build.0 = mzkit_win32|Any CPU
		{2CC35727-34FE-45AA-975A-7B210F30AE67}.mzkit|Any CPU.ActiveCfg = mzkit_win32|Any CPU
		{2CC35727-34FE-45AA-975A-7B210F30AE67}.mzkit|Any CPU.Build.0 = mzkit_win32|Any CPU
		{2CC35727-34FE-45AA-975A-7B210F30AE67}.mzkit|x64.ActiveCfg = mzkit_win32|x64
		{2CC35727-34FE-45AA-975A-7B210F30AE67}.mzkit|x64.Build.0 = mzkit_win32|x64
		{2CC35727-34FE-45AA-975A-7B210F30AE67}.mzkit|x86.ActiveCfg = mzkit_win32|Any CPU
		{2CC35727-34FE-45AA-975A-7B210F30AE67}.mzkit|x86.Build.0 = mzkit_win32|Any CPU
		{2CC35727-34FE-45AA-975A-7B210F30AE67}.NPSearch|Any CPU.ActiveCfg = NPSearch|Any CPU
		{2CC35727-34FE-45AA-975A-7B210F30AE67}.NPSearch|Any CPU.Build.0 = NPSearch|Any CPU
		{2CC35727-34FE-45AA-975A-7B210F30AE67}.NPSearch|x64.ActiveCfg = NPSearch|x64
		{2CC35727-34FE-45AA-975A-7B210F30AE67}.NPSearch|x64.Build.0 = NPSearch|x64
		{2CC35727-34FE-45AA-975A-7B210F30AE67}.NPSearch|x86.ActiveCfg = NPSearch|Any CPU
		{2CC35727-34FE-45AA-975A-7B210F30AE67}.NPSearch|x86.Build.0 = NPSearch|Any CPU
		{2CC35727-34FE-45AA-975A-7B210F30AE67}.nuget_release|Any CPU.ActiveCfg = NPSearch|Any CPU
		{2CC35727-34FE-45AA-975A-7B210F30AE67}.nuget_release|Any CPU.Build.0 = NPSearch|Any CPU
		{2CC35727-34FE-45AA-975A-7B210F30AE67}.nuget_release|x64.ActiveCfg = NPSearch|x64
		{2CC35727-34FE-45AA-975A-7B210F30AE67}.nuget_release|x64.Build.0 = NPSearch|x64
		{2CC35727-34FE-45AA-975A-7B210F30AE67}.nuget_release|x86.ActiveCfg = NPSearch|Any CPU
		{2CC35727-34FE-45AA-975A-7B210F30AE67}.nuget_release|x86.Build.0 = NPSearch|Any CPU
		{2CC35727-34FE-45AA-975A-7B210F30AE67}.PlantMAT|Any CPU.ActiveCfg = PlantMAT|Any CPU
		{2CC35727-34FE-45AA-975A-7B210F30AE67}.PlantMAT|Any CPU.Build.0 = PlantMAT|Any CPU
		{2CC35727-34FE-45AA-975A-7B210F30AE67}.PlantMAT|x64.ActiveCfg = PlantMAT|x64
		{2CC35727-34FE-45AA-975A-7B210F30AE67}.PlantMAT|x64.Build.0 = PlantMAT|x64
		{2CC35727-34FE-45AA-975A-7B210F30AE67}.PlantMAT|x86.ActiveCfg = PlantMAT|Any CPU
		{2CC35727-34FE-45AA-975A-7B210F30AE67}.PlantMAT|x86.Build.0 = PlantMAT|Any CPU
		{2CC35727-34FE-45AA-975A-7B210F30AE67}.Release|Any CPU.ActiveCfg = Release|Any CPU
		{2CC35727-34FE-45AA-975A-7B210F30AE67}.Release|Any CPU.Build.0 = Release|Any CPU
		{2CC35727-34FE-45AA-975A-7B210F30AE67}.Release|x64.ActiveCfg = Release|x64
		{2CC35727-34FE-45AA-975A-7B210F30AE67}.Release|x64.Build.0 = Release|x64
		{2CC35727-34FE-45AA-975A-7B210F30AE67}.Release|x86.ActiveCfg = Release|Any CPU
		{2CC35727-34FE-45AA-975A-7B210F30AE67}.Release|x86.Build.0 = Release|Any CPU
		{2CC35727-34FE-45AA-975A-7B210F30AE67}.Rsharp_app_release|Any CPU.ActiveCfg = Rsharp_app_release|Any CPU
		{2CC35727-34FE-45AA-975A-7B210F30AE67}.Rsharp_app_release|Any CPU.Build.0 = Rsharp_app_release|Any CPU
		{2CC35727-34FE-45AA-975A-7B210F30AE67}.Rsharp_app_release|x64.ActiveCfg = Rsharp_app_release|x64
		{2CC35727-34FE-45AA-975A-7B210F30AE67}.Rsharp_app_release|x64.Build.0 = Rsharp_app_release|x64
		{2CC35727-34FE-45AA-975A-7B210F30AE67}.Rsharp_app_release|x86.ActiveCfg = Rsharp_app_release|Any CPU
		{2CC35727-34FE-45AA-975A-7B210F30AE67}.Rsharp_app_release|x86.Build.0 = Rsharp_app_release|Any CPU
	EndGlobalSection
	GlobalSection(SolutionProperties) = preSolution
		HideSolutionNode = FALSE
	EndGlobalSection
	GlobalSection(NestedProjects) = preSolution
		{5A2FEF71-A869-4A4D-BADF-488B734BC0B5} = {3610AC87-EB26-4D33-96C7-38BDA6E6170E}
		{F21F3DEC-FC21-4C5E-BC89-7AD066DBE1D9} = {0D476952-DD07-47C0-BFCC-87D3730E5541}
		{4965E233-29D8-415B-B9F5-77B5846FD99A} = {32C64855-D9D5-42EC-9638-EF08CF94FFCA}
		{2AA10A4F-D8F6-4310-85E9-711148DC7264} = {32C64855-D9D5-42EC-9638-EF08CF94FFCA}
		{B2528E70-F856-47CB-AD38-DC49DE2A504F} = {0D476952-DD07-47C0-BFCC-87D3730E5541}
		{C86F033D-C1B5-486F-8571-6241134E4B38} = {B2528E70-F856-47CB-AD38-DC49DE2A504F}
		{D8CAFA0D-A01B-4EDF-8F8C-B732D4C97B0E} = {B2528E70-F856-47CB-AD38-DC49DE2A504F}
		{56290C43-4CEE-463A-96E8-DD326E090F98} = {0D476952-DD07-47C0-BFCC-87D3730E5541}
		{BB401F2E-31A9-4988-B4D6-7466C1A090F0} = {56290C43-4CEE-463A-96E8-DD326E090F98}
		{195C442E-E063-41F1-A6BA-7D3EC9EE1164} = {56290C43-4CEE-463A-96E8-DD326E090F98}
		{9EA0FBB5-C3ED-4C41-9ABE-0585F67B14D3} = {56290C43-4CEE-463A-96E8-DD326E090F98}
		{32C64855-D9D5-42EC-9638-EF08CF94FFCA} = {0D476952-DD07-47C0-BFCC-87D3730E5541}
		{0A87DA34-AF4B-4EC3-BB6D-DA36B01B02AF} = {0D476952-DD07-47C0-BFCC-87D3730E5541}
		{AAE3BFD2-0276-4140-8765-1D167C0D057B} = {18E8B119-A38E-4597-95F7-C0DAD9A29DFD}
		{BA1F56CA-8F53-4717-81B1-FE1980B11E0A} = {18E8B119-A38E-4597-95F7-C0DAD9A29DFD}
		{843B6786-8992-48BF-99BE-6579B9645961} = {18E8B119-A38E-4597-95F7-C0DAD9A29DFD}
		{D3122300-826E-4507-A33D-D3DE3A0D920A} = {56290C43-4CEE-463A-96E8-DD326E090F98}
		{2CC35727-34FE-45AA-975A-7B210F30AE67} = {3610AC87-EB26-4D33-96C7-38BDA6E6170E}
	EndGlobalSection
	GlobalSection(ExtensibilityGlobals) = postSolution
		SolutionGuid = {CFBEFD3F-063D-4AF0-A361-52C190B91CCA}
	EndGlobalSection
	GlobalSection(SharedMSBuildProjectFiles) = preSolution
		..\..\R-sharp\Library\shares\dataframeHelper\dataframeHelper.projitems*{843b6786-8992-48bf-99be-6579b9645961}*SharedItemsImports = 13
		..\..\R-sharp\studio\Rstudio.common\Rstudio.common.projitems*{ba1f56ca-8f53-4717-81b1-fe1980b11e0a}*SharedItemsImports = 5
		..\..\R-sharp\Library\shares\dataframeHelper\dataframeHelper.projitems*{fc9c708d-7212-4723-bf48-460157e5e7ea}*SharedItemsImports = 5
	EndGlobalSection
EndGlobal
