
Microsoft Visual Studio Solution File, Format Version 12.00
# Visual Studio Version 17
VisualStudioVersion = 17.8.34408.163
MinimumVisualStudioVersion = 10.0.40219.1
Project("{778DAE3C-4631-46EA-AA77-85C1314464D9}") = "Centos.NET5", "Centos\Centos.NET5.vbproj", "{EE95B0C8-B8AE-4613-ADBC-AC3B27EE8211}"
EndProject
Project("{2150E333-8FDC-42A3-9474-1A3956D46DE8}") = "framework", "framework", "{54DB2A20-907C-4D6D-98F6-47F75BC7A90D}"
EndProject
Project("{778DAE3C-4631-46EA-AA77-85C1314464D9}") = "Core", "..\..\..\sciBASIC#\Microsoft.VisualBasic.Core\src\Core.vbproj", "{9291B390-F4B5-4143-A0CD-C16F227DA3BB}"
EndProject
Project("{F184B08F-C81C-45F6-A57F-5ABD9991F28F}") = "test", "Centos\test\test.vbproj", "{B2BBC691-2E8A-47D5-9442-0AB438858AF0}"
EndProject
Global
	GlobalSection(SolutionConfigurationPlatforms) = preSolution
		BioDeep|Any CPU = BioDeep|Any CPU
		BioDeep|x64 = BioDeep|x64
		BioDeep|x86 = BioDeep|x86
		CFD_win32|Any CPU = CFD_win32|Any CPU
		CFD_win32|x64 = CFD_win32|x64
		CFD_win32|x86 = CFD_win32|x86
		Debug|Any CPU = Debug|Any CPU
		Debug|x64 = Debug|x64
		Debug|x86 = Debug|x86
		Docker|Any CPU = Docker|Any CPU
		Docker|x64 = Docker|x64
		Docker|x86 = Docker|x86
		gcmodeller_desktop|Any CPU = gcmodeller_desktop|Any CPU
		gcmodeller_desktop|x64 = gcmodeller_desktop|x64
		gcmodeller_desktop|x86 = gcmodeller_desktop|x86
		LipidSearch|Any CPU = LipidSearch|Any CPU
		LipidSearch|x64 = LipidSearch|x64
		LipidSearch|x86 = LipidSearch|x86
		mzkit_win32|Any CPU = mzkit_win32|Any CPU
		mzkit_win32|x64 = mzkit_win32|x64
		mzkit_win32|x86 = mzkit_win32|x86
		mzkit|Any CPU = mzkit|Any CPU
		mzkit|x64 = mzkit|x64
		mzkit|x86 = mzkit|x86
		NPSearch|Any CPU = NPSearch|Any CPU
		NPSearch|x64 = NPSearch|x64
		NPSearch|x86 = NPSearch|x86
		nuget_release|Any CPU = nuget_release|Any CPU
		nuget_release|x64 = nuget_release|x64
		nuget_release|x86 = nuget_release|x86
		PlantMAT|Any CPU = PlantMAT|Any CPU
		PlantMAT|x64 = PlantMAT|x64
		PlantMAT|x86 = PlantMAT|x86
		Release|Any CPU = Release|Any CPU
		Release|x64 = Release|x64
		Release|x86 = Release|x86
		Rsharp_app_release|Any CPU = Rsharp_app_release|Any CPU
		Rsharp_app_release|x64 = Rsharp_app_release|x64
		Rsharp_app_release|x86 = Rsharp_app_release|x86
	EndGlobalSection
	GlobalSection(ProjectConfigurationPlatforms) = postSolution
		{EE95B0C8-B8AE-4613-ADBC-AC3B27EE8211}.BioDeep|Any CPU.ActiveCfg = Rsharp_app_release|Any CPU
		{EE95B0C8-B8AE-4613-ADBC-AC3B27EE8211}.BioDeep|Any CPU.Build.0 = Rsharp_app_release|Any CPU
		{EE95B0C8-B8AE-4613-ADBC-AC3B27EE8211}.BioDeep|x64.ActiveCfg = Rsharp_app_release|x64
		{EE95B0C8-B8AE-4613-ADBC-AC3B27EE8211}.BioDeep|x64.Build.0 = Rsharp_app_release|x64
		{EE95B0C8-B8AE-4613-ADBC-AC3B27EE8211}.BioDeep|x86.ActiveCfg = Rsharp_app_release|Any CPU
		{EE95B0C8-B8AE-4613-ADBC-AC3B27EE8211}.BioDeep|x86.Build.0 = Rsharp_app_release|Any CPU
		{EE95B0C8-B8AE-4613-ADBC-AC3B27EE8211}.CFD_win32|Any CPU.ActiveCfg = Debug|Any CPU
		{EE95B0C8-B8AE-4613-ADBC-AC3B27EE8211}.CFD_win32|Any CPU.Build.0 = Debug|Any CPU
		{EE95B0C8-B8AE-4613-ADBC-AC3B27EE8211}.CFD_win32|x64.ActiveCfg = Debug|x64
		{EE95B0C8-B8AE-4613-ADBC-AC3B27EE8211}.CFD_win32|x64.Build.0 = Debug|x64
		{EE95B0C8-B8AE-4613-ADBC-AC3B27EE8211}.CFD_win32|x86.ActiveCfg = Debug|Any CPU
		{EE95B0C8-B8AE-4613-ADBC-AC3B27EE8211}.CFD_win32|x86.Build.0 = Debug|Any CPU
		{EE95B0C8-B8AE-4613-ADBC-AC3B27EE8211}.Debug|Any CPU.ActiveCfg = Debug|Any CPU
		{EE95B0C8-B8AE-4613-ADBC-AC3B27EE8211}.Debug|Any CPU.Build.0 = Debug|Any CPU
		{EE95B0C8-B8AE-4613-ADBC-AC3B27EE8211}.Debug|x64.ActiveCfg = Debug|x64
		{EE95B0C8-B8AE-4613-ADBC-AC3B27EE8211}.Debug|x64.Build.0 = Debug|x64
		{EE95B0C8-B8AE-4613-ADBC-AC3B27EE8211}.Debug|x86.ActiveCfg = Debug|Any CPU
		{EE95B0C8-B8AE-4613-ADBC-AC3B27EE8211}.Debug|x86.Build.0 = Debug|Any CPU
		{EE95B0C8-B8AE-4613-ADBC-AC3B27EE8211}.Docker|Any CPU.ActiveCfg = Debug|Any CPU
		{EE95B0C8-B8AE-4613-ADBC-AC3B27EE8211}.Docker|Any CPU.Build.0 = Debug|Any CPU
		{EE95B0C8-B8AE-4613-ADBC-AC3B27EE8211}.Docker|x64.ActiveCfg = Debug|x64
		{EE95B0C8-B8AE-4613-ADBC-AC3B27EE8211}.Docker|x64.Build.0 = Debug|x64
		{EE95B0C8-B8AE-4613-ADBC-AC3B27EE8211}.Docker|x86.ActiveCfg = Debug|Any CPU
		{EE95B0C8-B8AE-4613-ADBC-AC3B27EE8211}.Docker|x86.Build.0 = Debug|Any CPU
		{EE95B0C8-B8AE-4613-ADBC-AC3B27EE8211}.gcmodeller_desktop|Any CPU.ActiveCfg = Debug|Any CPU
		{EE95B0C8-B8AE-4613-ADBC-AC3B27EE8211}.gcmodeller_desktop|Any CPU.Build.0 = Debug|Any CPU
		{EE95B0C8-B8AE-4613-ADBC-AC3B27EE8211}.gcmodeller_desktop|x64.ActiveCfg = Debug|x64
		{EE95B0C8-B8AE-4613-ADBC-AC3B27EE8211}.gcmodeller_desktop|x64.Build.0 = Debug|x64
		{EE95B0C8-B8AE-4613-ADBC-AC3B27EE8211}.gcmodeller_desktop|x86.ActiveCfg = Debug|Any CPU
		{EE95B0C8-B8AE-4613-ADBC-AC3B27EE8211}.gcmodeller_desktop|x86.Build.0 = Debug|Any CPU
		{EE95B0C8-B8AE-4613-ADBC-AC3B27EE8211}.LipidSearch|Any CPU.ActiveCfg = LipidSearch|Any CPU
		{EE95B0C8-B8AE-4613-ADBC-AC3B27EE8211}.LipidSearch|Any CPU.Build.0 = LipidSearch|Any CPU
		{EE95B0C8-B8AE-4613-ADBC-AC3B27EE8211}.LipidSearch|x64.ActiveCfg = LipidSearch|x64
		{EE95B0C8-B8AE-4613-ADBC-AC3B27EE8211}.LipidSearch|x64.Build.0 = LipidSearch|x64
		{EE95B0C8-B8AE-4613-ADBC-AC3B27EE8211}.LipidSearch|x86.ActiveCfg = LipidSearch|Any CPU
		{EE95B0C8-B8AE-4613-ADBC-AC3B27EE8211}.LipidSearch|x86.Build.0 = LipidSearch|Any CPU
		{EE95B0C8-B8AE-4613-ADBC-AC3B27EE8211}.mzkit_win32|Any CPU.ActiveCfg = mzkit_win32|Any CPU
		{EE95B0C8-B8AE-4613-ADBC-AC3B27EE8211}.mzkit_win32|Any CPU.Build.0 = mzkit_win32|Any CPU
		{EE95B0C8-B8AE-4613-ADBC-AC3B27EE8211}.mzkit_win32|x64.ActiveCfg = mzkit_win32|x64
		{EE95B0C8-B8AE-4613-ADBC-AC3B27EE8211}.mzkit_win32|x64.Build.0 = mzkit_win32|x64
		{EE95B0C8-B8AE-4613-ADBC-AC3B27EE8211}.mzkit_win32|x86.ActiveCfg = mzkit_win32|Any CPU
		{EE95B0C8-B8AE-4613-ADBC-AC3B27EE8211}.mzkit_win32|x86.Build.0 = mzkit_win32|Any CPU
		{EE95B0C8-B8AE-4613-ADBC-AC3B27EE8211}.mzkit|Any CPU.ActiveCfg = mzkit_win32|Any CPU
		{EE95B0C8-B8AE-4613-ADBC-AC3B27EE8211}.mzkit|Any CPU.Build.0 = mzkit_win32|Any CPU
		{EE95B0C8-B8AE-4613-ADBC-AC3B27EE8211}.mzkit|x64.ActiveCfg = mzkit_win32|x64
		{EE95B0C8-B8AE-4613-ADBC-AC3B27EE8211}.mzkit|x64.Build.0 = mzkit_win32|x64
		{EE95B0C8-B8AE-4613-ADBC-AC3B27EE8211}.mzkit|x86.ActiveCfg = mzkit_win32|Any CPU
		{EE95B0C8-B8AE-4613-ADBC-AC3B27EE8211}.mzkit|x86.Build.0 = mzkit_win32|Any CPU
		{EE95B0C8-B8AE-4613-ADBC-AC3B27EE8211}.NPSearch|Any CPU.ActiveCfg = NPSearch|Any CPU
		{EE95B0C8-B8AE-4613-ADBC-AC3B27EE8211}.NPSearch|Any CPU.Build.0 = NPSearch|Any CPU
		{EE95B0C8-B8AE-4613-ADBC-AC3B27EE8211}.NPSearch|x64.ActiveCfg = NPSearch|x64
		{EE95B0C8-B8AE-4613-ADBC-AC3B27EE8211}.NPSearch|x64.Build.0 = NPSearch|x64
		{EE95B0C8-B8AE-4613-ADBC-AC3B27EE8211}.NPSearch|x86.ActiveCfg = NPSearch|Any CPU
		{EE95B0C8-B8AE-4613-ADBC-AC3B27EE8211}.NPSearch|x86.Build.0 = NPSearch|Any CPU
		{EE95B0C8-B8AE-4613-ADBC-AC3B27EE8211}.nuget_release|Any CPU.ActiveCfg = NPSearch|Any CPU
		{EE95B0C8-B8AE-4613-ADBC-AC3B27EE8211}.nuget_release|Any CPU.Build.0 = NPSearch|Any CPU
		{EE95B0C8-B8AE-4613-ADBC-AC3B27EE8211}.nuget_release|x64.ActiveCfg = NPSearch|x64
		{EE95B0C8-B8AE-4613-ADBC-AC3B27EE8211}.nuget_release|x64.Build.0 = NPSearch|x64
		{EE95B0C8-B8AE-4613-ADBC-AC3B27EE8211}.nuget_release|x86.ActiveCfg = NPSearch|Any CPU
		{EE95B0C8-B8AE-4613-ADBC-AC3B27EE8211}.nuget_release|x86.Build.0 = NPSearch|Any CPU
		{EE95B0C8-B8AE-4613-ADBC-AC3B27EE8211}.PlantMAT|Any CPU.ActiveCfg = PlantMAT|Any CPU
		{EE95B0C8-B8AE-4613-ADBC-AC3B27EE8211}.PlantMAT|Any CPU.Build.0 = PlantMAT|Any CPU
		{EE95B0C8-B8AE-4613-ADBC-AC3B27EE8211}.PlantMAT|x64.ActiveCfg = PlantMAT|x64
		{EE95B0C8-B8AE-4613-ADBC-AC3B27EE8211}.PlantMAT|x64.Build.0 = PlantMAT|x64
		{EE95B0C8-B8AE-4613-ADBC-AC3B27EE8211}.PlantMAT|x86.ActiveCfg = PlantMAT|Any CPU
		{EE95B0C8-B8AE-4613-ADBC-AC3B27EE8211}.PlantMAT|x86.Build.0 = PlantMAT|Any CPU
		{EE95B0C8-B8AE-4613-ADBC-AC3B27EE8211}.Release|Any CPU.ActiveCfg = Release|Any CPU
		{EE95B0C8-B8AE-4613-ADBC-AC3B27EE8211}.Release|Any CPU.Build.0 = Release|Any CPU
		{EE95B0C8-B8AE-4613-ADBC-AC3B27EE8211}.Release|x64.ActiveCfg = Release|x64
		{EE95B0C8-B8AE-4613-ADBC-AC3B27EE8211}.Release|x64.Build.0 = Release|x64
		{EE95B0C8-B8AE-4613-ADBC-AC3B27EE8211}.Release|x86.ActiveCfg = Release|Any CPU
		{EE95B0C8-B8AE-4613-ADBC-AC3B27EE8211}.Release|x86.Build.0 = Release|Any CPU
		{EE95B0C8-B8AE-4613-ADBC-AC3B27EE8211}.Rsharp_app_release|Any CPU.ActiveCfg = Rsharp_app_release|Any CPU
		{EE95B0C8-B8AE-4613-ADBC-AC3B27EE8211}.Rsharp_app_release|Any CPU.Build.0 = Rsharp_app_release|Any CPU
		{EE95B0C8-B8AE-4613-ADBC-AC3B27EE8211}.Rsharp_app_release|x64.ActiveCfg = Rsharp_app_release|x64
		{EE95B0C8-B8AE-4613-ADBC-AC3B27EE8211}.Rsharp_app_release|x64.Build.0 = Rsharp_app_release|x64
		{EE95B0C8-B8AE-4613-ADBC-AC3B27EE8211}.Rsharp_app_release|x86.ActiveCfg = Rsharp_app_release|Any CPU
		{EE95B0C8-B8AE-4613-ADBC-AC3B27EE8211}.Rsharp_app_release|x86.Build.0 = Rsharp_app_release|Any CPU
		{9291B390-F4B5-4143-A0CD-C16F227DA3BB}.BioDeep|Any CPU.ActiveCfg = Desktop|Any CPU
		{9291B390-F4B5-4143-A0CD-C16F227DA3BB}.BioDeep|Any CPU.Build.0 = Desktop|Any CPU
		{9291B390-F4B5-4143-A0CD-C16F227DA3BB}.BioDeep|x64.ActiveCfg = Desktop|x64
		{9291B390-F4B5-4143-A0CD-C16F227DA3BB}.BioDeep|x64.Build.0 = Desktop|x64
		{9291B390-F4B5-4143-A0CD-C16F227DA3BB}.BioDeep|x86.ActiveCfg = Desktop|x86
		{9291B390-F4B5-4143-A0CD-C16F227DA3BB}.BioDeep|x86.Build.0 = Desktop|x86
		{9291B390-F4B5-4143-A0CD-C16F227DA3BB}.CFD_win32|Any CPU.ActiveCfg = CFD_win32|Any CPU
		{9291B390-F4B5-4143-A0CD-C16F227DA3BB}.CFD_win32|Any CPU.Build.0 = CFD_win32|Any CPU
		{9291B390-F4B5-4143-A0CD-C16F227DA3BB}.CFD_win32|x64.ActiveCfg = CFD_win32|x64
		{9291B390-F4B5-4143-A0CD-C16F227DA3BB}.CFD_win32|x64.Build.0 = CFD_win32|x64
		{9291B390-F4B5-4143-A0CD-C16F227DA3BB}.CFD_win32|x86.ActiveCfg = CFD_win32|x86
		{9291B390-F4B5-4143-A0CD-C16F227DA3BB}.CFD_win32|x86.Build.0 = CFD_win32|x86
		{9291B390-F4B5-4143-A0CD-C16F227DA3BB}.Debug|Any CPU.ActiveCfg = Debug|Any CPU
		{9291B390-F4B5-4143-A0CD-C16F227DA3BB}.Debug|Any CPU.Build.0 = Debug|Any CPU
		{9291B390-F4B5-4143-A0CD-C16F227DA3BB}.Debug|x64.ActiveCfg = Debug|x64
		{9291B390-F4B5-4143-A0CD-C16F227DA3BB}.Debug|x64.Build.0 = Debug|x64
		{9291B390-F4B5-4143-A0CD-C16F227DA3BB}.Debug|x86.ActiveCfg = Debug|x86
		{9291B390-F4B5-4143-A0CD-C16F227DA3BB}.Debug|x86.Build.0 = Debug|x86
		{9291B390-F4B5-4143-A0CD-C16F227DA3BB}.Docker|Any CPU.ActiveCfg = Docker|Any CPU
		{9291B390-F4B5-4143-A0CD-C16F227DA3BB}.Docker|Any CPU.Build.0 = Docker|Any CPU
		{9291B390-F4B5-4143-A0CD-C16F227DA3BB}.Docker|x64.ActiveCfg = Docker|x64
		{9291B390-F4B5-4143-A0CD-C16F227DA3BB}.Docker|x64.Build.0 = Docker|x64
		{9291B390-F4B5-4143-A0CD-C16F227DA3BB}.Docker|x86.ActiveCfg = Docker|x86
		{9291B390-F4B5-4143-A0CD-C16F227DA3BB}.Docker|x86.Build.0 = Docker|x86
		{9291B390-F4B5-4143-A0CD-C16F227DA3BB}.gcmodeller_desktop|Any CPU.ActiveCfg = gcmodeller_desktop|Any CPU
		{9291B390-F4B5-4143-A0CD-C16F227DA3BB}.gcmodeller_desktop|Any CPU.Build.0 = gcmodeller_desktop|Any CPU
		{9291B390-F4B5-4143-A0CD-C16F227DA3BB}.gcmodeller_desktop|x64.ActiveCfg = gcmodeller_desktop|x64
		{9291B390-F4B5-4143-A0CD-C16F227DA3BB}.gcmodeller_desktop|x64.Build.0 = gcmodeller_desktop|x64
		{9291B390-F4B5-4143-A0CD-C16F227DA3BB}.gcmodeller_desktop|x86.ActiveCfg = gcmodeller_desktop|x86
		{9291B390-F4B5-4143-A0CD-C16F227DA3BB}.gcmodeller_desktop|x86.Build.0 = gcmodeller_desktop|x86
		{9291B390-F4B5-4143-A0CD-C16F227DA3BB}.LipidSearch|Any CPU.ActiveCfg = LipidSearch|Any CPU
		{9291B390-F4B5-4143-A0CD-C16F227DA3BB}.LipidSearch|Any CPU.Build.0 = LipidSearch|Any CPU
		{9291B390-F4B5-4143-A0CD-C16F227DA3BB}.LipidSearch|x64.ActiveCfg = LipidSearch|x64
		{9291B390-F4B5-4143-A0CD-C16F227DA3BB}.LipidSearch|x64.Build.0 = LipidSearch|x64
		{9291B390-F4B5-4143-A0CD-C16F227DA3BB}.LipidSearch|x86.ActiveCfg = LipidSearch|x86
		{9291B390-F4B5-4143-A0CD-C16F227DA3BB}.LipidSearch|x86.Build.0 = LipidSearch|x86
		{9291B390-F4B5-4143-A0CD-C16F227DA3BB}.mzkit_win32|Any CPU.ActiveCfg = mzkit_win32|Any CPU
		{9291B390-F4B5-4143-A0CD-C16F227DA3BB}.mzkit_win32|Any CPU.Build.0 = mzkit_win32|Any CPU
		{9291B390-F4B5-4143-A0CD-C16F227DA3BB}.mzkit_win32|x64.ActiveCfg = mzkit_win32|x64
		{9291B390-F4B5-4143-A0CD-C16F227DA3BB}.mzkit_win32|x64.Build.0 = mzkit_win32|x64
		{9291B390-F4B5-4143-A0CD-C16F227DA3BB}.mzkit_win32|x86.ActiveCfg = mzkit_win32|x86
		{9291B390-F4B5-4143-A0CD-C16F227DA3BB}.mzkit_win32|x86.Build.0 = mzkit_win32|x86
		{9291B390-F4B5-4143-A0CD-C16F227DA3BB}.mzkit|Any CPU.ActiveCfg = mzkit|Any CPU
		{9291B390-F4B5-4143-A0CD-C16F227DA3BB}.mzkit|Any CPU.Build.0 = mzkit|Any CPU
		{9291B390-F4B5-4143-A0CD-C16F227DA3BB}.mzkit|x64.ActiveCfg = mzkit|x64
		{9291B390-F4B5-4143-A0CD-C16F227DA3BB}.mzkit|x64.Build.0 = mzkit|x64
		{9291B390-F4B5-4143-A0CD-C16F227DA3BB}.mzkit|x86.ActiveCfg = mzkit|x86
		{9291B390-F4B5-4143-A0CD-C16F227DA3BB}.mzkit|x86.Build.0 = mzkit|x86
		{9291B390-F4B5-4143-A0CD-C16F227DA3BB}.NPSearch|Any CPU.ActiveCfg = NPSearch|Any CPU
		{9291B390-F4B5-4143-A0CD-C16F227DA3BB}.NPSearch|Any CPU.Build.0 = NPSearch|Any CPU
		{9291B390-F4B5-4143-A0CD-C16F227DA3BB}.NPSearch|x64.ActiveCfg = NPSearch|x64
		{9291B390-F4B5-4143-A0CD-C16F227DA3BB}.NPSearch|x64.Build.0 = NPSearch|x64
		{9291B390-F4B5-4143-A0CD-C16F227DA3BB}.NPSearch|x86.ActiveCfg = NPSearch|x86
		{9291B390-F4B5-4143-A0CD-C16F227DA3BB}.NPSearch|x86.Build.0 = NPSearch|x86
		{9291B390-F4B5-4143-A0CD-C16F227DA3BB}.nuget_release|Any CPU.ActiveCfg = nuget_release|Any CPU
		{9291B390-F4B5-4143-A0CD-C16F227DA3BB}.nuget_release|Any CPU.Build.0 = nuget_release|Any CPU
		{9291B390-F4B5-4143-A0CD-C16F227DA3BB}.nuget_release|x64.ActiveCfg = nuget_release|x64
		{9291B390-F4B5-4143-A0CD-C16F227DA3BB}.nuget_release|x64.Build.0 = nuget_release|x64
		{9291B390-F4B5-4143-A0CD-C16F227DA3BB}.nuget_release|x86.ActiveCfg = nuget_release|x86
		{9291B390-F4B5-4143-A0CD-C16F227DA3BB}.nuget_release|x86.Build.0 = nuget_release|x86
		{9291B390-F4B5-4143-A0CD-C16F227DA3BB}.PlantMAT|Any CPU.ActiveCfg = PlantMAT|Any CPU
		{9291B390-F4B5-4143-A0CD-C16F227DA3BB}.PlantMAT|Any CPU.Build.0 = PlantMAT|Any CPU
		{9291B390-F4B5-4143-A0CD-C16F227DA3BB}.PlantMAT|x64.ActiveCfg = PlantMAT|x64
		{9291B390-F4B5-4143-A0CD-C16F227DA3BB}.PlantMAT|x64.Build.0 = PlantMAT|x64
		{9291B390-F4B5-4143-A0CD-C16F227DA3BB}.PlantMAT|x86.ActiveCfg = PlantMAT|x86
		{9291B390-F4B5-4143-A0CD-C16F227DA3BB}.PlantMAT|x86.Build.0 = PlantMAT|x86
		{9291B390-F4B5-4143-A0CD-C16F227DA3BB}.Release|Any CPU.ActiveCfg = Release|Any CPU
		{9291B390-F4B5-4143-A0CD-C16F227DA3BB}.Release|Any CPU.Build.0 = Release|Any CPU
		{9291B390-F4B5-4143-A0CD-C16F227DA3BB}.Release|x64.ActiveCfg = Release|x64
		{9291B390-F4B5-4143-A0CD-C16F227DA3BB}.Release|x64.Build.0 = Release|x64
		{9291B390-F4B5-4143-A0CD-C16F227DA3BB}.Release|x86.ActiveCfg = Release|x86
		{9291B390-F4B5-4143-A0CD-C16F227DA3BB}.Release|x86.Build.0 = Release|x86
		{9291B390-F4B5-4143-A0CD-C16F227DA3BB}.Rsharp_app_release|Any CPU.ActiveCfg = Rsharp_app_release|Any CPU
		{9291B390-F4B5-4143-A0CD-C16F227DA3BB}.Rsharp_app_release|Any CPU.Build.0 = Rsharp_app_release|Any CPU
		{9291B390-F4B5-4143-A0CD-C16F227DA3BB}.Rsharp_app_release|x64.ActiveCfg = Rsharp_app_release|x64
		{9291B390-F4B5-4143-A0CD-C16F227DA3BB}.Rsharp_app_release|x64.Build.0 = Rsharp_app_release|x64
		{9291B390-F4B5-4143-A0CD-C16F227DA3BB}.Rsharp_app_release|x86.ActiveCfg = Rsharp_app_release|x86
		{9291B390-F4B5-4143-A0CD-C16F227DA3BB}.Rsharp_app_release|x86.Build.0 = Rsharp_app_release|x86
		{B2BBC691-2E8A-47D5-9442-0AB438858AF0}.BioDeep|Any CPU.ActiveCfg = Debug|Any CPU
		{B2BBC691-2E8A-47D5-9442-0AB438858AF0}.BioDeep|Any CPU.Build.0 = Debug|Any CPU
		{B2BBC691-2E8A-47D5-9442-0AB438858AF0}.BioDeep|x64.ActiveCfg = Debug|Any CPU
		{B2BBC691-2E8A-47D5-9442-0AB438858AF0}.BioDeep|x64.Build.0 = Debug|Any CPU
		{B2BBC691-2E8A-47D5-9442-0AB438858AF0}.BioDeep|x86.ActiveCfg = Debug|Any CPU
		{B2BBC691-2E8A-47D5-9442-0AB438858AF0}.BioDeep|x86.Build.0 = Debug|Any CPU
		{B2BBC691-2E8A-47D5-9442-0AB438858AF0}.CFD_win32|Any CPU.ActiveCfg = Debug|Any CPU
		{B2BBC691-2E8A-47D5-9442-0AB438858AF0}.CFD_win32|Any CPU.Build.0 = Debug|Any CPU
		{B2BBC691-2E8A-47D5-9442-0AB438858AF0}.CFD_win32|x64.ActiveCfg = Debug|Any CPU
		{B2BBC691-2E8A-47D5-9442-0AB438858AF0}.CFD_win32|x64.Build.0 = Debug|Any CPU
		{B2BBC691-2E8A-47D5-9442-0AB438858AF0}.CFD_win32|x86.ActiveCfg = Debug|Any CPU
		{B2BBC691-2E8A-47D5-9442-0AB438858AF0}.CFD_win32|x86.Build.0 = Debug|Any CPU
		{B2BBC691-2E8A-47D5-9442-0AB438858AF0}.Debug|Any CPU.ActiveCfg = Debug|Any CPU
		{B2BBC691-2E8A-47D5-9442-0AB438858AF0}.Debug|Any CPU.Build.0 = Debug|Any CPU
		{B2BBC691-2E8A-47D5-9442-0AB438858AF0}.Debug|x64.ActiveCfg = Debug|x64
		{B2BBC691-2E8A-47D5-9442-0AB438858AF0}.Debug|x64.Build.0 = Debug|x64
		{B2BBC691-2E8A-47D5-9442-0AB438858AF0}.Debug|x86.ActiveCfg = Debug|Any CPU
		{B2BBC691-2E8A-47D5-9442-0AB438858AF0}.Debug|x86.Build.0 = Debug|Any CPU
		{B2BBC691-2E8A-47D5-9442-0AB438858AF0}.Docker|Any CPU.ActiveCfg = Debug|Any CPU
		{B2BBC691-2E8A-47D5-9442-0AB438858AF0}.Docker|Any CPU.Build.0 = Debug|Any CPU
		{B2BBC691-2E8A-47D5-9442-0AB438858AF0}.Docker|x64.ActiveCfg = Debug|Any CPU
		{B2BBC691-2E8A-47D5-9442-0AB438858AF0}.Docker|x64.Build.0 = Debug|Any CPU
		{B2BBC691-2E8A-47D5-9442-0AB438858AF0}.Docker|x86.ActiveCfg = Debug|Any CPU
		{B2BBC691-2E8A-47D5-9442-0AB438858AF0}.Docker|x86.Build.0 = Debug|Any CPU
		{B2BBC691-2E8A-47D5-9442-0AB438858AF0}.gcmodeller_desktop|Any CPU.ActiveCfg = Debug|Any CPU
		{B2BBC691-2E8A-47D5-9442-0AB438858AF0}.gcmodeller_desktop|Any CPU.Build.0 = Debug|Any CPU
		{B2BBC691-2E8A-47D5-9442-0AB438858AF0}.gcmodeller_desktop|x64.ActiveCfg = Debug|Any CPU
		{B2BBC691-2E8A-47D5-9442-0AB438858AF0}.gcmodeller_desktop|x64.Build.0 = Debug|Any CPU
		{B2BBC691-2E8A-47D5-9442-0AB438858AF0}.gcmodeller_desktop|x86.ActiveCfg = Debug|Any CPU
		{B2BBC691-2E8A-47D5-9442-0AB438858AF0}.gcmodeller_desktop|x86.Build.0 = Debug|Any CPU
		{B2BBC691-2E8A-47D5-9442-0AB438858AF0}.LipidSearch|Any CPU.ActiveCfg = Debug|Any CPU
		{B2BBC691-2E8A-47D5-9442-0AB438858AF0}.LipidSearch|Any CPU.Build.0 = Debug|Any CPU
		{B2BBC691-2E8A-47D5-9442-0AB438858AF0}.LipidSearch|x64.ActiveCfg = Debug|Any CPU
		{B2BBC691-2E8A-47D5-9442-0AB438858AF0}.LipidSearch|x64.Build.0 = Debug|Any CPU
		{B2BBC691-2E8A-47D5-9442-0AB438858AF0}.LipidSearch|x86.ActiveCfg = Debug|Any CPU
		{B2BBC691-2E8A-47D5-9442-0AB438858AF0}.LipidSearch|x86.Build.0 = Debug|Any CPU
		{B2BBC691-2E8A-47D5-9442-0AB438858AF0}.mzkit_win32|Any CPU.ActiveCfg = Debug|Any CPU
		{B2BBC691-2E8A-47D5-9442-0AB438858AF0}.mzkit_win32|Any CPU.Build.0 = Debug|Any CPU
		{B2BBC691-2E8A-47D5-9442-0AB438858AF0}.mzkit_win32|x64.ActiveCfg = Debug|Any CPU
		{B2BBC691-2E8A-47D5-9442-0AB438858AF0}.mzkit_win32|x64.Build.0 = Debug|Any CPU
		{B2BBC691-2E8A-47D5-9442-0AB438858AF0}.mzkit_win32|x86.ActiveCfg = Debug|Any CPU
		{B2BBC691-2E8A-47D5-9442-0AB438858AF0}.mzkit_win32|x86.Build.0 = Debug|Any CPU
		{B2BBC691-2E8A-47D5-9442-0AB438858AF0}.mzkit|Any CPU.ActiveCfg = Debug|Any CPU
		{B2BBC691-2E8A-47D5-9442-0AB438858AF0}.mzkit|Any CPU.Build.0 = Debug|Any CPU
		{B2BBC691-2E8A-47D5-9442-0AB438858AF0}.mzkit|x64.ActiveCfg = Debug|Any CPU
		{B2BBC691-2E8A-47D5-9442-0AB438858AF0}.mzkit|x64.Build.0 = Debug|Any CPU
		{B2BBC691-2E8A-47D5-9442-0AB438858AF0}.mzkit|x86.ActiveCfg = Debug|Any CPU
		{B2BBC691-2E8A-47D5-9442-0AB438858AF0}.mzkit|x86.Build.0 = Debug|Any CPU
		{B2BBC691-2E8A-47D5-9442-0AB438858AF0}.NPSearch|Any CPU.ActiveCfg = Debug|Any CPU
		{B2BBC691-2E8A-47D5-9442-0AB438858AF0}.NPSearch|Any CPU.Build.0 = Debug|Any CPU
		{B2BBC691-2E8A-47D5-9442-0AB438858AF0}.NPSearch|x64.ActiveCfg = Debug|Any CPU
		{B2BBC691-2E8A-47D5-9442-0AB438858AF0}.NPSearch|x64.Build.0 = Debug|Any CPU
		{B2BBC691-2E8A-47D5-9442-0AB438858AF0}.NPSearch|x86.ActiveCfg = Debug|Any CPU
		{B2BBC691-2E8A-47D5-9442-0AB438858AF0}.NPSearch|x86.Build.0 = Debug|Any CPU
		{B2BBC691-2E8A-47D5-9442-0AB438858AF0}.nuget_release|Any CPU.ActiveCfg = Debug|Any CPU
		{B2BBC691-2E8A-47D5-9442-0AB438858AF0}.nuget_release|Any CPU.Build.0 = Debug|Any CPU
		{B2BBC691-2E8A-47D5-9442-0AB438858AF0}.nuget_release|x64.ActiveCfg = Debug|Any CPU
		{B2BBC691-2E8A-47D5-9442-0AB438858AF0}.nuget_release|x64.Build.0 = Debug|Any CPU
		{B2BBC691-2E8A-47D5-9442-0AB438858AF0}.nuget_release|x86.ActiveCfg = Debug|Any CPU
		{B2BBC691-2E8A-47D5-9442-0AB438858AF0}.nuget_release|x86.Build.0 = Debug|Any CPU
		{B2BBC691-2E8A-47D5-9442-0AB438858AF0}.PlantMAT|Any CPU.ActiveCfg = Debug|Any CPU
		{B2BBC691-2E8A-47D5-9442-0AB438858AF0}.PlantMAT|Any CPU.Build.0 = Debug|Any CPU
		{B2BBC691-2E8A-47D5-9442-0AB438858AF0}.PlantMAT|x64.ActiveCfg = Debug|Any CPU
		{B2BBC691-2E8A-47D5-9442-0AB438858AF0}.PlantMAT|x64.Build.0 = Debug|Any CPU
		{B2BBC691-2E8A-47D5-9442-0AB438858AF0}.PlantMAT|x86.ActiveCfg = Debug|Any CPU
		{B2BBC691-2E8A-47D5-9442-0AB438858AF0}.PlantMAT|x86.Build.0 = Debug|Any CPU
		{B2BBC691-2E8A-47D5-9442-0AB438858AF0}.Release|Any CPU.ActiveCfg = Release|Any CPU
		{B2BBC691-2E8A-47D5-9442-0AB438858AF0}.Release|Any CPU.Build.0 = Release|Any CPU
		{B2BBC691-2E8A-47D5-9442-0AB438858AF0}.Release|x64.ActiveCfg = Release|Any CPU
		{B2BBC691-2E8A-47D5-9442-0AB438858AF0}.Release|x64.Build.0 = Release|Any CPU
		{B2BBC691-2E8A-47D5-9442-0AB438858AF0}.Release|x86.ActiveCfg = Release|Any CPU
		{B2BBC691-2E8A-47D5-9442-0AB438858AF0}.Release|x86.Build.0 = Release|Any CPU
		{B2BBC691-2E8A-47D5-9442-0AB438858AF0}.Rsharp_app_release|Any CPU.ActiveCfg = Release|Any CPU
		{B2BBC691-2E8A-47D5-9442-0AB438858AF0}.Rsharp_app_release|Any CPU.Build.0 = Release|Any CPU
		{B2BBC691-2E8A-47D5-9442-0AB438858AF0}.Rsharp_app_release|x64.ActiveCfg = Release|Any CPU
		{B2BBC691-2E8A-47D5-9442-0AB438858AF0}.Rsharp_app_release|x64.Build.0 = Release|Any CPU
		{B2BBC691-2E8A-47D5-9442-0AB438858AF0}.Rsharp_app_release|x86.ActiveCfg = Release|Any CPU
		{B2BBC691-2E8A-47D5-9442-0AB438858AF0}.Rsharp_app_release|x86.Build.0 = Release|Any CPU
	EndGlobalSection
	GlobalSection(SolutionProperties) = preSolution
		HideSolutionNode = FALSE
	EndGlobalSection
	GlobalSection(NestedProjects) = preSolution
		{9291B390-F4B5-4143-A0CD-C16F227DA3BB} = {54DB2A20-907C-4D6D-98F6-47F75BC7A90D}
	EndGlobalSection
	GlobalSection(ExtensibilityGlobals) = postSolution
		SolutionGuid = {3D996CFB-D986-449F-BDAE-A8E9A9B69B8B}
	EndGlobalSection
EndGlobal
