
Microsoft Visual Studio Solution File, Format Version 12.00
# Visual Studio Version 18
VisualStudioVersion = 18.7.11925.98 stable
MinimumVisualStudioVersion = 10.0.40219.1
Project("{2150E333-8FDC-42A3-9474-1A3956D46DE8}") = "framework", "framework", "{5CB499DB-5073-413B-8172-D16A5A9A5195}"
EndProject
Project("{F184B08F-C81C-45F6-A57F-5ABD9991F28F}") = "Docker.NET5", "Docker\Docker.NET5.vbproj", "{832F61D4-5CF1-6AB5-C687-21D0D76C4F70}"
EndProject
Project("{F184B08F-C81C-45F6-A57F-5ABD9991F28F}") = "Core", "..\..\..\sciBASIC#\Microsoft.VisualBasic.Core\src\Core.vbproj", "{E3DA873D-FE61-306B-1ED5-EC6CFDFDE34E}"
EndProject
Global
	GlobalSection(SolutionConfigurationPlatforms) = preSolution
		BioDeep_database|Any CPU = BioDeep_database|Any CPU
		BioDeep_database|x64 = BioDeep_database|x64
		BioDeep_database|x86 = BioDeep_database|x86
		Biodeep_UNIX_x64|Any CPU = Biodeep_UNIX_x64|Any CPU
		Biodeep_UNIX_x64|x64 = Biodeep_UNIX_x64|x64
		Biodeep_UNIX_x64|x86 = Biodeep_UNIX_x64|x86
		Biodeep|Any CPU = Biodeep|Any CPU
		Biodeep|x64 = Biodeep|x64
		Biodeep|x86 = Biodeep|x86
		Biostack|Any CPU = Biostack|Any CPU
		Biostack|x64 = Biostack|x64
		Biostack|x86 = Biostack|x86
		Biostack-Debug|Any CPU = Biostack-Debug|Any CPU
		Biostack-Debug|x64 = Biostack-Debug|x64
		Biostack-Debug|x86 = Biostack-Debug|x86
		Debug|Any CPU = Debug|Any CPU
		Debug|x64 = Debug|x64
		Debug|x86 = Debug|x86
		DEMO|Any CPU = DEMO|Any CPU
		DEMO|x64 = DEMO|x64
		DEMO|x86 = DEMO|x86
		Docker|Any CPU = Docker|Any CPU
		Docker|x64 = Docker|x64
		Docker|x86 = Docker|x86
		docs|Any CPU = docs|Any CPU
		docs|x64 = docs|x64
		docs|x86 = docs|x86
		GCModeller(Release_X64)|Any CPU = GCModeller(Release_X64)|Any CPU
		GCModeller(Release_X64)|x64 = GCModeller(Release_X64)|x64
		GCModeller(Release_X64)|x86 = GCModeller(Release_X64)|x86
		GCModeller(UNIX-Release_X64)|Any CPU = GCModeller(UNIX-Release_X64)|Any CPU
		GCModeller(UNIX-Release_X64)|x64 = GCModeller(UNIX-Release_X64)|x64
		GCModeller(UNIX-Release_X64)|x86 = GCModeller(UNIX-Release_X64)|x86
		GTA5-game-test|Any CPU = GTA5-game-test|Any CPU
		GTA5-game-test|x64 = GTA5-game-test|x64
		GTA5-game-test|x86 = GTA5-game-test|x86
		installer_x64|Any CPU = installer_x64|Any CPU
		installer_x64|x64 = installer_x64|x64
		installer_x64|x86 = installer_x64|x86
		linux-profiler|Any CPU = linux-profiler|Any CPU
		linux-profiler|x64 = linux-profiler|x64
		linux-profiler|x86 = linux-profiler|x86
		LipidSearch|Any CPU = LipidSearch|Any CPU
		LipidSearch|x64 = LipidSearch|x64
		LipidSearch|x86 = LipidSearch|x86
		MetaCardio|Any CPU = MetaCardio|Any CPU
		MetaCardio|x64 = MetaCardio|x64
		MetaCardio|x86 = MetaCardio|x86
		mysqli_X64_release|Any CPU = mysqli_X64_release|Any CPU
		mysqli_X64_release|x64 = mysqli_X64_release|x64
		mysqli_X64_release|x86 = mysqli_X64_release|x86
		mzkit_UnixDocker|Any CPU = mzkit_UnixDocker|Any CPU
		mzkit_UnixDocker|x64 = mzkit_UnixDocker|x64
		mzkit_UnixDocker|x86 = mzkit_UnixDocker|x86
		mzkit|Any CPU = mzkit|Any CPU
		mzkit|x64 = mzkit|x64
		mzkit|x86 = mzkit|x86
		node-debug|Any CPU = node-debug|Any CPU
		node-debug|x64 = node-debug|x64
		node-debug|x86 = node-debug|x86
		PlantMAT|Any CPU = PlantMAT|Any CPU
		PlantMAT|x64 = PlantMAT|x64
		PlantMAT|x86 = PlantMAT|x86
		ProteoWizard.d|Any CPU = ProteoWizard.d|Any CPU
		ProteoWizard.d|x64 = ProteoWizard.d|x64
		ProteoWizard.d|x86 = ProteoWizard.d|x86
		Publish|Any CPU = Publish|Any CPU
		Publish|x64 = Publish|x64
		Publish|x86 = Publish|x86
		R-dotnet|Any CPU = R-dotnet|Any CPU
		R-dotnet|x64 = R-dotnet|x64
		R-dotnet|x86 = R-dotnet|x86
		Release|Any CPU = Release|Any CPU
		Release|x64 = Release|x64
		Release|x86 = Release|x86
		Rsharp_app_release|Any CPU = Rsharp_app_release|Any CPU
		Rsharp_app_release|x64 = Rsharp_app_release|x64
		Rsharp_app_release|x86 = Rsharp_app_release|x86
		RsharpDev|Any CPU = RsharpDev|Any CPU
		RsharpDev|x64 = RsharpDev|x64
		RsharpDev|x86 = RsharpDev|x86
		sciBASIC.NET-test-release|Any CPU = sciBASIC.NET-test-release|Any CPU
		sciBASIC.NET-test-release|x64 = sciBASIC.NET-test-release|x64
		sciBASIC.NET-test-release|x86 = sciBASIC.NET-test-release|x86
		Surveillance-of-infectious-diseases|Any CPU = Surveillance-of-infectious-diseases|Any CPU
		Surveillance-of-infectious-diseases|x64 = Surveillance-of-infectious-diseases|x64
		Surveillance-of-infectious-diseases|x86 = Surveillance-of-infectious-diseases|x86
		test|Any CPU = test|Any CPU
		test|x64 = test|x64
		test|x86 = test|x86
		Voyager1|Any CPU = Voyager1|Any CPU
		Voyager1|x64 = Voyager1|x64
		Voyager1|x86 = Voyager1|x86
		WebAssembly|Any CPU = WebAssembly|Any CPU
		WebAssembly|x64 = WebAssembly|x64
		WebAssembly|x86 = WebAssembly|x86
		Yilia-Release_x64|Any CPU = Yilia-Release_x64|Any CPU
		Yilia-Release_x64|x64 = Yilia-Release_x64|x64
		Yilia-Release_x64|x86 = Yilia-Release_x64|x86
	EndGlobalSection
	GlobalSection(ProjectConfigurationPlatforms) = postSolution
		{832F61D4-5CF1-6AB5-C687-21D0D76C4F70}.BioDeep_database|Any CPU.ActiveCfg = Rsharp_app_release|Any CPU
		{832F61D4-5CF1-6AB5-C687-21D0D76C4F70}.BioDeep_database|Any CPU.Build.0 = Rsharp_app_release|Any CPU
		{832F61D4-5CF1-6AB5-C687-21D0D76C4F70}.BioDeep_database|x64.ActiveCfg = Rsharp_app_release|x64
		{832F61D4-5CF1-6AB5-C687-21D0D76C4F70}.BioDeep_database|x64.Build.0 = Rsharp_app_release|x64
		{832F61D4-5CF1-6AB5-C687-21D0D76C4F70}.BioDeep_database|x86.ActiveCfg = Rsharp_app_release|Any CPU
		{832F61D4-5CF1-6AB5-C687-21D0D76C4F70}.BioDeep_database|x86.Build.0 = Rsharp_app_release|Any CPU
		{832F61D4-5CF1-6AB5-C687-21D0D76C4F70}.Biodeep_UNIX_x64|Any CPU.ActiveCfg = Rsharp_app_release|Any CPU
		{832F61D4-5CF1-6AB5-C687-21D0D76C4F70}.Biodeep_UNIX_x64|Any CPU.Build.0 = Rsharp_app_release|Any CPU
		{832F61D4-5CF1-6AB5-C687-21D0D76C4F70}.Biodeep_UNIX_x64|x64.ActiveCfg = Rsharp_app_release|x64
		{832F61D4-5CF1-6AB5-C687-21D0D76C4F70}.Biodeep_UNIX_x64|x64.Build.0 = Rsharp_app_release|x64
		{832F61D4-5CF1-6AB5-C687-21D0D76C4F70}.Biodeep_UNIX_x64|x86.ActiveCfg = Rsharp_app_release|Any CPU
		{832F61D4-5CF1-6AB5-C687-21D0D76C4F70}.Biodeep_UNIX_x64|x86.Build.0 = Rsharp_app_release|Any CPU
		{832F61D4-5CF1-6AB5-C687-21D0D76C4F70}.Biodeep|Any CPU.ActiveCfg = Release|Any CPU
		{832F61D4-5CF1-6AB5-C687-21D0D76C4F70}.Biodeep|Any CPU.Build.0 = Release|Any CPU
		{832F61D4-5CF1-6AB5-C687-21D0D76C4F70}.Biodeep|x64.ActiveCfg = Release|x64
		{832F61D4-5CF1-6AB5-C687-21D0D76C4F70}.Biodeep|x64.Build.0 = Release|x64
		{832F61D4-5CF1-6AB5-C687-21D0D76C4F70}.Biodeep|x86.ActiveCfg = Release|Any CPU
		{832F61D4-5CF1-6AB5-C687-21D0D76C4F70}.Biodeep|x86.Build.0 = Release|Any CPU
		{832F61D4-5CF1-6AB5-C687-21D0D76C4F70}.Biostack|Any CPU.ActiveCfg = Rsharp_app_release|Any CPU
		{832F61D4-5CF1-6AB5-C687-21D0D76C4F70}.Biostack|Any CPU.Build.0 = Rsharp_app_release|Any CPU
		{832F61D4-5CF1-6AB5-C687-21D0D76C4F70}.Biostack|x64.ActiveCfg = Rsharp_app_release|x64
		{832F61D4-5CF1-6AB5-C687-21D0D76C4F70}.Biostack|x64.Build.0 = Rsharp_app_release|x64
		{832F61D4-5CF1-6AB5-C687-21D0D76C4F70}.Biostack|x86.ActiveCfg = Rsharp_app_release|Any CPU
		{832F61D4-5CF1-6AB5-C687-21D0D76C4F70}.Biostack|x86.Build.0 = Rsharp_app_release|Any CPU
		{832F61D4-5CF1-6AB5-C687-21D0D76C4F70}.Biostack-Debug|Any CPU.ActiveCfg = Rsharp_app_release|Any CPU
		{832F61D4-5CF1-6AB5-C687-21D0D76C4F70}.Biostack-Debug|Any CPU.Build.0 = Rsharp_app_release|Any CPU
		{832F61D4-5CF1-6AB5-C687-21D0D76C4F70}.Biostack-Debug|x64.ActiveCfg = Rsharp_app_release|x64
		{832F61D4-5CF1-6AB5-C687-21D0D76C4F70}.Biostack-Debug|x64.Build.0 = Rsharp_app_release|x64
		{832F61D4-5CF1-6AB5-C687-21D0D76C4F70}.Biostack-Debug|x86.ActiveCfg = Rsharp_app_release|Any CPU
		{832F61D4-5CF1-6AB5-C687-21D0D76C4F70}.Biostack-Debug|x86.Build.0 = Rsharp_app_release|Any CPU
		{832F61D4-5CF1-6AB5-C687-21D0D76C4F70}.Debug|Any CPU.ActiveCfg = Debug|Any CPU
		{832F61D4-5CF1-6AB5-C687-21D0D76C4F70}.Debug|Any CPU.Build.0 = Debug|Any CPU
		{832F61D4-5CF1-6AB5-C687-21D0D76C4F70}.Debug|x64.ActiveCfg = Debug|x64
		{832F61D4-5CF1-6AB5-C687-21D0D76C4F70}.Debug|x64.Build.0 = Debug|x64
		{832F61D4-5CF1-6AB5-C687-21D0D76C4F70}.Debug|x86.ActiveCfg = Debug|Any CPU
		{832F61D4-5CF1-6AB5-C687-21D0D76C4F70}.Debug|x86.Build.0 = Debug|Any CPU
		{832F61D4-5CF1-6AB5-C687-21D0D76C4F70}.DEMO|Any CPU.ActiveCfg = Rsharp_app_release|Any CPU
		{832F61D4-5CF1-6AB5-C687-21D0D76C4F70}.DEMO|Any CPU.Build.0 = Rsharp_app_release|Any CPU
		{832F61D4-5CF1-6AB5-C687-21D0D76C4F70}.DEMO|x64.ActiveCfg = Rsharp_app_release|x64
		{832F61D4-5CF1-6AB5-C687-21D0D76C4F70}.DEMO|x64.Build.0 = Rsharp_app_release|x64
		{832F61D4-5CF1-6AB5-C687-21D0D76C4F70}.DEMO|x86.ActiveCfg = Rsharp_app_release|Any CPU
		{832F61D4-5CF1-6AB5-C687-21D0D76C4F70}.DEMO|x86.Build.0 = Rsharp_app_release|Any CPU
		{832F61D4-5CF1-6AB5-C687-21D0D76C4F70}.Docker|Any CPU.ActiveCfg = Release|Any CPU
		{832F61D4-5CF1-6AB5-C687-21D0D76C4F70}.Docker|Any CPU.Build.0 = Release|Any CPU
		{832F61D4-5CF1-6AB5-C687-21D0D76C4F70}.Docker|x64.ActiveCfg = Release|x64
		{832F61D4-5CF1-6AB5-C687-21D0D76C4F70}.Docker|x64.Build.0 = Release|x64
		{832F61D4-5CF1-6AB5-C687-21D0D76C4F70}.Docker|x86.ActiveCfg = Release|Any CPU
		{832F61D4-5CF1-6AB5-C687-21D0D76C4F70}.Docker|x86.Build.0 = Release|Any CPU
		{832F61D4-5CF1-6AB5-C687-21D0D76C4F70}.docs|Any CPU.ActiveCfg = Release|Any CPU
		{832F61D4-5CF1-6AB5-C687-21D0D76C4F70}.docs|Any CPU.Build.0 = Release|Any CPU
		{832F61D4-5CF1-6AB5-C687-21D0D76C4F70}.docs|x64.ActiveCfg = Release|x64
		{832F61D4-5CF1-6AB5-C687-21D0D76C4F70}.docs|x64.Build.0 = Release|x64
		{832F61D4-5CF1-6AB5-C687-21D0D76C4F70}.docs|x86.ActiveCfg = Release|Any CPU
		{832F61D4-5CF1-6AB5-C687-21D0D76C4F70}.docs|x86.Build.0 = Release|Any CPU
		{832F61D4-5CF1-6AB5-C687-21D0D76C4F70}.GCModeller(Release_X64)|Any CPU.ActiveCfg = Rsharp_app_release|Any CPU
		{832F61D4-5CF1-6AB5-C687-21D0D76C4F70}.GCModeller(Release_X64)|Any CPU.Build.0 = Rsharp_app_release|Any CPU
		{832F61D4-5CF1-6AB5-C687-21D0D76C4F70}.GCModeller(Release_X64)|x64.ActiveCfg = Rsharp_app_release|x64
		{832F61D4-5CF1-6AB5-C687-21D0D76C4F70}.GCModeller(Release_X64)|x64.Build.0 = Rsharp_app_release|x64
		{832F61D4-5CF1-6AB5-C687-21D0D76C4F70}.GCModeller(Release_X64)|x86.ActiveCfg = Rsharp_app_release|Any CPU
		{832F61D4-5CF1-6AB5-C687-21D0D76C4F70}.GCModeller(Release_X64)|x86.Build.0 = Rsharp_app_release|Any CPU
		{832F61D4-5CF1-6AB5-C687-21D0D76C4F70}.GCModeller(UNIX-Release_X64)|Any CPU.ActiveCfg = Rsharp_app_release|Any CPU
		{832F61D4-5CF1-6AB5-C687-21D0D76C4F70}.GCModeller(UNIX-Release_X64)|Any CPU.Build.0 = Rsharp_app_release|Any CPU
		{832F61D4-5CF1-6AB5-C687-21D0D76C4F70}.GCModeller(UNIX-Release_X64)|x64.ActiveCfg = Rsharp_app_release|x64
		{832F61D4-5CF1-6AB5-C687-21D0D76C4F70}.GCModeller(UNIX-Release_X64)|x64.Build.0 = Rsharp_app_release|x64
		{832F61D4-5CF1-6AB5-C687-21D0D76C4F70}.GCModeller(UNIX-Release_X64)|x86.ActiveCfg = Rsharp_app_release|Any CPU
		{832F61D4-5CF1-6AB5-C687-21D0D76C4F70}.GCModeller(UNIX-Release_X64)|x86.Build.0 = Rsharp_app_release|Any CPU
		{832F61D4-5CF1-6AB5-C687-21D0D76C4F70}.GTA5-game-test|Any CPU.ActiveCfg = Rsharp_app_release|Any CPU
		{832F61D4-5CF1-6AB5-C687-21D0D76C4F70}.GTA5-game-test|Any CPU.Build.0 = Rsharp_app_release|Any CPU
		{832F61D4-5CF1-6AB5-C687-21D0D76C4F70}.GTA5-game-test|x64.ActiveCfg = Rsharp_app_release|x64
		{832F61D4-5CF1-6AB5-C687-21D0D76C4F70}.GTA5-game-test|x64.Build.0 = Rsharp_app_release|x64
		{832F61D4-5CF1-6AB5-C687-21D0D76C4F70}.GTA5-game-test|x86.ActiveCfg = Rsharp_app_release|Any CPU
		{832F61D4-5CF1-6AB5-C687-21D0D76C4F70}.GTA5-game-test|x86.Build.0 = Rsharp_app_release|Any CPU
		{832F61D4-5CF1-6AB5-C687-21D0D76C4F70}.installer_x64|Any CPU.ActiveCfg = Rsharp_app_release|Any CPU
		{832F61D4-5CF1-6AB5-C687-21D0D76C4F70}.installer_x64|Any CPU.Build.0 = Rsharp_app_release|Any CPU
		{832F61D4-5CF1-6AB5-C687-21D0D76C4F70}.installer_x64|x64.ActiveCfg = Rsharp_app_release|x64
		{832F61D4-5CF1-6AB5-C687-21D0D76C4F70}.installer_x64|x64.Build.0 = Rsharp_app_release|x64
		{832F61D4-5CF1-6AB5-C687-21D0D76C4F70}.installer_x64|x86.ActiveCfg = Rsharp_app_release|Any CPU
		{832F61D4-5CF1-6AB5-C687-21D0D76C4F70}.installer_x64|x86.Build.0 = Rsharp_app_release|Any CPU
		{832F61D4-5CF1-6AB5-C687-21D0D76C4F70}.linux-profiler|Any CPU.ActiveCfg = Rsharp_app_release|Any CPU
		{832F61D4-5CF1-6AB5-C687-21D0D76C4F70}.linux-profiler|Any CPU.Build.0 = Rsharp_app_release|Any CPU
		{832F61D4-5CF1-6AB5-C687-21D0D76C4F70}.linux-profiler|x64.ActiveCfg = Rsharp_app_release|x64
		{832F61D4-5CF1-6AB5-C687-21D0D76C4F70}.linux-profiler|x64.Build.0 = Rsharp_app_release|x64
		{832F61D4-5CF1-6AB5-C687-21D0D76C4F70}.linux-profiler|x86.ActiveCfg = Rsharp_app_release|Any CPU
		{832F61D4-5CF1-6AB5-C687-21D0D76C4F70}.linux-profiler|x86.Build.0 = Rsharp_app_release|Any CPU
		{832F61D4-5CF1-6AB5-C687-21D0D76C4F70}.LipidSearch|Any CPU.ActiveCfg = LipidSearch|Any CPU
		{832F61D4-5CF1-6AB5-C687-21D0D76C4F70}.LipidSearch|Any CPU.Build.0 = LipidSearch|Any CPU
		{832F61D4-5CF1-6AB5-C687-21D0D76C4F70}.LipidSearch|x64.ActiveCfg = LipidSearch|x64
		{832F61D4-5CF1-6AB5-C687-21D0D76C4F70}.LipidSearch|x64.Build.0 = LipidSearch|x64
		{832F61D4-5CF1-6AB5-C687-21D0D76C4F70}.LipidSearch|x86.ActiveCfg = LipidSearch|Any CPU
		{832F61D4-5CF1-6AB5-C687-21D0D76C4F70}.LipidSearch|x86.Build.0 = LipidSearch|Any CPU
		{832F61D4-5CF1-6AB5-C687-21D0D76C4F70}.MetaCardio|Any CPU.ActiveCfg = LipidSearch|Any CPU
		{832F61D4-5CF1-6AB5-C687-21D0D76C4F70}.MetaCardio|Any CPU.Build.0 = LipidSearch|Any CPU
		{832F61D4-5CF1-6AB5-C687-21D0D76C4F70}.MetaCardio|x64.ActiveCfg = LipidSearch|x64
		{832F61D4-5CF1-6AB5-C687-21D0D76C4F70}.MetaCardio|x64.Build.0 = LipidSearch|x64
		{832F61D4-5CF1-6AB5-C687-21D0D76C4F70}.MetaCardio|x86.ActiveCfg = LipidSearch|Any CPU
		{832F61D4-5CF1-6AB5-C687-21D0D76C4F70}.MetaCardio|x86.Build.0 = LipidSearch|Any CPU
		{832F61D4-5CF1-6AB5-C687-21D0D76C4F70}.mysqli_X64_release|Any CPU.ActiveCfg = LipidSearch|Any CPU
		{832F61D4-5CF1-6AB5-C687-21D0D76C4F70}.mysqli_X64_release|Any CPU.Build.0 = LipidSearch|Any CPU
		{832F61D4-5CF1-6AB5-C687-21D0D76C4F70}.mysqli_X64_release|x64.ActiveCfg = LipidSearch|x64
		{832F61D4-5CF1-6AB5-C687-21D0D76C4F70}.mysqli_X64_release|x64.Build.0 = LipidSearch|x64
		{832F61D4-5CF1-6AB5-C687-21D0D76C4F70}.mysqli_X64_release|x86.ActiveCfg = LipidSearch|Any CPU
		{832F61D4-5CF1-6AB5-C687-21D0D76C4F70}.mysqli_X64_release|x86.Build.0 = LipidSearch|Any CPU
		{832F61D4-5CF1-6AB5-C687-21D0D76C4F70}.mzkit_UnixDocker|Any CPU.ActiveCfg = Rsharp_app_release|Any CPU
		{832F61D4-5CF1-6AB5-C687-21D0D76C4F70}.mzkit_UnixDocker|Any CPU.Build.0 = Rsharp_app_release|Any CPU
		{832F61D4-5CF1-6AB5-C687-21D0D76C4F70}.mzkit_UnixDocker|x64.ActiveCfg = Rsharp_app_release|x64
		{832F61D4-5CF1-6AB5-C687-21D0D76C4F70}.mzkit_UnixDocker|x64.Build.0 = Rsharp_app_release|x64
		{832F61D4-5CF1-6AB5-C687-21D0D76C4F70}.mzkit_UnixDocker|x86.ActiveCfg = Rsharp_app_release|Any CPU
		{832F61D4-5CF1-6AB5-C687-21D0D76C4F70}.mzkit_UnixDocker|x86.Build.0 = Rsharp_app_release|Any CPU
		{832F61D4-5CF1-6AB5-C687-21D0D76C4F70}.mzkit|Any CPU.ActiveCfg = Debug|Any CPU
		{832F61D4-5CF1-6AB5-C687-21D0D76C4F70}.mzkit|Any CPU.Build.0 = Debug|Any CPU
		{832F61D4-5CF1-6AB5-C687-21D0D76C4F70}.mzkit|x64.ActiveCfg = Debug|x64
		{832F61D4-5CF1-6AB5-C687-21D0D76C4F70}.mzkit|x64.Build.0 = Debug|x64
		{832F61D4-5CF1-6AB5-C687-21D0D76C4F70}.mzkit|x86.ActiveCfg = Debug|Any CPU
		{832F61D4-5CF1-6AB5-C687-21D0D76C4F70}.mzkit|x86.Build.0 = Debug|Any CPU
		{832F61D4-5CF1-6AB5-C687-21D0D76C4F70}.node-debug|Any CPU.ActiveCfg = Rsharp_app_release|Any CPU
		{832F61D4-5CF1-6AB5-C687-21D0D76C4F70}.node-debug|Any CPU.Build.0 = Rsharp_app_release|Any CPU
		{832F61D4-5CF1-6AB5-C687-21D0D76C4F70}.node-debug|x64.ActiveCfg = Rsharp_app_release|x64
		{832F61D4-5CF1-6AB5-C687-21D0D76C4F70}.node-debug|x64.Build.0 = Rsharp_app_release|x64
		{832F61D4-5CF1-6AB5-C687-21D0D76C4F70}.node-debug|x86.ActiveCfg = Rsharp_app_release|Any CPU
		{832F61D4-5CF1-6AB5-C687-21D0D76C4F70}.node-debug|x86.Build.0 = Rsharp_app_release|Any CPU
		{832F61D4-5CF1-6AB5-C687-21D0D76C4F70}.PlantMAT|Any CPU.ActiveCfg = PlantMAT|Any CPU
		{832F61D4-5CF1-6AB5-C687-21D0D76C4F70}.PlantMAT|Any CPU.Build.0 = PlantMAT|Any CPU
		{832F61D4-5CF1-6AB5-C687-21D0D76C4F70}.PlantMAT|x64.ActiveCfg = PlantMAT|x64
		{832F61D4-5CF1-6AB5-C687-21D0D76C4F70}.PlantMAT|x64.Build.0 = PlantMAT|x64
		{832F61D4-5CF1-6AB5-C687-21D0D76C4F70}.PlantMAT|x86.ActiveCfg = PlantMAT|Any CPU
		{832F61D4-5CF1-6AB5-C687-21D0D76C4F70}.PlantMAT|x86.Build.0 = PlantMAT|Any CPU
		{832F61D4-5CF1-6AB5-C687-21D0D76C4F70}.ProteoWizard.d|Any CPU.ActiveCfg = Rsharp_app_release|Any CPU
		{832F61D4-5CF1-6AB5-C687-21D0D76C4F70}.ProteoWizard.d|Any CPU.Build.0 = Rsharp_app_release|Any CPU
		{832F61D4-5CF1-6AB5-C687-21D0D76C4F70}.ProteoWizard.d|x64.ActiveCfg = Rsharp_app_release|x64
		{832F61D4-5CF1-6AB5-C687-21D0D76C4F70}.ProteoWizard.d|x64.Build.0 = Rsharp_app_release|x64
		{832F61D4-5CF1-6AB5-C687-21D0D76C4F70}.ProteoWizard.d|x86.ActiveCfg = Rsharp_app_release|Any CPU
		{832F61D4-5CF1-6AB5-C687-21D0D76C4F70}.ProteoWizard.d|x86.Build.0 = Rsharp_app_release|Any CPU
		{832F61D4-5CF1-6AB5-C687-21D0D76C4F70}.Publish|Any CPU.ActiveCfg = Rsharp_app_release|Any CPU
		{832F61D4-5CF1-6AB5-C687-21D0D76C4F70}.Publish|Any CPU.Build.0 = Rsharp_app_release|Any CPU
		{832F61D4-5CF1-6AB5-C687-21D0D76C4F70}.Publish|x64.ActiveCfg = Rsharp_app_release|x64
		{832F61D4-5CF1-6AB5-C687-21D0D76C4F70}.Publish|x64.Build.0 = Rsharp_app_release|x64
		{832F61D4-5CF1-6AB5-C687-21D0D76C4F70}.Publish|x86.ActiveCfg = Rsharp_app_release|Any CPU
		{832F61D4-5CF1-6AB5-C687-21D0D76C4F70}.Publish|x86.Build.0 = Rsharp_app_release|Any CPU
		{832F61D4-5CF1-6AB5-C687-21D0D76C4F70}.R-dotnet|Any CPU.ActiveCfg = NPSearch|Any CPU
		{832F61D4-5CF1-6AB5-C687-21D0D76C4F70}.R-dotnet|Any CPU.Build.0 = NPSearch|Any CPU
		{832F61D4-5CF1-6AB5-C687-21D0D76C4F70}.R-dotnet|x64.ActiveCfg = NPSearch|x64
		{832F61D4-5CF1-6AB5-C687-21D0D76C4F70}.R-dotnet|x64.Build.0 = NPSearch|x64
		{832F61D4-5CF1-6AB5-C687-21D0D76C4F70}.R-dotnet|x86.ActiveCfg = NPSearch|Any CPU
		{832F61D4-5CF1-6AB5-C687-21D0D76C4F70}.R-dotnet|x86.Build.0 = NPSearch|Any CPU
		{832F61D4-5CF1-6AB5-C687-21D0D76C4F70}.Release|Any CPU.ActiveCfg = Release|Any CPU
		{832F61D4-5CF1-6AB5-C687-21D0D76C4F70}.Release|Any CPU.Build.0 = Release|Any CPU
		{832F61D4-5CF1-6AB5-C687-21D0D76C4F70}.Release|x64.ActiveCfg = Release|x64
		{832F61D4-5CF1-6AB5-C687-21D0D76C4F70}.Release|x64.Build.0 = Release|x64
		{832F61D4-5CF1-6AB5-C687-21D0D76C4F70}.Release|x86.ActiveCfg = Release|Any CPU
		{832F61D4-5CF1-6AB5-C687-21D0D76C4F70}.Release|x86.Build.0 = Release|Any CPU
		{832F61D4-5CF1-6AB5-C687-21D0D76C4F70}.Rsharp_app_release|Any CPU.ActiveCfg = Rsharp_app_release|Any CPU
		{832F61D4-5CF1-6AB5-C687-21D0D76C4F70}.Rsharp_app_release|Any CPU.Build.0 = Rsharp_app_release|Any CPU
		{832F61D4-5CF1-6AB5-C687-21D0D76C4F70}.Rsharp_app_release|x64.ActiveCfg = Rsharp_app_release|x64
		{832F61D4-5CF1-6AB5-C687-21D0D76C4F70}.Rsharp_app_release|x64.Build.0 = Rsharp_app_release|x64
		{832F61D4-5CF1-6AB5-C687-21D0D76C4F70}.Rsharp_app_release|x86.ActiveCfg = Rsharp_app_release|Any CPU
		{832F61D4-5CF1-6AB5-C687-21D0D76C4F70}.Rsharp_app_release|x86.Build.0 = Rsharp_app_release|Any CPU
		{832F61D4-5CF1-6AB5-C687-21D0D76C4F70}.RsharpDev|Any CPU.ActiveCfg = LipidSearch|Any CPU
		{832F61D4-5CF1-6AB5-C687-21D0D76C4F70}.RsharpDev|Any CPU.Build.0 = LipidSearch|Any CPU
		{832F61D4-5CF1-6AB5-C687-21D0D76C4F70}.RsharpDev|x64.ActiveCfg = LipidSearch|x64
		{832F61D4-5CF1-6AB5-C687-21D0D76C4F70}.RsharpDev|x64.Build.0 = LipidSearch|x64
		{832F61D4-5CF1-6AB5-C687-21D0D76C4F70}.RsharpDev|x86.ActiveCfg = LipidSearch|Any CPU
		{832F61D4-5CF1-6AB5-C687-21D0D76C4F70}.RsharpDev|x86.Build.0 = LipidSearch|Any CPU
		{832F61D4-5CF1-6AB5-C687-21D0D76C4F70}.sciBASIC.NET-test-release|Any CPU.ActiveCfg = Rsharp_app_release|Any CPU
		{832F61D4-5CF1-6AB5-C687-21D0D76C4F70}.sciBASIC.NET-test-release|Any CPU.Build.0 = Rsharp_app_release|Any CPU
		{832F61D4-5CF1-6AB5-C687-21D0D76C4F70}.sciBASIC.NET-test-release|x64.ActiveCfg = Rsharp_app_release|x64
		{832F61D4-5CF1-6AB5-C687-21D0D76C4F70}.sciBASIC.NET-test-release|x64.Build.0 = Rsharp_app_release|x64
		{832F61D4-5CF1-6AB5-C687-21D0D76C4F70}.sciBASIC.NET-test-release|x86.ActiveCfg = Rsharp_app_release|Any CPU
		{832F61D4-5CF1-6AB5-C687-21D0D76C4F70}.sciBASIC.NET-test-release|x86.Build.0 = Rsharp_app_release|Any CPU
		{832F61D4-5CF1-6AB5-C687-21D0D76C4F70}.Surveillance-of-infectious-diseases|Any CPU.ActiveCfg = Rsharp_app_release|Any CPU
		{832F61D4-5CF1-6AB5-C687-21D0D76C4F70}.Surveillance-of-infectious-diseases|Any CPU.Build.0 = Rsharp_app_release|Any CPU
		{832F61D4-5CF1-6AB5-C687-21D0D76C4F70}.Surveillance-of-infectious-diseases|x64.ActiveCfg = Rsharp_app_release|x64
		{832F61D4-5CF1-6AB5-C687-21D0D76C4F70}.Surveillance-of-infectious-diseases|x64.Build.0 = Rsharp_app_release|x64
		{832F61D4-5CF1-6AB5-C687-21D0D76C4F70}.Surveillance-of-infectious-diseases|x86.ActiveCfg = Rsharp_app_release|Any CPU
		{832F61D4-5CF1-6AB5-C687-21D0D76C4F70}.Surveillance-of-infectious-diseases|x86.Build.0 = Rsharp_app_release|Any CPU
		{832F61D4-5CF1-6AB5-C687-21D0D76C4F70}.test|Any CPU.ActiveCfg = Rsharp_app_release|Any CPU
		{832F61D4-5CF1-6AB5-C687-21D0D76C4F70}.test|Any CPU.Build.0 = Rsharp_app_release|Any CPU
		{832F61D4-5CF1-6AB5-C687-21D0D76C4F70}.test|x64.ActiveCfg = Rsharp_app_release|x64
		{832F61D4-5CF1-6AB5-C687-21D0D76C4F70}.test|x64.Build.0 = Rsharp_app_release|x64
		{832F61D4-5CF1-6AB5-C687-21D0D76C4F70}.test|x86.ActiveCfg = Rsharp_app_release|Any CPU
		{832F61D4-5CF1-6AB5-C687-21D0D76C4F70}.test|x86.Build.0 = Rsharp_app_release|Any CPU
		{832F61D4-5CF1-6AB5-C687-21D0D76C4F70}.Voyager1|Any CPU.ActiveCfg = LipidSearch|Any CPU
		{832F61D4-5CF1-6AB5-C687-21D0D76C4F70}.Voyager1|Any CPU.Build.0 = LipidSearch|Any CPU
		{832F61D4-5CF1-6AB5-C687-21D0D76C4F70}.Voyager1|x64.ActiveCfg = LipidSearch|x64
		{832F61D4-5CF1-6AB5-C687-21D0D76C4F70}.Voyager1|x64.Build.0 = LipidSearch|x64
		{832F61D4-5CF1-6AB5-C687-21D0D76C4F70}.Voyager1|x86.ActiveCfg = LipidSearch|Any CPU
		{832F61D4-5CF1-6AB5-C687-21D0D76C4F70}.Voyager1|x86.Build.0 = LipidSearch|Any CPU
		{832F61D4-5CF1-6AB5-C687-21D0D76C4F70}.WebAssembly|Any CPU.ActiveCfg = mzkit_win32|Any CPU
		{832F61D4-5CF1-6AB5-C687-21D0D76C4F70}.WebAssembly|Any CPU.Build.0 = mzkit_win32|Any CPU
		{832F61D4-5CF1-6AB5-C687-21D0D76C4F70}.WebAssembly|x64.ActiveCfg = mzkit_win32|x64
		{832F61D4-5CF1-6AB5-C687-21D0D76C4F70}.WebAssembly|x64.Build.0 = mzkit_win32|x64
		{832F61D4-5CF1-6AB5-C687-21D0D76C4F70}.WebAssembly|x86.ActiveCfg = mzkit_win32|Any CPU
		{832F61D4-5CF1-6AB5-C687-21D0D76C4F70}.WebAssembly|x86.Build.0 = mzkit_win32|Any CPU
		{832F61D4-5CF1-6AB5-C687-21D0D76C4F70}.Yilia-Release_x64|Any CPU.ActiveCfg = Rsharp_app_release|Any CPU
		{832F61D4-5CF1-6AB5-C687-21D0D76C4F70}.Yilia-Release_x64|Any CPU.Build.0 = Rsharp_app_release|Any CPU
		{832F61D4-5CF1-6AB5-C687-21D0D76C4F70}.Yilia-Release_x64|x64.ActiveCfg = Rsharp_app_release|x64
		{832F61D4-5CF1-6AB5-C687-21D0D76C4F70}.Yilia-Release_x64|x64.Build.0 = Rsharp_app_release|x64
		{832F61D4-5CF1-6AB5-C687-21D0D76C4F70}.Yilia-Release_x64|x86.ActiveCfg = Rsharp_app_release|Any CPU
		{832F61D4-5CF1-6AB5-C687-21D0D76C4F70}.Yilia-Release_x64|x86.Build.0 = Rsharp_app_release|Any CPU
		{E3DA873D-FE61-306B-1ED5-EC6CFDFDE34E}.BioDeep_database|Any CPU.ActiveCfg = Rsharp_app_release|Any CPU
		{E3DA873D-FE61-306B-1ED5-EC6CFDFDE34E}.BioDeep_database|Any CPU.Build.0 = Rsharp_app_release|Any CPU
		{E3DA873D-FE61-306B-1ED5-EC6CFDFDE34E}.BioDeep_database|x64.ActiveCfg = Rsharp_app_release|x64
		{E3DA873D-FE61-306B-1ED5-EC6CFDFDE34E}.BioDeep_database|x64.Build.0 = Rsharp_app_release|x64
		{E3DA873D-FE61-306B-1ED5-EC6CFDFDE34E}.BioDeep_database|x86.ActiveCfg = Rsharp_app_release|x86
		{E3DA873D-FE61-306B-1ED5-EC6CFDFDE34E}.BioDeep_database|x86.Build.0 = Rsharp_app_release|x86
		{E3DA873D-FE61-306B-1ED5-EC6CFDFDE34E}.Biodeep_UNIX_x64|Any CPU.ActiveCfg = Rsharp_app_release|Any CPU
		{E3DA873D-FE61-306B-1ED5-EC6CFDFDE34E}.Biodeep_UNIX_x64|Any CPU.Build.0 = Rsharp_app_release|Any CPU
		{E3DA873D-FE61-306B-1ED5-EC6CFDFDE34E}.Biodeep_UNIX_x64|x64.ActiveCfg = Rsharp_app_release|x64
		{E3DA873D-FE61-306B-1ED5-EC6CFDFDE34E}.Biodeep_UNIX_x64|x64.Build.0 = Rsharp_app_release|x64
		{E3DA873D-FE61-306B-1ED5-EC6CFDFDE34E}.Biodeep_UNIX_x64|x86.ActiveCfg = Rsharp_app_release|x86
		{E3DA873D-FE61-306B-1ED5-EC6CFDFDE34E}.Biodeep_UNIX_x64|x86.Build.0 = Rsharp_app_release|x86
		{E3DA873D-FE61-306B-1ED5-EC6CFDFDE34E}.Biodeep|Any CPU.ActiveCfg = Release|Any CPU
		{E3DA873D-FE61-306B-1ED5-EC6CFDFDE34E}.Biodeep|Any CPU.Build.0 = Release|Any CPU
		{E3DA873D-FE61-306B-1ED5-EC6CFDFDE34E}.Biodeep|x64.ActiveCfg = Release|x64
		{E3DA873D-FE61-306B-1ED5-EC6CFDFDE34E}.Biodeep|x64.Build.0 = Release|x64
		{E3DA873D-FE61-306B-1ED5-EC6CFDFDE34E}.Biodeep|x86.ActiveCfg = Release|x86
		{E3DA873D-FE61-306B-1ED5-EC6CFDFDE34E}.Biodeep|x86.Build.0 = Release|x86
		{E3DA873D-FE61-306B-1ED5-EC6CFDFDE34E}.Biostack|Any CPU.ActiveCfg = Rsharp_app_release|Any CPU
		{E3DA873D-FE61-306B-1ED5-EC6CFDFDE34E}.Biostack|Any CPU.Build.0 = Rsharp_app_release|Any CPU
		{E3DA873D-FE61-306B-1ED5-EC6CFDFDE34E}.Biostack|x64.ActiveCfg = Rsharp_app_release|x64
		{E3DA873D-FE61-306B-1ED5-EC6CFDFDE34E}.Biostack|x64.Build.0 = Rsharp_app_release|x64
		{E3DA873D-FE61-306B-1ED5-EC6CFDFDE34E}.Biostack|x86.ActiveCfg = Rsharp_app_release|x86
		{E3DA873D-FE61-306B-1ED5-EC6CFDFDE34E}.Biostack|x86.Build.0 = Rsharp_app_release|x86
		{E3DA873D-FE61-306B-1ED5-EC6CFDFDE34E}.Biostack-Debug|Any CPU.ActiveCfg = Rsharp_app_release|Any CPU
		{E3DA873D-FE61-306B-1ED5-EC6CFDFDE34E}.Biostack-Debug|Any CPU.Build.0 = Rsharp_app_release|Any CPU
		{E3DA873D-FE61-306B-1ED5-EC6CFDFDE34E}.Biostack-Debug|x64.ActiveCfg = Rsharp_app_release|x64
		{E3DA873D-FE61-306B-1ED5-EC6CFDFDE34E}.Biostack-Debug|x64.Build.0 = Rsharp_app_release|x64
		{E3DA873D-FE61-306B-1ED5-EC6CFDFDE34E}.Biostack-Debug|x86.ActiveCfg = Rsharp_app_release|x86
		{E3DA873D-FE61-306B-1ED5-EC6CFDFDE34E}.Biostack-Debug|x86.Build.0 = Rsharp_app_release|x86
		{E3DA873D-FE61-306B-1ED5-EC6CFDFDE34E}.Debug|Any CPU.ActiveCfg = Debug|Any CPU
		{E3DA873D-FE61-306B-1ED5-EC6CFDFDE34E}.Debug|Any CPU.Build.0 = Debug|Any CPU
		{E3DA873D-FE61-306B-1ED5-EC6CFDFDE34E}.Debug|x64.ActiveCfg = Debug|x64
		{E3DA873D-FE61-306B-1ED5-EC6CFDFDE34E}.Debug|x64.Build.0 = Debug|x64
		{E3DA873D-FE61-306B-1ED5-EC6CFDFDE34E}.Debug|x86.ActiveCfg = Debug|x86
		{E3DA873D-FE61-306B-1ED5-EC6CFDFDE34E}.Debug|x86.Build.0 = Debug|x86
		{E3DA873D-FE61-306B-1ED5-EC6CFDFDE34E}.DEMO|Any CPU.ActiveCfg = Rsharp_app_release|Any CPU
		{E3DA873D-FE61-306B-1ED5-EC6CFDFDE34E}.DEMO|Any CPU.Build.0 = Rsharp_app_release|Any CPU
		{E3DA873D-FE61-306B-1ED5-EC6CFDFDE34E}.DEMO|x64.ActiveCfg = Rsharp_app_release|x64
		{E3DA873D-FE61-306B-1ED5-EC6CFDFDE34E}.DEMO|x64.Build.0 = Rsharp_app_release|x64
		{E3DA873D-FE61-306B-1ED5-EC6CFDFDE34E}.DEMO|x86.ActiveCfg = Rsharp_app_release|x86
		{E3DA873D-FE61-306B-1ED5-EC6CFDFDE34E}.DEMO|x86.Build.0 = Rsharp_app_release|x86
		{E3DA873D-FE61-306B-1ED5-EC6CFDFDE34E}.Docker|Any CPU.ActiveCfg = Docker|Any CPU
		{E3DA873D-FE61-306B-1ED5-EC6CFDFDE34E}.Docker|Any CPU.Build.0 = Docker|Any CPU
		{E3DA873D-FE61-306B-1ED5-EC6CFDFDE34E}.Docker|x64.ActiveCfg = Docker|x64
		{E3DA873D-FE61-306B-1ED5-EC6CFDFDE34E}.Docker|x64.Build.0 = Docker|x64
		{E3DA873D-FE61-306B-1ED5-EC6CFDFDE34E}.Docker|x86.ActiveCfg = Docker|x86
		{E3DA873D-FE61-306B-1ED5-EC6CFDFDE34E}.Docker|x86.Build.0 = Docker|x86
		{E3DA873D-FE61-306B-1ED5-EC6CFDFDE34E}.docs|Any CPU.ActiveCfg = Release|Any CPU
		{E3DA873D-FE61-306B-1ED5-EC6CFDFDE34E}.docs|Any CPU.Build.0 = Release|Any CPU
		{E3DA873D-FE61-306B-1ED5-EC6CFDFDE34E}.docs|x64.ActiveCfg = Release|x64
		{E3DA873D-FE61-306B-1ED5-EC6CFDFDE34E}.docs|x64.Build.0 = Release|x64
		{E3DA873D-FE61-306B-1ED5-EC6CFDFDE34E}.docs|x86.ActiveCfg = Release|x86
		{E3DA873D-FE61-306B-1ED5-EC6CFDFDE34E}.docs|x86.Build.0 = Release|x86
		{E3DA873D-FE61-306B-1ED5-EC6CFDFDE34E}.GCModeller(Release_X64)|Any CPU.ActiveCfg = CellaLAB-Desktop|Any CPU
		{E3DA873D-FE61-306B-1ED5-EC6CFDFDE34E}.GCModeller(Release_X64)|Any CPU.Build.0 = CellaLAB-Desktop|Any CPU
		{E3DA873D-FE61-306B-1ED5-EC6CFDFDE34E}.GCModeller(Release_X64)|x64.ActiveCfg = CellaLAB-Desktop|x64
		{E3DA873D-FE61-306B-1ED5-EC6CFDFDE34E}.GCModeller(Release_X64)|x64.Build.0 = CellaLAB-Desktop|x64
		{E3DA873D-FE61-306B-1ED5-EC6CFDFDE34E}.GCModeller(Release_X64)|x86.ActiveCfg = CellaLAB-Desktop|x86
		{E3DA873D-FE61-306B-1ED5-EC6CFDFDE34E}.GCModeller(Release_X64)|x86.Build.0 = CellaLAB-Desktop|x86
		{E3DA873D-FE61-306B-1ED5-EC6CFDFDE34E}.GCModeller(UNIX-Release_X64)|Any CPU.ActiveCfg = Rsharp_app_release|Any CPU
		{E3DA873D-FE61-306B-1ED5-EC6CFDFDE34E}.GCModeller(UNIX-Release_X64)|Any CPU.Build.0 = Rsharp_app_release|Any CPU
		{E3DA873D-FE61-306B-1ED5-EC6CFDFDE34E}.GCModeller(UNIX-Release_X64)|x64.ActiveCfg = Rsharp_app_release|x64
		{E3DA873D-FE61-306B-1ED5-EC6CFDFDE34E}.GCModeller(UNIX-Release_X64)|x64.Build.0 = Rsharp_app_release|x64
		{E3DA873D-FE61-306B-1ED5-EC6CFDFDE34E}.GCModeller(UNIX-Release_X64)|x86.ActiveCfg = Rsharp_app_release|x86
		{E3DA873D-FE61-306B-1ED5-EC6CFDFDE34E}.GCModeller(UNIX-Release_X64)|x86.Build.0 = Rsharp_app_release|x86
		{E3DA873D-FE61-306B-1ED5-EC6CFDFDE34E}.GTA5-game-test|Any CPU.ActiveCfg = Rsharp_app_release|Any CPU
		{E3DA873D-FE61-306B-1ED5-EC6CFDFDE34E}.GTA5-game-test|Any CPU.Build.0 = Rsharp_app_release|Any CPU
		{E3DA873D-FE61-306B-1ED5-EC6CFDFDE34E}.GTA5-game-test|x64.ActiveCfg = Rsharp_app_release|x64
		{E3DA873D-FE61-306B-1ED5-EC6CFDFDE34E}.GTA5-game-test|x64.Build.0 = Rsharp_app_release|x64
		{E3DA873D-FE61-306B-1ED5-EC6CFDFDE34E}.GTA5-game-test|x86.ActiveCfg = Rsharp_app_release|x86
		{E3DA873D-FE61-306B-1ED5-EC6CFDFDE34E}.GTA5-game-test|x86.Build.0 = Rsharp_app_release|x86
		{E3DA873D-FE61-306B-1ED5-EC6CFDFDE34E}.installer_x64|Any CPU.ActiveCfg = Rsharp_app_release|Any CPU
		{E3DA873D-FE61-306B-1ED5-EC6CFDFDE34E}.installer_x64|Any CPU.Build.0 = Rsharp_app_release|Any CPU
		{E3DA873D-FE61-306B-1ED5-EC6CFDFDE34E}.installer_x64|x64.ActiveCfg = Rsharp_app_release|x64
		{E3DA873D-FE61-306B-1ED5-EC6CFDFDE34E}.installer_x64|x64.Build.0 = Rsharp_app_release|x64
		{E3DA873D-FE61-306B-1ED5-EC6CFDFDE34E}.installer_x64|x86.ActiveCfg = Rsharp_app_release|x86
		{E3DA873D-FE61-306B-1ED5-EC6CFDFDE34E}.installer_x64|x86.Build.0 = Rsharp_app_release|x86
		{E3DA873D-FE61-306B-1ED5-EC6CFDFDE34E}.linux-profiler|Any CPU.ActiveCfg = CellaLAB-Desktop|Any CPU
		{E3DA873D-FE61-306B-1ED5-EC6CFDFDE34E}.linux-profiler|Any CPU.Build.0 = CellaLAB-Desktop|Any CPU
		{E3DA873D-FE61-306B-1ED5-EC6CFDFDE34E}.linux-profiler|x64.ActiveCfg = CellaLAB-Desktop|x64
		{E3DA873D-FE61-306B-1ED5-EC6CFDFDE34E}.linux-profiler|x64.Build.0 = CellaLAB-Desktop|x64
		{E3DA873D-FE61-306B-1ED5-EC6CFDFDE34E}.linux-profiler|x86.ActiveCfg = CellaLAB-Desktop|x86
		{E3DA873D-FE61-306B-1ED5-EC6CFDFDE34E}.linux-profiler|x86.Build.0 = CellaLAB-Desktop|x86
		{E3DA873D-FE61-306B-1ED5-EC6CFDFDE34E}.LipidSearch|Any CPU.ActiveCfg = LipidSearch|Any CPU
		{E3DA873D-FE61-306B-1ED5-EC6CFDFDE34E}.LipidSearch|Any CPU.Build.0 = LipidSearch|Any CPU
		{E3DA873D-FE61-306B-1ED5-EC6CFDFDE34E}.LipidSearch|x64.ActiveCfg = LipidSearch|x64
		{E3DA873D-FE61-306B-1ED5-EC6CFDFDE34E}.LipidSearch|x64.Build.0 = LipidSearch|x64
		{E3DA873D-FE61-306B-1ED5-EC6CFDFDE34E}.LipidSearch|x86.ActiveCfg = LipidSearch|x86
		{E3DA873D-FE61-306B-1ED5-EC6CFDFDE34E}.LipidSearch|x86.Build.0 = LipidSearch|x86
		{E3DA873D-FE61-306B-1ED5-EC6CFDFDE34E}.MetaCardio|Any CPU.ActiveCfg = LipidSearch|Any CPU
		{E3DA873D-FE61-306B-1ED5-EC6CFDFDE34E}.MetaCardio|Any CPU.Build.0 = LipidSearch|Any CPU
		{E3DA873D-FE61-306B-1ED5-EC6CFDFDE34E}.MetaCardio|x64.ActiveCfg = LipidSearch|x64
		{E3DA873D-FE61-306B-1ED5-EC6CFDFDE34E}.MetaCardio|x64.Build.0 = LipidSearch|x64
		{E3DA873D-FE61-306B-1ED5-EC6CFDFDE34E}.MetaCardio|x86.ActiveCfg = LipidSearch|x86
		{E3DA873D-FE61-306B-1ED5-EC6CFDFDE34E}.MetaCardio|x86.Build.0 = LipidSearch|x86
		{E3DA873D-FE61-306B-1ED5-EC6CFDFDE34E}.mysqli_X64_release|Any CPU.ActiveCfg = CellaLAB-Desktop|Any CPU
		{E3DA873D-FE61-306B-1ED5-EC6CFDFDE34E}.mysqli_X64_release|Any CPU.Build.0 = CellaLAB-Desktop|Any CPU
		{E3DA873D-FE61-306B-1ED5-EC6CFDFDE34E}.mysqli_X64_release|x64.ActiveCfg = CellaLAB-Desktop|x64
		{E3DA873D-FE61-306B-1ED5-EC6CFDFDE34E}.mysqli_X64_release|x64.Build.0 = CellaLAB-Desktop|x64
		{E3DA873D-FE61-306B-1ED5-EC6CFDFDE34E}.mysqli_X64_release|x86.ActiveCfg = CellaLAB-Desktop|x86
		{E3DA873D-FE61-306B-1ED5-EC6CFDFDE34E}.mysqli_X64_release|x86.Build.0 = CellaLAB-Desktop|x86
		{E3DA873D-FE61-306B-1ED5-EC6CFDFDE34E}.mzkit_UnixDocker|Any CPU.ActiveCfg = gcmodeller_desktop|Any CPU
		{E3DA873D-FE61-306B-1ED5-EC6CFDFDE34E}.mzkit_UnixDocker|Any CPU.Build.0 = gcmodeller_desktop|Any CPU
		{E3DA873D-FE61-306B-1ED5-EC6CFDFDE34E}.mzkit_UnixDocker|x64.ActiveCfg = gcmodeller_desktop|x64
		{E3DA873D-FE61-306B-1ED5-EC6CFDFDE34E}.mzkit_UnixDocker|x64.Build.0 = gcmodeller_desktop|x64
		{E3DA873D-FE61-306B-1ED5-EC6CFDFDE34E}.mzkit_UnixDocker|x86.ActiveCfg = gcmodeller_desktop|x86
		{E3DA873D-FE61-306B-1ED5-EC6CFDFDE34E}.mzkit_UnixDocker|x86.Build.0 = gcmodeller_desktop|x86
		{E3DA873D-FE61-306B-1ED5-EC6CFDFDE34E}.mzkit|Any CPU.ActiveCfg = mzkit|Any CPU
		{E3DA873D-FE61-306B-1ED5-EC6CFDFDE34E}.mzkit|Any CPU.Build.0 = mzkit|Any CPU
		{E3DA873D-FE61-306B-1ED5-EC6CFDFDE34E}.mzkit|x64.ActiveCfg = mzkit|x64
		{E3DA873D-FE61-306B-1ED5-EC6CFDFDE34E}.mzkit|x64.Build.0 = mzkit|x64
		{E3DA873D-FE61-306B-1ED5-EC6CFDFDE34E}.mzkit|x86.ActiveCfg = mzkit|x86
		{E3DA873D-FE61-306B-1ED5-EC6CFDFDE34E}.mzkit|x86.Build.0 = mzkit|x86
		{E3DA873D-FE61-306B-1ED5-EC6CFDFDE34E}.node-debug|Any CPU.ActiveCfg = Rsharp_app_release|Any CPU
		{E3DA873D-FE61-306B-1ED5-EC6CFDFDE34E}.node-debug|Any CPU.Build.0 = Rsharp_app_release|Any CPU
		{E3DA873D-FE61-306B-1ED5-EC6CFDFDE34E}.node-debug|x64.ActiveCfg = Rsharp_app_release|x64
		{E3DA873D-FE61-306B-1ED5-EC6CFDFDE34E}.node-debug|x64.Build.0 = Rsharp_app_release|x64
		{E3DA873D-FE61-306B-1ED5-EC6CFDFDE34E}.node-debug|x86.ActiveCfg = Rsharp_app_release|x86
		{E3DA873D-FE61-306B-1ED5-EC6CFDFDE34E}.node-debug|x86.Build.0 = Rsharp_app_release|x86
		{E3DA873D-FE61-306B-1ED5-EC6CFDFDE34E}.PlantMAT|Any CPU.ActiveCfg = PlantMAT|Any CPU
		{E3DA873D-FE61-306B-1ED5-EC6CFDFDE34E}.PlantMAT|Any CPU.Build.0 = PlantMAT|Any CPU
		{E3DA873D-FE61-306B-1ED5-EC6CFDFDE34E}.PlantMAT|x64.ActiveCfg = PlantMAT|x64
		{E3DA873D-FE61-306B-1ED5-EC6CFDFDE34E}.PlantMAT|x64.Build.0 = PlantMAT|x64
		{E3DA873D-FE61-306B-1ED5-EC6CFDFDE34E}.PlantMAT|x86.ActiveCfg = PlantMAT|x86
		{E3DA873D-FE61-306B-1ED5-EC6CFDFDE34E}.PlantMAT|x86.Build.0 = PlantMAT|x86
		{E3DA873D-FE61-306B-1ED5-EC6CFDFDE34E}.ProteoWizard.d|Any CPU.ActiveCfg = Rsharp_app_release|Any CPU
		{E3DA873D-FE61-306B-1ED5-EC6CFDFDE34E}.ProteoWizard.d|Any CPU.Build.0 = Rsharp_app_release|Any CPU
		{E3DA873D-FE61-306B-1ED5-EC6CFDFDE34E}.ProteoWizard.d|x64.ActiveCfg = Rsharp_app_release|x64
		{E3DA873D-FE61-306B-1ED5-EC6CFDFDE34E}.ProteoWizard.d|x64.Build.0 = Rsharp_app_release|x64
		{E3DA873D-FE61-306B-1ED5-EC6CFDFDE34E}.ProteoWizard.d|x86.ActiveCfg = Rsharp_app_release|x86
		{E3DA873D-FE61-306B-1ED5-EC6CFDFDE34E}.ProteoWizard.d|x86.Build.0 = Rsharp_app_release|x86
		{E3DA873D-FE61-306B-1ED5-EC6CFDFDE34E}.Publish|Any CPU.ActiveCfg = Rsharp_app_release|Any CPU
		{E3DA873D-FE61-306B-1ED5-EC6CFDFDE34E}.Publish|Any CPU.Build.0 = Rsharp_app_release|Any CPU
		{E3DA873D-FE61-306B-1ED5-EC6CFDFDE34E}.Publish|x64.ActiveCfg = Rsharp_app_release|x64
		{E3DA873D-FE61-306B-1ED5-EC6CFDFDE34E}.Publish|x64.Build.0 = Rsharp_app_release|x64
		{E3DA873D-FE61-306B-1ED5-EC6CFDFDE34E}.Publish|x86.ActiveCfg = Rsharp_app_release|x86
		{E3DA873D-FE61-306B-1ED5-EC6CFDFDE34E}.Publish|x86.Build.0 = Rsharp_app_release|x86
		{E3DA873D-FE61-306B-1ED5-EC6CFDFDE34E}.R-dotnet|Any CPU.ActiveCfg = NPSearch|Any CPU
		{E3DA873D-FE61-306B-1ED5-EC6CFDFDE34E}.R-dotnet|Any CPU.Build.0 = NPSearch|Any CPU
		{E3DA873D-FE61-306B-1ED5-EC6CFDFDE34E}.R-dotnet|x64.ActiveCfg = NPSearch|x64
		{E3DA873D-FE61-306B-1ED5-EC6CFDFDE34E}.R-dotnet|x64.Build.0 = NPSearch|x64
		{E3DA873D-FE61-306B-1ED5-EC6CFDFDE34E}.R-dotnet|x86.ActiveCfg = NPSearch|x86
		{E3DA873D-FE61-306B-1ED5-EC6CFDFDE34E}.R-dotnet|x86.Build.0 = NPSearch|x86
		{E3DA873D-FE61-306B-1ED5-EC6CFDFDE34E}.Release|Any CPU.ActiveCfg = Release|Any CPU
		{E3DA873D-FE61-306B-1ED5-EC6CFDFDE34E}.Release|Any CPU.Build.0 = Release|Any CPU
		{E3DA873D-FE61-306B-1ED5-EC6CFDFDE34E}.Release|x64.ActiveCfg = Release|x64
		{E3DA873D-FE61-306B-1ED5-EC6CFDFDE34E}.Release|x64.Build.0 = Release|x64
		{E3DA873D-FE61-306B-1ED5-EC6CFDFDE34E}.Release|x86.ActiveCfg = Release|x86
		{E3DA873D-FE61-306B-1ED5-EC6CFDFDE34E}.Release|x86.Build.0 = Release|x86
		{E3DA873D-FE61-306B-1ED5-EC6CFDFDE34E}.Rsharp_app_release|Any CPU.ActiveCfg = Rsharp_app_release|Any CPU
		{E3DA873D-FE61-306B-1ED5-EC6CFDFDE34E}.Rsharp_app_release|Any CPU.Build.0 = Rsharp_app_release|Any CPU
		{E3DA873D-FE61-306B-1ED5-EC6CFDFDE34E}.Rsharp_app_release|x64.ActiveCfg = Rsharp_app_release|x64
		{E3DA873D-FE61-306B-1ED5-EC6CFDFDE34E}.Rsharp_app_release|x64.Build.0 = Rsharp_app_release|x64
		{E3DA873D-FE61-306B-1ED5-EC6CFDFDE34E}.Rsharp_app_release|x86.ActiveCfg = Rsharp_app_release|x86
		{E3DA873D-FE61-306B-1ED5-EC6CFDFDE34E}.Rsharp_app_release|x86.Build.0 = Rsharp_app_release|x86
		{E3DA873D-FE61-306B-1ED5-EC6CFDFDE34E}.RsharpDev|Any CPU.ActiveCfg = LipidSearch|Any CPU
		{E3DA873D-FE61-306B-1ED5-EC6CFDFDE34E}.RsharpDev|Any CPU.Build.0 = LipidSearch|Any CPU
		{E3DA873D-FE61-306B-1ED5-EC6CFDFDE34E}.RsharpDev|x64.ActiveCfg = LipidSearch|x64
		{E3DA873D-FE61-306B-1ED5-EC6CFDFDE34E}.RsharpDev|x64.Build.0 = LipidSearch|x64
		{E3DA873D-FE61-306B-1ED5-EC6CFDFDE34E}.RsharpDev|x86.ActiveCfg = LipidSearch|x86
		{E3DA873D-FE61-306B-1ED5-EC6CFDFDE34E}.RsharpDev|x86.Build.0 = LipidSearch|x86
		{E3DA873D-FE61-306B-1ED5-EC6CFDFDE34E}.sciBASIC.NET-test-release|Any CPU.ActiveCfg = Rsharp_app_release|Any CPU
		{E3DA873D-FE61-306B-1ED5-EC6CFDFDE34E}.sciBASIC.NET-test-release|Any CPU.Build.0 = Rsharp_app_release|Any CPU
		{E3DA873D-FE61-306B-1ED5-EC6CFDFDE34E}.sciBASIC.NET-test-release|x64.ActiveCfg = Rsharp_app_release|x64
		{E3DA873D-FE61-306B-1ED5-EC6CFDFDE34E}.sciBASIC.NET-test-release|x64.Build.0 = Rsharp_app_release|x64
		{E3DA873D-FE61-306B-1ED5-EC6CFDFDE34E}.sciBASIC.NET-test-release|x86.ActiveCfg = Rsharp_app_release|x86
		{E3DA873D-FE61-306B-1ED5-EC6CFDFDE34E}.sciBASIC.NET-test-release|x86.Build.0 = Rsharp_app_release|x86
		{E3DA873D-FE61-306B-1ED5-EC6CFDFDE34E}.Surveillance-of-infectious-diseases|Any CPU.ActiveCfg = Rsharp_app_release|Any CPU
		{E3DA873D-FE61-306B-1ED5-EC6CFDFDE34E}.Surveillance-of-infectious-diseases|Any CPU.Build.0 = Rsharp_app_release|Any CPU
		{E3DA873D-FE61-306B-1ED5-EC6CFDFDE34E}.Surveillance-of-infectious-diseases|x64.ActiveCfg = Rsharp_app_release|x64
		{E3DA873D-FE61-306B-1ED5-EC6CFDFDE34E}.Surveillance-of-infectious-diseases|x64.Build.0 = Rsharp_app_release|x64
		{E3DA873D-FE61-306B-1ED5-EC6CFDFDE34E}.Surveillance-of-infectious-diseases|x86.ActiveCfg = Rsharp_app_release|x86
		{E3DA873D-FE61-306B-1ED5-EC6CFDFDE34E}.Surveillance-of-infectious-diseases|x86.Build.0 = Rsharp_app_release|x86
		{E3DA873D-FE61-306B-1ED5-EC6CFDFDE34E}.test|Any CPU.ActiveCfg = Rsharp_app_release|Any CPU
		{E3DA873D-FE61-306B-1ED5-EC6CFDFDE34E}.test|Any CPU.Build.0 = Rsharp_app_release|Any CPU
		{E3DA873D-FE61-306B-1ED5-EC6CFDFDE34E}.test|x64.ActiveCfg = Rsharp_app_release|x64
		{E3DA873D-FE61-306B-1ED5-EC6CFDFDE34E}.test|x64.Build.0 = Rsharp_app_release|x64
		{E3DA873D-FE61-306B-1ED5-EC6CFDFDE34E}.test|x86.ActiveCfg = Rsharp_app_release|x86
		{E3DA873D-FE61-306B-1ED5-EC6CFDFDE34E}.test|x86.Build.0 = Rsharp_app_release|x86
		{E3DA873D-FE61-306B-1ED5-EC6CFDFDE34E}.Voyager1|Any CPU.ActiveCfg = LipidSearch|Any CPU
		{E3DA873D-FE61-306B-1ED5-EC6CFDFDE34E}.Voyager1|Any CPU.Build.0 = LipidSearch|Any CPU
		{E3DA873D-FE61-306B-1ED5-EC6CFDFDE34E}.Voyager1|x64.ActiveCfg = LipidSearch|x64
		{E3DA873D-FE61-306B-1ED5-EC6CFDFDE34E}.Voyager1|x64.Build.0 = LipidSearch|x64
		{E3DA873D-FE61-306B-1ED5-EC6CFDFDE34E}.Voyager1|x86.ActiveCfg = LipidSearch|x86
		{E3DA873D-FE61-306B-1ED5-EC6CFDFDE34E}.Voyager1|x86.Build.0 = LipidSearch|x86
		{E3DA873D-FE61-306B-1ED5-EC6CFDFDE34E}.WebAssembly|Any CPU.ActiveCfg = mzkit_win32|Any CPU
		{E3DA873D-FE61-306B-1ED5-EC6CFDFDE34E}.WebAssembly|Any CPU.Build.0 = mzkit_win32|Any CPU
		{E3DA873D-FE61-306B-1ED5-EC6CFDFDE34E}.WebAssembly|x64.ActiveCfg = mzkit_win32|x64
		{E3DA873D-FE61-306B-1ED5-EC6CFDFDE34E}.WebAssembly|x64.Build.0 = mzkit_win32|x64
		{E3DA873D-FE61-306B-1ED5-EC6CFDFDE34E}.WebAssembly|x86.ActiveCfg = mzkit_win32|x86
		{E3DA873D-FE61-306B-1ED5-EC6CFDFDE34E}.WebAssembly|x86.Build.0 = mzkit_win32|x86
		{E3DA873D-FE61-306B-1ED5-EC6CFDFDE34E}.Yilia-Release_x64|Any CPU.ActiveCfg = Rsharp_app_release|Any CPU
		{E3DA873D-FE61-306B-1ED5-EC6CFDFDE34E}.Yilia-Release_x64|Any CPU.Build.0 = Rsharp_app_release|Any CPU
		{E3DA873D-FE61-306B-1ED5-EC6CFDFDE34E}.Yilia-Release_x64|x64.ActiveCfg = Rsharp_app_release|x64
		{E3DA873D-FE61-306B-1ED5-EC6CFDFDE34E}.Yilia-Release_x64|x64.Build.0 = Rsharp_app_release|x64
		{E3DA873D-FE61-306B-1ED5-EC6CFDFDE34E}.Yilia-Release_x64|x86.ActiveCfg = Rsharp_app_release|x86
		{E3DA873D-FE61-306B-1ED5-EC6CFDFDE34E}.Yilia-Release_x64|x86.Build.0 = Rsharp_app_release|x86
	EndGlobalSection
	GlobalSection(SolutionProperties) = preSolution
		HideSolutionNode = FALSE
	EndGlobalSection
	GlobalSection(NestedProjects) = preSolution
		{E3DA873D-FE61-306B-1ED5-EC6CFDFDE34E} = {5CB499DB-5073-413B-8172-D16A5A9A5195}
	EndGlobalSection
	GlobalSection(ExtensibilityGlobals) = postSolution
		SolutionGuid = {99F8A8E0-D9CD-4467-A16C-879B84DD253F}
	EndGlobalSection
EndGlobal
