
Microsoft Visual Studio Solution File, Format Version 12.00
# Visual Studio Version 17
VisualStudioVersion = 17.4.32804.182
MinimumVisualStudioVersion = 10.0.40219.1
Project("{778DAE3C-4631-46EA-AA77-85C1314464D9}") = "networking", "networking.vbproj", "{8A8EDA74-6344-487A-AD40-BBCAAD714661}"
EndProject
Project("{2150E333-8FDC-42A3-9474-1A3956D46DE8}") = "framework", "framework", "{00F39163-0F47-4A3D-8F41-DE5522E90484}"
EndProject
Project("{778DAE3C-4631-46EA-AA77-85C1314464D9}") = "Core", "..\..\..\sciBASIC#\Microsoft.VisualBasic.Core\src\Core.vbproj", "{AEBE7094-9348-4F9A-8500-CF5CF384E667}"
EndProject
Project("{F184B08F-C81C-45F6-A57F-5ABD9991F28F}") = "test", "test\test.vbproj", "{F2F350D6-9888-4DD6-999C-B29773C19086}"
EndProject
Global
	GlobalSection(SolutionConfigurationPlatforms) = preSolution
		CFD_win32|Any CPU = CFD_win32|Any CPU
		CFD_win32|x64 = CFD_win32|x64
		CFD_win32|x86 = CFD_win32|x86
		Debug|Any CPU = Debug|Any CPU
		Debug|x64 = Debug|x64
		Debug|x86 = Debug|x86
		Docker|Any CPU = Docker|Any CPU
		Docker|x64 = Docker|x64
		Docker|x86 = Docker|x86
		gcmodeller_desktop|Any CPU = gcmodeller_desktop|Any CPU
		gcmodeller_desktop|x64 = gcmodeller_desktop|x64
		gcmodeller_desktop|x86 = gcmodeller_desktop|x86
		LipidSearch|Any CPU = LipidSearch|Any CPU
		LipidSearch|x64 = LipidSearch|x64
		LipidSearch|x86 = LipidSearch|x86
		mzkit_win32|Any CPU = mzkit_win32|Any CPU
		mzkit_win32|x64 = mzkit_win32|x64
		mzkit_win32|x86 = mzkit_win32|x86
		mzkit|Any CPU = mzkit|Any CPU
		mzkit|x64 = mzkit|x64
		mzkit|x86 = mzkit|x86
		NPSearch|Any CPU = NPSearch|Any CPU
		NPSearch|x64 = NPSearch|x64
		NPSearch|x86 = NPSearch|x86
		nuget_release|Any CPU = nuget_release|Any CPU
		nuget_release|x64 = nuget_release|x64
		nuget_release|x86 = nuget_release|x86
		PlantMAT|Any CPU = PlantMAT|Any CPU
		PlantMAT|x64 = PlantMAT|x64
		PlantMAT|x86 = PlantMAT|x86
		Release|Any CPU = Release|Any CPU
		Release|x64 = Release|x64
		Release|x86 = Release|x86
		Rsharp_app_release|Any CPU = Rsharp_app_release|Any CPU
		Rsharp_app_release|x64 = Rsharp_app_release|x64
		Rsharp_app_release|x86 = Rsharp_app_release|x86
	EndGlobalSection
	GlobalSection(ProjectConfigurationPlatforms) = postSolution
		{8A8EDA74-6344-487A-AD40-BBCAAD714661}.CFD_win32|Any CPU.ActiveCfg = CFD_win32|Any CPU
		{8A8EDA74-6344-487A-AD40-BBCAAD714661}.CFD_win32|Any CPU.Build.0 = CFD_win32|Any CPU
		{8A8EDA74-6344-487A-AD40-BBCAAD714661}.CFD_win32|x64.ActiveCfg = CFD_win32|x64
		{8A8EDA74-6344-487A-AD40-BBCAAD714661}.CFD_win32|x64.Build.0 = CFD_win32|x64
		{8A8EDA74-6344-487A-AD40-BBCAAD714661}.CFD_win32|x86.ActiveCfg = CFD_win32|Any CPU
		{8A8EDA74-6344-487A-AD40-BBCAAD714661}.CFD_win32|x86.Build.0 = CFD_win32|Any CPU
		{8A8EDA74-6344-487A-AD40-BBCAAD714661}.Debug|Any CPU.ActiveCfg = Debug|Any CPU
		{8A8EDA74-6344-487A-AD40-BBCAAD714661}.Debug|Any CPU.Build.0 = Debug|Any CPU
		{8A8EDA74-6344-487A-AD40-BBCAAD714661}.Debug|x64.ActiveCfg = Debug|x64
		{8A8EDA74-6344-487A-AD40-BBCAAD714661}.Debug|x64.Build.0 = Debug|x64
		{8A8EDA74-6344-487A-AD40-BBCAAD714661}.Debug|x86.ActiveCfg = Debug|x86
		{8A8EDA74-6344-487A-AD40-BBCAAD714661}.Debug|x86.Build.0 = Debug|x86
		{8A8EDA74-6344-487A-AD40-BBCAAD714661}.Docker|Any CPU.ActiveCfg = Docker|Any CPU
		{8A8EDA74-6344-487A-AD40-BBCAAD714661}.Docker|Any CPU.Build.0 = Docker|Any CPU
		{8A8EDA74-6344-487A-AD40-BBCAAD714661}.Docker|x64.ActiveCfg = Docker|x64
		{8A8EDA74-6344-487A-AD40-BBCAAD714661}.Docker|x64.Build.0 = Docker|x64
		{8A8EDA74-6344-487A-AD40-BBCAAD714661}.Docker|x86.ActiveCfg = Docker|Any CPU
		{8A8EDA74-6344-487A-AD40-BBCAAD714661}.Docker|x86.Build.0 = Docker|Any CPU
		{8A8EDA74-6344-487A-AD40-BBCAAD714661}.gcmodeller_desktop|Any CPU.ActiveCfg = gcmodeller_desktop|Any CPU
		{8A8EDA74-6344-487A-AD40-BBCAAD714661}.gcmodeller_desktop|Any CPU.Build.0 = gcmodeller_desktop|Any CPU
		{8A8EDA74-6344-487A-AD40-BBCAAD714661}.gcmodeller_desktop|x64.ActiveCfg = gcmodeller_desktop|x64
		{8A8EDA74-6344-487A-AD40-BBCAAD714661}.gcmodeller_desktop|x64.Build.0 = gcmodeller_desktop|x64
		{8A8EDA74-6344-487A-AD40-BBCAAD714661}.gcmodeller_desktop|x86.ActiveCfg = gcmodeller_desktop|Any CPU
		{8A8EDA74-6344-487A-AD40-BBCAAD714661}.gcmodeller_desktop|x86.Build.0 = gcmodeller_desktop|Any CPU
		{8A8EDA74-6344-487A-AD40-BBCAAD714661}.LipidSearch|Any CPU.ActiveCfg = LipidSearch|Any CPU
		{8A8EDA74-6344-487A-AD40-BBCAAD714661}.LipidSearch|Any CPU.Build.0 = LipidSearch|Any CPU
		{8A8EDA74-6344-487A-AD40-BBCAAD714661}.LipidSearch|x64.ActiveCfg = LipidSearch|x64
		{8A8EDA74-6344-487A-AD40-BBCAAD714661}.LipidSearch|x64.Build.0 = LipidSearch|x64
		{8A8EDA74-6344-487A-AD40-BBCAAD714661}.LipidSearch|x86.ActiveCfg = LipidSearch|Any CPU
		{8A8EDA74-6344-487A-AD40-BBCAAD714661}.LipidSearch|x86.Build.0 = LipidSearch|Any CPU
		{8A8EDA74-6344-487A-AD40-BBCAAD714661}.mzkit_win32|Any CPU.ActiveCfg = mzkit_win32|Any CPU
		{8A8EDA74-6344-487A-AD40-BBCAAD714661}.mzkit_win32|Any CPU.Build.0 = mzkit_win32|Any CPU
		{8A8EDA74-6344-487A-AD40-BBCAAD714661}.mzkit_win32|x64.ActiveCfg = mzkit_win32|x64
		{8A8EDA74-6344-487A-AD40-BBCAAD714661}.mzkit_win32|x64.Build.0 = mzkit_win32|x64
		{8A8EDA74-6344-487A-AD40-BBCAAD714661}.mzkit_win32|x86.ActiveCfg = mzkit_win32|Any CPU
		{8A8EDA74-6344-487A-AD40-BBCAAD714661}.mzkit_win32|x86.Build.0 = mzkit_win32|Any CPU
		{8A8EDA74-6344-487A-AD40-BBCAAD714661}.mzkit|Any CPU.ActiveCfg = mzkit_win32|Any CPU
		{8A8EDA74-6344-487A-AD40-BBCAAD714661}.mzkit|Any CPU.Build.0 = mzkit_win32|Any CPU
		{8A8EDA74-6344-487A-AD40-BBCAAD714661}.mzkit|x64.ActiveCfg = mzkit_win32|x64
		{8A8EDA74-6344-487A-AD40-BBCAAD714661}.mzkit|x64.Build.0 = mzkit_win32|x64
		{8A8EDA74-6344-487A-AD40-BBCAAD714661}.mzkit|x86.ActiveCfg = mzkit_win32|Any CPU
		{8A8EDA74-6344-487A-AD40-BBCAAD714661}.mzkit|x86.Build.0 = mzkit_win32|Any CPU
		{8A8EDA74-6344-487A-AD40-BBCAAD714661}.NPSearch|Any CPU.ActiveCfg = NPSearch|Any CPU
		{8A8EDA74-6344-487A-AD40-BBCAAD714661}.NPSearch|Any CPU.Build.0 = NPSearch|Any CPU
		{8A8EDA74-6344-487A-AD40-BBCAAD714661}.NPSearch|x64.ActiveCfg = NPSearch|x64
		{8A8EDA74-6344-487A-AD40-BBCAAD714661}.NPSearch|x64.Build.0 = NPSearch|x64
		{8A8EDA74-6344-487A-AD40-BBCAAD714661}.NPSearch|x86.ActiveCfg = NPSearch|Any CPU
		{8A8EDA74-6344-487A-AD40-BBCAAD714661}.NPSearch|x86.Build.0 = NPSearch|Any CPU
		{8A8EDA74-6344-487A-AD40-BBCAAD714661}.nuget_release|Any CPU.ActiveCfg = nuget_release|Any CPU
		{8A8EDA74-6344-487A-AD40-BBCAAD714661}.nuget_release|Any CPU.Build.0 = nuget_release|Any CPU
		{8A8EDA74-6344-487A-AD40-BBCAAD714661}.nuget_release|x64.ActiveCfg = nuget_release|x64
		{8A8EDA74-6344-487A-AD40-BBCAAD714661}.nuget_release|x64.Build.0 = nuget_release|x64
		{8A8EDA74-6344-487A-AD40-BBCAAD714661}.nuget_release|x86.ActiveCfg = nuget_release|Any CPU
		{8A8EDA74-6344-487A-AD40-BBCAAD714661}.nuget_release|x86.Build.0 = nuget_release|Any CPU
		{8A8EDA74-6344-487A-AD40-BBCAAD714661}.PlantMAT|Any CPU.ActiveCfg = PlantMAT|Any CPU
		{8A8EDA74-6344-487A-AD40-BBCAAD714661}.PlantMAT|Any CPU.Build.0 = PlantMAT|Any CPU
		{8A8EDA74-6344-487A-AD40-BBCAAD714661}.PlantMAT|x64.ActiveCfg = PlantMAT|x64
		{8A8EDA74-6344-487A-AD40-BBCAAD714661}.PlantMAT|x64.Build.0 = PlantMAT|x64
		{8A8EDA74-6344-487A-AD40-BBCAAD714661}.PlantMAT|x86.ActiveCfg = PlantMAT|Any CPU
		{8A8EDA74-6344-487A-AD40-BBCAAD714661}.PlantMAT|x86.Build.0 = PlantMAT|Any CPU
		{8A8EDA74-6344-487A-AD40-BBCAAD714661}.Release|Any CPU.ActiveCfg = Release|Any CPU
		{8A8EDA74-6344-487A-AD40-BBCAAD714661}.Release|Any CPU.Build.0 = Release|Any CPU
		{8A8EDA74-6344-487A-AD40-BBCAAD714661}.Release|x64.ActiveCfg = Release|x64
		{8A8EDA74-6344-487A-AD40-BBCAAD714661}.Release|x64.Build.0 = Release|x64
		{8A8EDA74-6344-487A-AD40-BBCAAD714661}.Release|x86.ActiveCfg = Release|Any CPU
		{8A8EDA74-6344-487A-AD40-BBCAAD714661}.Release|x86.Build.0 = Release|Any CPU
		{8A8EDA74-6344-487A-AD40-BBCAAD714661}.Rsharp_app_release|Any CPU.ActiveCfg = Rsharp_app_release|Any CPU
		{8A8EDA74-6344-487A-AD40-BBCAAD714661}.Rsharp_app_release|Any CPU.Build.0 = Rsharp_app_release|Any CPU
		{8A8EDA74-6344-487A-AD40-BBCAAD714661}.Rsharp_app_release|x64.ActiveCfg = Rsharp_app_release|x64
		{8A8EDA74-6344-487A-AD40-BBCAAD714661}.Rsharp_app_release|x64.Build.0 = Rsharp_app_release|x64
		{8A8EDA74-6344-487A-AD40-BBCAAD714661}.Rsharp_app_release|x86.ActiveCfg = Rsharp_app_release|Any CPU
		{8A8EDA74-6344-487A-AD40-BBCAAD714661}.Rsharp_app_release|x86.Build.0 = Rsharp_app_release|Any CPU
		{AEBE7094-9348-4F9A-8500-CF5CF384E667}.CFD_win32|Any CPU.ActiveCfg = CFD_win32|Any CPU
		{AEBE7094-9348-4F9A-8500-CF5CF384E667}.CFD_win32|Any CPU.Build.0 = CFD_win32|Any CPU
		{AEBE7094-9348-4F9A-8500-CF5CF384E667}.CFD_win32|x64.ActiveCfg = CFD_win32|x64
		{AEBE7094-9348-4F9A-8500-CF5CF384E667}.CFD_win32|x64.Build.0 = CFD_win32|x64
		{AEBE7094-9348-4F9A-8500-CF5CF384E667}.CFD_win32|x86.ActiveCfg = CFD_win32|x86
		{AEBE7094-9348-4F9A-8500-CF5CF384E667}.CFD_win32|x86.Build.0 = CFD_win32|x86
		{AEBE7094-9348-4F9A-8500-CF5CF384E667}.Debug|Any CPU.ActiveCfg = Debug|Any CPU
		{AEBE7094-9348-4F9A-8500-CF5CF384E667}.Debug|Any CPU.Build.0 = Debug|Any CPU
		{AEBE7094-9348-4F9A-8500-CF5CF384E667}.Debug|x64.ActiveCfg = Debug|x64
		{AEBE7094-9348-4F9A-8500-CF5CF384E667}.Debug|x64.Build.0 = Debug|x64
		{AEBE7094-9348-4F9A-8500-CF5CF384E667}.Debug|x86.ActiveCfg = Debug|x86
		{AEBE7094-9348-4F9A-8500-CF5CF384E667}.Debug|x86.Build.0 = Debug|x86
		{AEBE7094-9348-4F9A-8500-CF5CF384E667}.Docker|Any CPU.ActiveCfg = Docker|Any CPU
		{AEBE7094-9348-4F9A-8500-CF5CF384E667}.Docker|Any CPU.Build.0 = Docker|Any CPU
		{AEBE7094-9348-4F9A-8500-CF5CF384E667}.Docker|x64.ActiveCfg = Docker|x64
		{AEBE7094-9348-4F9A-8500-CF5CF384E667}.Docker|x64.Build.0 = Docker|x64
		{AEBE7094-9348-4F9A-8500-CF5CF384E667}.Docker|x86.ActiveCfg = Docker|x86
		{AEBE7094-9348-4F9A-8500-CF5CF384E667}.Docker|x86.Build.0 = Docker|x86
		{AEBE7094-9348-4F9A-8500-CF5CF384E667}.gcmodeller_desktop|Any CPU.ActiveCfg = gcmodeller_desktop|Any CPU
		{AEBE7094-9348-4F9A-8500-CF5CF384E667}.gcmodeller_desktop|Any CPU.Build.0 = gcmodeller_desktop|Any CPU
		{AEBE7094-9348-4F9A-8500-CF5CF384E667}.gcmodeller_desktop|x64.ActiveCfg = gcmodeller_desktop|x64
		{AEBE7094-9348-4F9A-8500-CF5CF384E667}.gcmodeller_desktop|x64.Build.0 = gcmodeller_desktop|x64
		{AEBE7094-9348-4F9A-8500-CF5CF384E667}.gcmodeller_desktop|x86.ActiveCfg = gcmodeller_desktop|x86
		{AEBE7094-9348-4F9A-8500-CF5CF384E667}.gcmodeller_desktop|x86.Build.0 = gcmodeller_desktop|x86
		{AEBE7094-9348-4F9A-8500-CF5CF384E667}.LipidSearch|Any CPU.ActiveCfg = LipidSearch|Any CPU
		{AEBE7094-9348-4F9A-8500-CF5CF384E667}.LipidSearch|Any CPU.Build.0 = LipidSearch|Any CPU
		{AEBE7094-9348-4F9A-8500-CF5CF384E667}.LipidSearch|x64.ActiveCfg = LipidSearch|x64
		{AEBE7094-9348-4F9A-8500-CF5CF384E667}.LipidSearch|x64.Build.0 = LipidSearch|x64
		{AEBE7094-9348-4F9A-8500-CF5CF384E667}.LipidSearch|x86.ActiveCfg = LipidSearch|x86
		{AEBE7094-9348-4F9A-8500-CF5CF384E667}.LipidSearch|x86.Build.0 = LipidSearch|x86
		{AEBE7094-9348-4F9A-8500-CF5CF384E667}.mzkit_win32|Any CPU.ActiveCfg = mzkit_win32|Any CPU
		{AEBE7094-9348-4F9A-8500-CF5CF384E667}.mzkit_win32|Any CPU.Build.0 = mzkit_win32|Any CPU
		{AEBE7094-9348-4F9A-8500-CF5CF384E667}.mzkit_win32|x64.ActiveCfg = mzkit_win32|x64
		{AEBE7094-9348-4F9A-8500-CF5CF384E667}.mzkit_win32|x64.Build.0 = mzkit_win32|x64
		{AEBE7094-9348-4F9A-8500-CF5CF384E667}.mzkit_win32|x86.ActiveCfg = mzkit_win32|x86
		{AEBE7094-9348-4F9A-8500-CF5CF384E667}.mzkit_win32|x86.Build.0 = mzkit_win32|x86
		{AEBE7094-9348-4F9A-8500-CF5CF384E667}.mzkit|Any CPU.ActiveCfg = mzkit|Any CPU
		{AEBE7094-9348-4F9A-8500-CF5CF384E667}.mzkit|Any CPU.Build.0 = mzkit|Any CPU
		{AEBE7094-9348-4F9A-8500-CF5CF384E667}.mzkit|x64.ActiveCfg = mzkit|x64
		{AEBE7094-9348-4F9A-8500-CF5CF384E667}.mzkit|x64.Build.0 = mzkit|x64
		{AEBE7094-9348-4F9A-8500-CF5CF384E667}.mzkit|x86.ActiveCfg = mzkit|x86
		{AEBE7094-9348-4F9A-8500-CF5CF384E667}.mzkit|x86.Build.0 = mzkit|x86
		{AEBE7094-9348-4F9A-8500-CF5CF384E667}.NPSearch|Any CPU.ActiveCfg = NPSearch|Any CPU
		{AEBE7094-9348-4F9A-8500-CF5CF384E667}.NPSearch|Any CPU.Build.0 = NPSearch|Any CPU
		{AEBE7094-9348-4F9A-8500-CF5CF384E667}.NPSearch|x64.ActiveCfg = NPSearch|x64
		{AEBE7094-9348-4F9A-8500-CF5CF384E667}.NPSearch|x64.Build.0 = NPSearch|x64
		{AEBE7094-9348-4F9A-8500-CF5CF384E667}.NPSearch|x86.ActiveCfg = NPSearch|x86
		{AEBE7094-9348-4F9A-8500-CF5CF384E667}.NPSearch|x86.Build.0 = NPSearch|x86
		{AEBE7094-9348-4F9A-8500-CF5CF384E667}.nuget_release|Any CPU.ActiveCfg = nuget_release|Any CPU
		{AEBE7094-9348-4F9A-8500-CF5CF384E667}.nuget_release|Any CPU.Build.0 = nuget_release|Any CPU
		{AEBE7094-9348-4F9A-8500-CF5CF384E667}.nuget_release|x64.ActiveCfg = nuget_release|x64
		{AEBE7094-9348-4F9A-8500-CF5CF384E667}.nuget_release|x64.Build.0 = nuget_release|x64
		{AEBE7094-9348-4F9A-8500-CF5CF384E667}.nuget_release|x86.ActiveCfg = nuget_release|x86
		{AEBE7094-9348-4F9A-8500-CF5CF384E667}.nuget_release|x86.Build.0 = nuget_release|x86
		{AEBE7094-9348-4F9A-8500-CF5CF384E667}.PlantMAT|Any CPU.ActiveCfg = PlantMAT|Any CPU
		{AEBE7094-9348-4F9A-8500-CF5CF384E667}.PlantMAT|Any CPU.Build.0 = PlantMAT|Any CPU
		{AEBE7094-9348-4F9A-8500-CF5CF384E667}.PlantMAT|x64.ActiveCfg = PlantMAT|x64
		{AEBE7094-9348-4F9A-8500-CF5CF384E667}.PlantMAT|x64.Build.0 = PlantMAT|x64
		{AEBE7094-9348-4F9A-8500-CF5CF384E667}.PlantMAT|x86.ActiveCfg = PlantMAT|x86
		{AEBE7094-9348-4F9A-8500-CF5CF384E667}.PlantMAT|x86.Build.0 = PlantMAT|x86
		{AEBE7094-9348-4F9A-8500-CF5CF384E667}.Release|Any CPU.ActiveCfg = Release|Any CPU
		{AEBE7094-9348-4F9A-8500-CF5CF384E667}.Release|Any CPU.Build.0 = Release|Any CPU
		{AEBE7094-9348-4F9A-8500-CF5CF384E667}.Release|x64.ActiveCfg = Release|x64
		{AEBE7094-9348-4F9A-8500-CF5CF384E667}.Release|x64.Build.0 = Release|x64
		{AEBE7094-9348-4F9A-8500-CF5CF384E667}.Release|x86.ActiveCfg = Release|x86
		{AEBE7094-9348-4F9A-8500-CF5CF384E667}.Release|x86.Build.0 = Release|x86
		{AEBE7094-9348-4F9A-8500-CF5CF384E667}.Rsharp_app_release|Any CPU.ActiveCfg = Rsharp_app_release|Any CPU
		{AEBE7094-9348-4F9A-8500-CF5CF384E667}.Rsharp_app_release|Any CPU.Build.0 = Rsharp_app_release|Any CPU
		{AEBE7094-9348-4F9A-8500-CF5CF384E667}.Rsharp_app_release|x64.ActiveCfg = Rsharp_app_release|x64
		{AEBE7094-9348-4F9A-8500-CF5CF384E667}.Rsharp_app_release|x64.Build.0 = Rsharp_app_release|x64
		{AEBE7094-9348-4F9A-8500-CF5CF384E667}.Rsharp_app_release|x86.ActiveCfg = Rsharp_app_release|x86
		{AEBE7094-9348-4F9A-8500-CF5CF384E667}.Rsharp_app_release|x86.Build.0 = Rsharp_app_release|x86
		{F2F350D6-9888-4DD6-999C-B29773C19086}.CFD_win32|Any CPU.ActiveCfg = Debug|Any CPU
		{F2F350D6-9888-4DD6-999C-B29773C19086}.CFD_win32|Any CPU.Build.0 = Debug|Any CPU
		{F2F350D6-9888-4DD6-999C-B29773C19086}.CFD_win32|x64.ActiveCfg = Debug|Any CPU
		{F2F350D6-9888-4DD6-999C-B29773C19086}.CFD_win32|x64.Build.0 = Debug|Any CPU
		{F2F350D6-9888-4DD6-999C-B29773C19086}.CFD_win32|x86.ActiveCfg = Debug|Any CPU
		{F2F350D6-9888-4DD6-999C-B29773C19086}.CFD_win32|x86.Build.0 = Debug|Any CPU
		{F2F350D6-9888-4DD6-999C-B29773C19086}.Debug|Any CPU.ActiveCfg = Debug|Any CPU
		{F2F350D6-9888-4DD6-999C-B29773C19086}.Debug|Any CPU.Build.0 = Debug|Any CPU
		{F2F350D6-9888-4DD6-999C-B29773C19086}.Debug|x64.ActiveCfg = Debug|x64
		{F2F350D6-9888-4DD6-999C-B29773C19086}.Debug|x64.Build.0 = Debug|x64
		{F2F350D6-9888-4DD6-999C-B29773C19086}.Debug|x86.ActiveCfg = Debug|x86
		{F2F350D6-9888-4DD6-999C-B29773C19086}.Debug|x86.Build.0 = Debug|x86
		{F2F350D6-9888-4DD6-999C-B29773C19086}.Docker|Any CPU.ActiveCfg = Debug|Any CPU
		{F2F350D6-9888-4DD6-999C-B29773C19086}.Docker|Any CPU.Build.0 = Debug|Any CPU
		{F2F350D6-9888-4DD6-999C-B29773C19086}.Docker|x64.ActiveCfg = Debug|Any CPU
		{F2F350D6-9888-4DD6-999C-B29773C19086}.Docker|x64.Build.0 = Debug|Any CPU
		{F2F350D6-9888-4DD6-999C-B29773C19086}.Docker|x86.ActiveCfg = Debug|Any CPU
		{F2F350D6-9888-4DD6-999C-B29773C19086}.Docker|x86.Build.0 = Debug|Any CPU
		{F2F350D6-9888-4DD6-999C-B29773C19086}.gcmodeller_desktop|Any CPU.ActiveCfg = Debug|Any CPU
		{F2F350D6-9888-4DD6-999C-B29773C19086}.gcmodeller_desktop|Any CPU.Build.0 = Debug|Any CPU
		{F2F350D6-9888-4DD6-999C-B29773C19086}.gcmodeller_desktop|x64.ActiveCfg = Debug|Any CPU
		{F2F350D6-9888-4DD6-999C-B29773C19086}.gcmodeller_desktop|x64.Build.0 = Debug|Any CPU
		{F2F350D6-9888-4DD6-999C-B29773C19086}.gcmodeller_desktop|x86.ActiveCfg = Debug|Any CPU
		{F2F350D6-9888-4DD6-999C-B29773C19086}.gcmodeller_desktop|x86.Build.0 = Debug|Any CPU
		{F2F350D6-9888-4DD6-999C-B29773C19086}.LipidSearch|Any CPU.ActiveCfg = Debug|Any CPU
		{F2F350D6-9888-4DD6-999C-B29773C19086}.LipidSearch|Any CPU.Build.0 = Debug|Any CPU
		{F2F350D6-9888-4DD6-999C-B29773C19086}.LipidSearch|x64.ActiveCfg = Debug|Any CPU
		{F2F350D6-9888-4DD6-999C-B29773C19086}.LipidSearch|x64.Build.0 = Debug|Any CPU
		{F2F350D6-9888-4DD6-999C-B29773C19086}.LipidSearch|x86.ActiveCfg = Debug|Any CPU
		{F2F350D6-9888-4DD6-999C-B29773C19086}.LipidSearch|x86.Build.0 = Debug|Any CPU
		{F2F350D6-9888-4DD6-999C-B29773C19086}.mzkit_win32|Any CPU.ActiveCfg = Debug|Any CPU
		{F2F350D6-9888-4DD6-999C-B29773C19086}.mzkit_win32|Any CPU.Build.0 = Debug|Any CPU
		{F2F350D6-9888-4DD6-999C-B29773C19086}.mzkit_win32|x64.ActiveCfg = Debug|Any CPU
		{F2F350D6-9888-4DD6-999C-B29773C19086}.mzkit_win32|x64.Build.0 = Debug|Any CPU
		{F2F350D6-9888-4DD6-999C-B29773C19086}.mzkit_win32|x86.ActiveCfg = Debug|Any CPU
		{F2F350D6-9888-4DD6-999C-B29773C19086}.mzkit_win32|x86.Build.0 = Debug|Any CPU
		{F2F350D6-9888-4DD6-999C-B29773C19086}.mzkit|Any CPU.ActiveCfg = Debug|Any CPU
		{F2F350D6-9888-4DD6-999C-B29773C19086}.mzkit|Any CPU.Build.0 = Debug|Any CPU
		{F2F350D6-9888-4DD6-999C-B29773C19086}.mzkit|x64.ActiveCfg = Debug|Any CPU
		{F2F350D6-9888-4DD6-999C-B29773C19086}.mzkit|x64.Build.0 = Debug|Any CPU
		{F2F350D6-9888-4DD6-999C-B29773C19086}.mzkit|x86.ActiveCfg = Debug|Any CPU
		{F2F350D6-9888-4DD6-999C-B29773C19086}.mzkit|x86.Build.0 = Debug|Any CPU
		{F2F350D6-9888-4DD6-999C-B29773C19086}.NPSearch|Any CPU.ActiveCfg = Debug|Any CPU
		{F2F350D6-9888-4DD6-999C-B29773C19086}.NPSearch|Any CPU.Build.0 = Debug|Any CPU
		{F2F350D6-9888-4DD6-999C-B29773C19086}.NPSearch|x64.ActiveCfg = Debug|Any CPU
		{F2F350D6-9888-4DD6-999C-B29773C19086}.NPSearch|x64.Build.0 = Debug|Any CPU
		{F2F350D6-9888-4DD6-999C-B29773C19086}.NPSearch|x86.ActiveCfg = Debug|Any CPU
		{F2F350D6-9888-4DD6-999C-B29773C19086}.NPSearch|x86.Build.0 = Debug|Any CPU
		{F2F350D6-9888-4DD6-999C-B29773C19086}.nuget_release|Any CPU.ActiveCfg = Debug|Any CPU
		{F2F350D6-9888-4DD6-999C-B29773C19086}.nuget_release|Any CPU.Build.0 = Debug|Any CPU
		{F2F350D6-9888-4DD6-999C-B29773C19086}.nuget_release|x64.ActiveCfg = Debug|Any CPU
		{F2F350D6-9888-4DD6-999C-B29773C19086}.nuget_release|x64.Build.0 = Debug|Any CPU
		{F2F350D6-9888-4DD6-999C-B29773C19086}.nuget_release|x86.ActiveCfg = Debug|Any CPU
		{F2F350D6-9888-4DD6-999C-B29773C19086}.nuget_release|x86.Build.0 = Debug|Any CPU
		{F2F350D6-9888-4DD6-999C-B29773C19086}.PlantMAT|Any CPU.ActiveCfg = Debug|Any CPU
		{F2F350D6-9888-4DD6-999C-B29773C19086}.PlantMAT|Any CPU.Build.0 = Debug|Any CPU
		{F2F350D6-9888-4DD6-999C-B29773C19086}.PlantMAT|x64.ActiveCfg = Debug|Any CPU
		{F2F350D6-9888-4DD6-999C-B29773C19086}.PlantMAT|x64.Build.0 = Debug|Any CPU
		{F2F350D6-9888-4DD6-999C-B29773C19086}.PlantMAT|x86.ActiveCfg = Debug|Any CPU
		{F2F350D6-9888-4DD6-999C-B29773C19086}.PlantMAT|x86.Build.0 = Debug|Any CPU
		{F2F350D6-9888-4DD6-999C-B29773C19086}.Release|Any CPU.ActiveCfg = Release|Any CPU
		{F2F350D6-9888-4DD6-999C-B29773C19086}.Release|Any CPU.Build.0 = Release|Any CPU
		{F2F350D6-9888-4DD6-999C-B29773C19086}.Release|x64.ActiveCfg = Release|Any CPU
		{F2F350D6-9888-4DD6-999C-B29773C19086}.Release|x64.Build.0 = Release|Any CPU
		{F2F350D6-9888-4DD6-999C-B29773C19086}.Release|x86.ActiveCfg = Release|Any CPU
		{F2F350D6-9888-4DD6-999C-B29773C19086}.Release|x86.Build.0 = Release|Any CPU
		{F2F350D6-9888-4DD6-999C-B29773C19086}.Rsharp_app_release|Any CPU.ActiveCfg = Release|Any CPU
		{F2F350D6-9888-4DD6-999C-B29773C19086}.Rsharp_app_release|Any CPU.Build.0 = Release|Any CPU
		{F2F350D6-9888-4DD6-999C-B29773C19086}.Rsharp_app_release|x64.ActiveCfg = Release|Any CPU
		{F2F350D6-9888-4DD6-999C-B29773C19086}.Rsharp_app_release|x64.Build.0 = Release|Any CPU
		{F2F350D6-9888-4DD6-999C-B29773C19086}.Rsharp_app_release|x86.ActiveCfg = Release|Any CPU
		{F2F350D6-9888-4DD6-999C-B29773C19086}.Rsharp_app_release|x86.Build.0 = Release|Any CPU
	EndGlobalSection
	GlobalSection(SolutionProperties) = preSolution
		HideSolutionNode = FALSE
	EndGlobalSection
	GlobalSection(NestedProjects) = preSolution
		{8A8EDA74-6344-487A-AD40-BBCAAD714661} = {00F39163-0F47-4A3D-8F41-DE5522E90484}
		{AEBE7094-9348-4F9A-8500-CF5CF384E667} = {00F39163-0F47-4A3D-8F41-DE5522E90484}
	EndGlobalSection
	GlobalSection(ExtensibilityGlobals) = postSolution
		SolutionGuid = {9CAF499A-8F14-40B8-A571-58C24F3C948E}
	EndGlobalSection
EndGlobal
