<Solution>
  <Configurations>
    <BuildType Name="Debug" />
    <BuildType Name="Release" />
    <BuildType Name="Rsharp_app_release" />
    <Platform Name="Any CPU" />
    <Platform Name="x64" />
  </Configurations>
  <Folder Name="/framework/">
    <Project Path="../../../sciBASIC#/Data/BinaryData/BinaryData/binarydata-netcore5.vbproj">
      <Platform Solution="*|x64" Project="x64" />
    </Project>
    <Project Path="../../../sciBASIC#/Microsoft.VisualBasic.Core/src/Core.vbproj">
      <Platform Solution="*|x64" Project="x64" />
    </Project>
  </Folder>
  <Project Path="BucketDb/BucketDb.vbproj">
    <Platform Solution="*|x64" Project="x64" />
  </Project>
  <Project Path="BucketDb/test/test.vbproj">
    <BuildType Solution="Rsharp_app_release|*" Project="Release" />
  </Project>
</Solution>
